// !$*UTF8*$!
{
	archiveVersion = 1;
	classes = {
	};
	objectVersion = 50;
	objects = {

/* Begin PBXBuildFile section */
		2D007F2A27E24BA300F0E359 /* DeckPositionResponseAction.swift in Sources */ = {isa = PBXBuildFile; fileRef = 2D007F2927E24BA300F0E359 /* DeckPositionResponseAction.swift */; };
		2D007F3627E24CF700F0E359 /* DeckPositionView.swift in Sources */ = {isa = PBXBuildFile; fileRef = 2D007F3527E24CF700F0E359 /* DeckPositionView.swift */; };
		2D007F4927E331D800F0E359 /* PlayerPlayCondition.swift in Sources */ = {isa = PBXBuildFile; fileRef = 2D007F4827E331D800F0E359 /* PlayerPlayCondition.swift */; };
		2D007F4E27E3338000F0E359 /* ExplodingKittensPlayerPlayCondition.swift in Sources */ = {isa = PBXBuildFile; fileRef = 2D007F4D27E3338000F0E359 /* ExplodingKittensPlayerPlayCondition.swift */; };
		2D007F5427E3376600F0E359 /* IsCurrentPlayerPlayCondition.swift in Sources */ = {isa = PBXBuildFile; fileRef = 2D007F5327E3376600F0E359 /* IsCurrentPlayerPlayCondition.swift */; };
		2D007F6727E34C7000F0E359 /* ExplodingKittensUtils.swift in Sources */ = {isa = PBXBuildFile; fileRef = 2D007F6627E34C7000F0E359 /* ExplodingKittensUtils.swift */; };
		2DA04F3327DADD500063D952 /* CardBoxApp.swift in Sources */ = {isa = PBXBuildFile; fileRef = 2DA04F3227DADD500063D952 /* CardBoxApp.swift */; };
		2DA04F3527DADD500063D952 /* ContentView.swift in Sources */ = {isa = PBXBuildFile; fileRef = 2DA04F3427DADD500063D952 /* ContentView.swift */; };
		2DA04F3727DADD520063D952 /* Assets.xcassets in Resources */ = {isa = PBXBuildFile; fileRef = 2DA04F3627DADD520063D952 /* Assets.xcassets */; };
		2DA04F3A27DADD520063D952 /* Preview Assets.xcassets in Resources */ = {isa = PBXBuildFile; fileRef = 2DA04F3927DADD520063D952 /* Preview Assets.xcassets */; };
		2DA04F4527DADD520063D952 /* CardBoxTests.swift in Sources */ = {isa = PBXBuildFile; fileRef = 2DA04F4427DADD520063D952 /* CardBoxTests.swift */; };
		2DA04F5027DADD520063D952 /* CardBoxUITests.swift in Sources */ = {isa = PBXBuildFile; fileRef = 2DA04F4F27DADD520063D952 /* CardBoxUITests.swift */; };
		2DA04F6227DAE3AD0063D952 /* GameRunner.swift in Sources */ = {isa = PBXBuildFile; fileRef = 2DA04F6127DAE3AD0063D952 /* GameRunner.swift */; };
		2DA04F6F27DAE6320063D952 /* Action.swift in Sources */ = {isa = PBXBuildFile; fileRef = 2DA04F6E27DAE6320063D952 /* Action.swift */; };
		2DA04F7427DAE6A20063D952 /* GameRunnerReadOnly.swift in Sources */ = {isa = PBXBuildFile; fileRef = 2DA04F7327DAE6A20063D952 /* GameRunnerReadOnly.swift */; };
		2DA04F7927DAE9540063D952 /* CardCollection.swift in Sources */ = {isa = PBXBuildFile; fileRef = 2DA04F7827DAE9540063D952 /* CardCollection.swift */; };
		2DA04F7E27DAE9930063D952 /* Card.swift in Sources */ = {isa = PBXBuildFile; fileRef = 2DA04F7D27DAE9930063D952 /* Card.swift */; };
		2DA04F8327DAFF690063D952 /* GameState.swift in Sources */ = {isa = PBXBuildFile; fileRef = 2DA04F8227DAFF690063D952 /* GameState.swift */; };
		2DA04F9527DAFFC30063D952 /* Player.swift in Sources */ = {isa = PBXBuildFile; fileRef = 2DA04F9427DAFFC30063D952 /* Player.swift */; };
		2DA04FD427DB512E0063D952 /* CardAction.swift in Sources */ = {isa = PBXBuildFile; fileRef = 2DA04FD327DB512E0063D952 /* CardAction.swift */; };
		2DA04FD927DBBA160063D952 /* ExplodingKittensGameRunnerInitialiser.swift in Sources */ = {isa = PBXBuildFile; fileRef = 2DA04FD827DBBA160063D952 /* ExplodingKittensGameRunnerInitialiser.swift */; };
		2DA04FDF27DBBDFE0063D952 /* AddCardToDeckAction.swift in Sources */ = {isa = PBXBuildFile; fileRef = 2DA04FDE27DBBDFE0063D952 /* AddCardToDeckAction.swift */; };
		2DA04FF127DBBF880063D952 /* DisplayMessageAction.swift in Sources */ = {isa = PBXBuildFile; fileRef = 2DA04FF027DBBF880063D952 /* DisplayMessageAction.swift */; };
		2DA04FFE27DBC9120063D952 /* InitPlayerAction.swift in Sources */ = {isa = PBXBuildFile; fileRef = 2DA04FFD27DBC9120063D952 /* InitPlayerAction.swift */; };
		2DA0500327DC388A0063D952 /* ConditionalAction.swift in Sources */ = {isa = PBXBuildFile; fileRef = 2DA0500227DC388A0063D952 /* ConditionalAction.swift */; };
		2DA0500D27DC3D390063D952 /* PlayerOutOfGameCardAction.swift in Sources */ = {isa = PBXBuildFile; fileRef = 2DA0500C27DC3D390063D952 /* PlayerOutOfGameCardAction.swift */; };
		2DA0502127DC3FE60063D952 /* DisplayCardsAction.swift in Sources */ = {isa = PBXBuildFile; fileRef = 2DA0502027DC3FE60063D952 /* DisplayCardsAction.swift */; };
		2DA0502827DC41EA0063D952 /* DisplayTopNCardsFromDeckCardAction.swift in Sources */ = {isa = PBXBuildFile; fileRef = 2DA0502727DC41EA0063D952 /* DisplayTopNCardsFromDeckCardAction.swift */; };
		2DA0502D27DC436F0063D952 /* DistributeCardsToPlayerAction.swift in Sources */ = {isa = PBXBuildFile; fileRef = 2DA0502C27DC436F0063D952 /* DistributeCardsToPlayerAction.swift */; };
		2DA0503227DC44F60063D952 /* DrawCardFromDeckToCurrentPlayerAction.swift in Sources */ = {isa = PBXBuildFile; fileRef = 2DA0503127DC44F60063D952 /* DrawCardFromDeckToCurrentPlayerAction.swift */; };
		2DA0504427DC4B130063D952 /* MoveCardPlayerToGameplayEvent.swift in Sources */ = {isa = PBXBuildFile; fileRef = 2DA0503C27DC4B130063D952 /* MoveCardPlayerToGameplayEvent.swift */; };
		2DA0504527DC4B130063D952 /* MoveCardDeckToPlayerEvent.swift in Sources */ = {isa = PBXBuildFile; fileRef = 2DA0503D27DC4B130063D952 /* MoveCardDeckToPlayerEvent.swift */; };
		2DA0504627DC4B130063D952 /* AddPlayerEvent.swift in Sources */ = {isa = PBXBuildFile; fileRef = 2DA0503E27DC4B130063D952 /* AddPlayerEvent.swift */; };
		2DA0504827DC4B130063D952 /* ShuffleDeckEvent.swift in Sources */ = {isa = PBXBuildFile; fileRef = 2DA0504027DC4B130063D952 /* ShuffleDeckEvent.swift */; };
		2DA0504927DC4B130063D952 /* AddCardToDeckEvent.swift in Sources */ = {isa = PBXBuildFile; fileRef = 2DA0504127DC4B130063D952 /* AddCardToDeckEvent.swift */; };
		2DA0504A27DC4B130063D952 /* AddCardToPlayerEvent.swift in Sources */ = {isa = PBXBuildFile; fileRef = 2DA0504227DC4B130063D952 /* AddCardToPlayerEvent.swift */; };
		2DA0504B27DC4B130063D952 /* SetCurrentPlayerEvent.swift in Sources */ = {isa = PBXBuildFile; fileRef = 2DA0504327DC4B130063D952 /* SetCurrentPlayerEvent.swift */; };
		2DA0505327DC4B460063D952 /* GameEvent.swift in Sources */ = {isa = PBXBuildFile; fileRef = 2DA0505227DC4B460063D952 /* GameEvent.swift */; };
		2DA0505827DC4BDE0063D952 /* DisplayCardsEvent.swift in Sources */ = {isa = PBXBuildFile; fileRef = 2DA0505727DC4BDE0063D952 /* DisplayCardsEvent.swift */; };
		2DA0505D27DC4C1F0063D952 /* DisplayMessageEvent.swift in Sources */ = {isa = PBXBuildFile; fileRef = 2DA0505C27DC4C1F0063D952 /* DisplayMessageEvent.swift */; };
		2DA0506227DC4CF50063D952 /* SetPlayerOutOfGameEvent.swift in Sources */ = {isa = PBXBuildFile; fileRef = 2DA0506127DC4CF50063D952 /* SetPlayerOutOfGameEvent.swift */; };
		2DA0506727DC4EEE0063D952 /* EndTurnAction.swift in Sources */ = {isa = PBXBuildFile; fileRef = 2DA0506627DC4EEE0063D952 /* EndTurnAction.swift */; };
		2DA0506C27DC90070063D952 /* PlayCardAction.swift in Sources */ = {isa = PBXBuildFile; fileRef = 2DA0506B27DC90070063D952 /* PlayCardAction.swift */; };
		2DA0507E27DC9AB60063D952 /* SetGameStateEvent.swift in Sources */ = {isa = PBXBuildFile; fileRef = 2DA0507D27DC9AB60063D952 /* SetGameStateEvent.swift */; };
		2DA0508327DC9B970063D952 /* SetupGameAction.swift in Sources */ = {isa = PBXBuildFile; fileRef = 2DA0508227DC9B970063D952 /* SetupGameAction.swift */; };
		2DA0508827DC9CAB0063D952 /* SetupEvent.swift in Sources */ = {isa = PBXBuildFile; fileRef = 2DA0508727DC9CAB0063D952 /* SetupEvent.swift */; };
		2DA0508D27DC9D100063D952 /* StartTurnEvent.swift in Sources */ = {isa = PBXBuildFile; fileRef = 2DA0508C27DC9D100063D952 /* StartTurnEvent.swift */; };
		2DA0509227DC9D4A0063D952 /* EndTurnEvent.swift in Sources */ = {isa = PBXBuildFile; fileRef = 2DA0509127DC9D4A0063D952 /* EndTurnEvent.swift */; };
		2DA0509E27DC9F780063D952 /* GameRunnerView.swift in Sources */ = {isa = PBXBuildFile; fileRef = 2DA0509D27DC9F780063D952 /* GameRunnerView.swift */; };
		2DA050A327DE58250063D952 /* ActionDispatcher.swift in Sources */ = {isa = PBXBuildFile; fileRef = 2DA050A227DE58250063D952 /* ActionDispatcher.swift */; };
		2DA050A827DE5B4B0063D952 /* ShuffleDeckAction.swift in Sources */ = {isa = PBXBuildFile; fileRef = 2DA050A727DE5B4B0063D952 /* ShuffleDeckAction.swift */; };
		2DA050AD27DE5D570063D952 /* CardView.swift in Sources */ = {isa = PBXBuildFile; fileRef = 2DA050AC27DE5D570063D952 /* CardView.swift */; };
		2DA050B227DE5D760063D952 /* CardViewModel.swift in Sources */ = {isa = PBXBuildFile; fileRef = 2DA050B127DE5D760063D952 /* CardViewModel.swift */; };
		2DA050B727DE5EC70063D952 /* PlayerView.swift in Sources */ = {isa = PBXBuildFile; fileRef = 2DA050B627DE5EC70063D952 /* PlayerView.swift */; };
		2DA050BC27DE5ED90063D952 /* PlayerViewModel.swift in Sources */ = {isa = PBXBuildFile; fileRef = 2DA050BB27DE5ED90063D952 /* PlayerViewModel.swift */; };
		2DA050C127DEEB180063D952 /* PlayerCollection.swift in Sources */ = {isa = PBXBuildFile; fileRef = 2DA050C027DEEB180063D952 /* PlayerCollection.swift */; };
		2DA050DA27DEFD1F0063D952 /* IncrementPlayerCardsPlayedEvent.swift in Sources */ = {isa = PBXBuildFile; fileRef = 2DA050D927DEFD1F0063D952 /* IncrementPlayerCardsPlayedEvent.swift */; };
		2DA050DF27DEFDE80063D952 /* ResetPlayerCardsPlayedEvent.swift in Sources */ = {isa = PBXBuildFile; fileRef = 2DA050DE27DEFDE80063D952 /* ResetPlayerCardsPlayedEvent.swift */; };
		2DA050FC27DF41FD0063D952 /* ExplodingKittensCardType.swift in Sources */ = {isa = PBXBuildFile; fileRef = 2DA050FB27DF41FD0063D952 /* ExplodingKittensCardType.swift */; };
		2DA0511C27E1934B0063D952 /* GameRunnerInitOnly.swift in Sources */ = {isa = PBXBuildFile; fileRef = 2DA0511B27E1934B0063D952 /* GameRunnerInitOnly.swift */; };
		2DA0512127E197370063D952 /* GameRunnerUpdateOnly.swift in Sources */ = {isa = PBXBuildFile; fileRef = 2DA0512027E197370063D952 /* GameRunnerUpdateOnly.swift */; };
		2DA0514427E23E050063D952 /* DeckPositionRequestCardAction.swift in Sources */ = {isa = PBXBuildFile; fileRef = 2DA0514327E23E050063D952 /* DeckPositionRequestCardAction.swift */; };
		2DA0514C27E23E7A0063D952 /* DeckPositionRequestEvent.swift in Sources */ = {isa = PBXBuildFile; fileRef = 2DA0514B27E23E7A0063D952 /* DeckPositionRequestEvent.swift */; };
		4589AB1427DF2946005FDA07 /* MainMenuView.swift in Sources */ = {isa = PBXBuildFile; fileRef = 4589AB1327DF2946005FDA07 /* MainMenuView.swift */; };
		4589AB1627DF2EC2005FDA07 /* AssetFetcher.swift in Sources */ = {isa = PBXBuildFile; fileRef = 4589AB1527DF2EC2005FDA07 /* AssetFetcher.swift */; };
		4589AB1827DF3C5F005FDA07 /* PlayerHandView.swift in Sources */ = {isa = PBXBuildFile; fileRef = 4589AB1727DF3C5F005FDA07 /* PlayerHandView.swift */; };
		4589AB1A27DF3FB6005FDA07 /* PlayerHandViewModel.swift in Sources */ = {isa = PBXBuildFile; fileRef = 4589AB1927DF3FB6005FDA07 /* PlayerHandViewModel.swift */; };
		4589AB1C27E14AF3005FDA07 /* DeckView.swift in Sources */ = {isa = PBXBuildFile; fileRef = 4589AB1B27E14AF3005FDA07 /* DeckView.swift */; };
		4589AB1E27E14C00005FDA07 /* DeckViewModel.swift in Sources */ = {isa = PBXBuildFile; fileRef = 4589AB1D27E14C00005FDA07 /* DeckViewModel.swift */; };
		4E18ED0427DF182200458D0A /* ConditionalCardAction.swift in Sources */ = {isa = PBXBuildFile; fileRef = 4E18ED0327DF182200458D0A /* ConditionalCardAction.swift */; };
		4E18ED0627DF285F00458D0A /* PlayerDiscardCardsAction.swift in Sources */ = {isa = PBXBuildFile; fileRef = 4E18ED0527DF285F00458D0A /* PlayerDiscardCardsAction.swift */; };
		4E18ED0827DF2A5300458D0A /* PlayerDiscardCardEvent.swift in Sources */ = {isa = PBXBuildFile; fileRef = 4E18ED0727DF2A5300458D0A /* PlayerDiscardCardEvent.swift */; };
		4E18ED0A27DF2BD000458D0A /* MoveCardPlayerToDeckEvent.swift in Sources */ = {isa = PBXBuildFile; fileRef = 4E18ED0927DF2BD000458D0A /* MoveCardPlayerToDeckEvent.swift */; };
		4E18ED0C27DF2D4600458D0A /* PlayerInsertCardIntoDeckCardAction.swift in Sources */ = {isa = PBXBuildFile; fileRef = 4E18ED0B27DF2D4600458D0A /* PlayerInsertCardIntoDeckCardAction.swift */; };
		4E18ED0E27E1B27300458D0A /* AdvanceNextPlayerEvent.swift in Sources */ = {isa = PBXBuildFile; fileRef = 4E18ED0D27E1B27300458D0A /* AdvanceNextPlayerEvent.swift */; };
		4E94E70C27E1BFDA004ED4EF /* PlayerTakesNthCardFromPlayerCardAction.swift in Sources */ = {isa = PBXBuildFile; fileRef = 4E94E70B27E1BFDA004ED4EF /* PlayerTakesNthCardFromPlayerCardAction.swift */; };
		4E94E71027E4C1FE004ED4EF /* PlayCardComboAction.swift in Sources */ = {isa = PBXBuildFile; fileRef = 4E94E70F27E4C1FE004ED4EF /* PlayCardComboAction.swift */; };
		4E94E71227E4D7C1004ED4EF /* AddCardComboToDeckEvent.swift in Sources */ = {isa = PBXBuildFile; fileRef = 4E94E71127E4D7C1004ED4EF /* AddCardComboToDeckEvent.swift */; };
		4E94E71427E4F4A8004ED4EF /* PlayerTakenChosenCardFromPlayerCardAction.swift in Sources */ = {isa = PBXBuildFile; fileRef = 4E94E71327E4F4A8004ED4EF /* PlayerTakenChosenCardFromPlayerCardAction.swift */; };
		4E94E71627E4F883004ED4EF /* InitDeckWithCardsAction.swift in Sources */ = {isa = PBXBuildFile; fileRef = 4E94E71527E4F883004ED4EF /* InitDeckWithCardsAction.swift */; };
		4E94E71827E4FAE8004ED4EF /* PlayerTakesChosenCardFromGameplayCardAction.swift in Sources */ = {isa = PBXBuildFile; fileRef = 4E94E71727E4FAE8004ED4EF /* PlayerTakesChosenCardFromGameplayCardAction.swift */; };
		4E94E71A27E4FB61004ED4EF /* MoveCardGameplayToPlayerEvent.swift in Sources */ = {isa = PBXBuildFile; fileRef = 4E94E71927E4FB61004ED4EF /* MoveCardGameplayToPlayerEvent.swift */; };
		4E94E71C27E509BB004ED4EF /* MoveCardPlayerToPlayerEvent.swift in Sources */ = {isa = PBXBuildFile; fileRef = 4E94E71B27E509BB004ED4EF /* MoveCardPlayerToPlayerEvent.swift */; };
		4EBA47A327DEF71200EE5C74 /* ShuffleDeckCardAction.swift in Sources */ = {isa = PBXBuildFile; fileRef = 4EBA47A227DEF71200EE5C74 /* ShuffleDeckCardAction.swift */; };
		4EBA47A527DEFD0D00EE5C74 /* SkipTurnCardAction.swift in Sources */ = {isa = PBXBuildFile; fileRef = 4EBA47A427DEFD0D00EE5C74 /* SkipTurnCardAction.swift */; };
		4EBA47AB27DF149100EE5C74 /* GameRunnerInitialiser.swift in Sources */ = {isa = PBXBuildFile; fileRef = 4EBA47AA27DF149100EE5C74 /* GameRunnerInitialiser.swift */; };
		682AA3CD27DF1EB90034ED90 /* AddCardToPlayerAction.swift in Sources */ = {isa = PBXBuildFile; fileRef = 682AA3CC27DF1EB90034ED90 /* AddCardToPlayerAction.swift */; };
/* End PBXBuildFile section */

/* Begin PBXContainerItemProxy section */
		2DA04F4127DADD520063D952 /* PBXContainerItemProxy */ = {
			isa = PBXContainerItemProxy;
			containerPortal = 2DA04F2727DADD500063D952 /* Project object */;
			proxyType = 1;
			remoteGlobalIDString = 2DA04F2E27DADD500063D952;
			remoteInfo = CardBox;
		};
		2DA04F4C27DADD520063D952 /* PBXContainerItemProxy */ = {
			isa = PBXContainerItemProxy;
			containerPortal = 2DA04F2727DADD500063D952 /* Project object */;
			proxyType = 1;
			remoteGlobalIDString = 2DA04F2E27DADD500063D952;
			remoteInfo = CardBox;
		};
/* End PBXContainerItemProxy section */

/* Begin PBXFileReference section */
		2D007F2927E24BA300F0E359 /* DeckPositionResponseAction.swift */ = {isa = PBXFileReference; lastKnownFileType = sourcecode.swift; path = DeckPositionResponseAction.swift; sourceTree = "<group>"; };
		2D007F3527E24CF700F0E359 /* DeckPositionView.swift */ = {isa = PBXFileReference; lastKnownFileType = sourcecode.swift; path = DeckPositionView.swift; sourceTree = "<group>"; };
		2D007F4827E331D800F0E359 /* PlayerPlayCondition.swift */ = {isa = PBXFileReference; lastKnownFileType = sourcecode.swift; path = PlayerPlayCondition.swift; sourceTree = "<group>"; };
		2D007F4D27E3338000F0E359 /* ExplodingKittensPlayerPlayCondition.swift */ = {isa = PBXFileReference; lastKnownFileType = sourcecode.swift; path = ExplodingKittensPlayerPlayCondition.swift; sourceTree = "<group>"; };
		2D007F5327E3376600F0E359 /* IsCurrentPlayerPlayCondition.swift */ = {isa = PBXFileReference; lastKnownFileType = sourcecode.swift; path = IsCurrentPlayerPlayCondition.swift; sourceTree = "<group>"; };
		2D007F6627E34C7000F0E359 /* ExplodingKittensUtils.swift */ = {isa = PBXFileReference; lastKnownFileType = sourcecode.swift; path = ExplodingKittensUtils.swift; sourceTree = "<group>"; };
		2DA04F2F27DADD500063D952 /* CardBox.app */ = {isa = PBXFileReference; explicitFileType = wrapper.application; includeInIndex = 0; path = CardBox.app; sourceTree = BUILT_PRODUCTS_DIR; };
		2DA04F3227DADD500063D952 /* CardBoxApp.swift */ = {isa = PBXFileReference; lastKnownFileType = sourcecode.swift; path = CardBoxApp.swift; sourceTree = "<group>"; };
		2DA04F3427DADD500063D952 /* ContentView.swift */ = {isa = PBXFileReference; lastKnownFileType = sourcecode.swift; path = ContentView.swift; sourceTree = "<group>"; };
		2DA04F3627DADD520063D952 /* Assets.xcassets */ = {isa = PBXFileReference; lastKnownFileType = folder.assetcatalog; path = Assets.xcassets; sourceTree = "<group>"; };
		2DA04F3927DADD520063D952 /* Preview Assets.xcassets */ = {isa = PBXFileReference; lastKnownFileType = folder.assetcatalog; path = "Preview Assets.xcassets"; sourceTree = "<group>"; };
		2DA04F3B27DADD520063D952 /* Info.plist */ = {isa = PBXFileReference; lastKnownFileType = text.plist.xml; path = Info.plist; sourceTree = "<group>"; };
		2DA04F4027DADD520063D952 /* CardBoxTests.xctest */ = {isa = PBXFileReference; explicitFileType = wrapper.cfbundle; includeInIndex = 0; path = CardBoxTests.xctest; sourceTree = BUILT_PRODUCTS_DIR; };
		2DA04F4427DADD520063D952 /* CardBoxTests.swift */ = {isa = PBXFileReference; lastKnownFileType = sourcecode.swift; path = CardBoxTests.swift; sourceTree = "<group>"; };
		2DA04F4627DADD520063D952 /* Info.plist */ = {isa = PBXFileReference; lastKnownFileType = text.plist.xml; path = Info.plist; sourceTree = "<group>"; };
		2DA04F4B27DADD520063D952 /* CardBoxUITests.xctest */ = {isa = PBXFileReference; explicitFileType = wrapper.cfbundle; includeInIndex = 0; path = CardBoxUITests.xctest; sourceTree = BUILT_PRODUCTS_DIR; };
		2DA04F4F27DADD520063D952 /* CardBoxUITests.swift */ = {isa = PBXFileReference; lastKnownFileType = sourcecode.swift; path = CardBoxUITests.swift; sourceTree = "<group>"; };
		2DA04F5127DADD520063D952 /* Info.plist */ = {isa = PBXFileReference; lastKnownFileType = text.plist.xml; path = Info.plist; sourceTree = "<group>"; };
		2DA04F6127DAE3AD0063D952 /* GameRunner.swift */ = {isa = PBXFileReference; lastKnownFileType = sourcecode.swift; path = GameRunner.swift; sourceTree = "<group>"; };
		2DA04F6E27DAE6320063D952 /* Action.swift */ = {isa = PBXFileReference; lastKnownFileType = sourcecode.swift; path = Action.swift; sourceTree = "<group>"; };
		2DA04F7327DAE6A20063D952 /* GameRunnerReadOnly.swift */ = {isa = PBXFileReference; lastKnownFileType = sourcecode.swift; path = GameRunnerReadOnly.swift; sourceTree = "<group>"; };
		2DA04F7827DAE9540063D952 /* CardCollection.swift */ = {isa = PBXFileReference; lastKnownFileType = sourcecode.swift; path = CardCollection.swift; sourceTree = "<group>"; };
		2DA04F7D27DAE9930063D952 /* Card.swift */ = {isa = PBXFileReference; fileEncoding = 4; lastKnownFileType = sourcecode.swift; path = Card.swift; sourceTree = "<group>"; };
		2DA04F8227DAFF690063D952 /* GameState.swift */ = {isa = PBXFileReference; lastKnownFileType = sourcecode.swift; path = GameState.swift; sourceTree = "<group>"; };
		2DA04F9427DAFFC30063D952 /* Player.swift */ = {isa = PBXFileReference; lastKnownFileType = sourcecode.swift; path = Player.swift; sourceTree = "<group>"; };
		2DA04FD327DB512E0063D952 /* CardAction.swift */ = {isa = PBXFileReference; lastKnownFileType = sourcecode.swift; path = CardAction.swift; sourceTree = "<group>"; };
		2DA04FD827DBBA160063D952 /* ExplodingKittensGameRunnerInitialiser.swift */ = {isa = PBXFileReference; lastKnownFileType = sourcecode.swift; path = ExplodingKittensGameRunnerInitialiser.swift; sourceTree = "<group>"; };
		2DA04FDE27DBBDFE0063D952 /* AddCardToDeckAction.swift */ = {isa = PBXFileReference; lastKnownFileType = sourcecode.swift; path = AddCardToDeckAction.swift; sourceTree = "<group>"; };
		2DA04FF027DBBF880063D952 /* DisplayMessageAction.swift */ = {isa = PBXFileReference; fileEncoding = 4; lastKnownFileType = sourcecode.swift; path = DisplayMessageAction.swift; sourceTree = "<group>"; };
		2DA04FFD27DBC9120063D952 /* InitPlayerAction.swift */ = {isa = PBXFileReference; fileEncoding = 4; lastKnownFileType = sourcecode.swift; path = InitPlayerAction.swift; sourceTree = "<group>"; };
		2DA0500227DC388A0063D952 /* ConditionalAction.swift */ = {isa = PBXFileReference; lastKnownFileType = sourcecode.swift; path = ConditionalAction.swift; sourceTree = "<group>"; };
		2DA0500C27DC3D390063D952 /* PlayerOutOfGameCardAction.swift */ = {isa = PBXFileReference; lastKnownFileType = sourcecode.swift; path = PlayerOutOfGameCardAction.swift; sourceTree = "<group>"; };
		2DA0502027DC3FE60063D952 /* DisplayCardsAction.swift */ = {isa = PBXFileReference; lastKnownFileType = sourcecode.swift; path = DisplayCardsAction.swift; sourceTree = "<group>"; };
		2DA0502727DC41EA0063D952 /* DisplayTopNCardsFromDeckCardAction.swift */ = {isa = PBXFileReference; lastKnownFileType = sourcecode.swift; path = DisplayTopNCardsFromDeckCardAction.swift; sourceTree = "<group>"; };
		2DA0502C27DC436F0063D952 /* DistributeCardsToPlayerAction.swift */ = {isa = PBXFileReference; fileEncoding = 4; lastKnownFileType = sourcecode.swift; path = DistributeCardsToPlayerAction.swift; sourceTree = "<group>"; };
		2DA0503127DC44F60063D952 /* DrawCardFromDeckToCurrentPlayerAction.swift */ = {isa = PBXFileReference; fileEncoding = 4; lastKnownFileType = sourcecode.swift; path = DrawCardFromDeckToCurrentPlayerAction.swift; sourceTree = "<group>"; };
		2DA0503C27DC4B130063D952 /* MoveCardPlayerToGameplayEvent.swift */ = {isa = PBXFileReference; fileEncoding = 4; lastKnownFileType = sourcecode.swift; path = MoveCardPlayerToGameplayEvent.swift; sourceTree = "<group>"; };
		2DA0503D27DC4B130063D952 /* MoveCardDeckToPlayerEvent.swift */ = {isa = PBXFileReference; fileEncoding = 4; lastKnownFileType = sourcecode.swift; path = MoveCardDeckToPlayerEvent.swift; sourceTree = "<group>"; };
		2DA0503E27DC4B130063D952 /* AddPlayerEvent.swift */ = {isa = PBXFileReference; fileEncoding = 4; lastKnownFileType = sourcecode.swift; path = AddPlayerEvent.swift; sourceTree = "<group>"; };
		2DA0504027DC4B130063D952 /* ShuffleDeckEvent.swift */ = {isa = PBXFileReference; fileEncoding = 4; lastKnownFileType = sourcecode.swift; path = ShuffleDeckEvent.swift; sourceTree = "<group>"; };
		2DA0504127DC4B130063D952 /* AddCardToDeckEvent.swift */ = {isa = PBXFileReference; fileEncoding = 4; lastKnownFileType = sourcecode.swift; path = AddCardToDeckEvent.swift; sourceTree = "<group>"; };
		2DA0504227DC4B130063D952 /* AddCardToPlayerEvent.swift */ = {isa = PBXFileReference; fileEncoding = 4; lastKnownFileType = sourcecode.swift; path = AddCardToPlayerEvent.swift; sourceTree = "<group>"; };
		2DA0504327DC4B130063D952 /* SetCurrentPlayerEvent.swift */ = {isa = PBXFileReference; fileEncoding = 4; lastKnownFileType = sourcecode.swift; path = SetCurrentPlayerEvent.swift; sourceTree = "<group>"; };
		2DA0505227DC4B460063D952 /* GameEvent.swift */ = {isa = PBXFileReference; fileEncoding = 4; lastKnownFileType = sourcecode.swift; path = GameEvent.swift; sourceTree = "<group>"; };
		2DA0505727DC4BDE0063D952 /* DisplayCardsEvent.swift */ = {isa = PBXFileReference; lastKnownFileType = sourcecode.swift; path = DisplayCardsEvent.swift; sourceTree = "<group>"; };
		2DA0505C27DC4C1F0063D952 /* DisplayMessageEvent.swift */ = {isa = PBXFileReference; lastKnownFileType = sourcecode.swift; path = DisplayMessageEvent.swift; sourceTree = "<group>"; };
		2DA0506127DC4CF50063D952 /* SetPlayerOutOfGameEvent.swift */ = {isa = PBXFileReference; lastKnownFileType = sourcecode.swift; path = SetPlayerOutOfGameEvent.swift; sourceTree = "<group>"; };
		2DA0506627DC4EEE0063D952 /* EndTurnAction.swift */ = {isa = PBXFileReference; lastKnownFileType = sourcecode.swift; path = EndTurnAction.swift; sourceTree = "<group>"; };
		2DA0506B27DC90070063D952 /* PlayCardAction.swift */ = {isa = PBXFileReference; lastKnownFileType = sourcecode.swift; path = PlayCardAction.swift; sourceTree = "<group>"; };
		2DA0507D27DC9AB60063D952 /* SetGameStateEvent.swift */ = {isa = PBXFileReference; lastKnownFileType = sourcecode.swift; path = SetGameStateEvent.swift; sourceTree = "<group>"; };
		2DA0508227DC9B970063D952 /* SetupGameAction.swift */ = {isa = PBXFileReference; lastKnownFileType = sourcecode.swift; path = SetupGameAction.swift; sourceTree = "<group>"; };
		2DA0508727DC9CAB0063D952 /* SetupEvent.swift */ = {isa = PBXFileReference; lastKnownFileType = sourcecode.swift; path = SetupEvent.swift; sourceTree = "<group>"; };
		2DA0508C27DC9D100063D952 /* StartTurnEvent.swift */ = {isa = PBXFileReference; lastKnownFileType = sourcecode.swift; path = StartTurnEvent.swift; sourceTree = "<group>"; };
		2DA0509127DC9D4A0063D952 /* EndTurnEvent.swift */ = {isa = PBXFileReference; lastKnownFileType = sourcecode.swift; path = EndTurnEvent.swift; sourceTree = "<group>"; };
		2DA0509D27DC9F780063D952 /* GameRunnerView.swift */ = {isa = PBXFileReference; lastKnownFileType = sourcecode.swift; path = GameRunnerView.swift; sourceTree = "<group>"; };
		2DA050A227DE58250063D952 /* ActionDispatcher.swift */ = {isa = PBXFileReference; lastKnownFileType = sourcecode.swift; path = ActionDispatcher.swift; sourceTree = "<group>"; };
		2DA050A727DE5B4B0063D952 /* ShuffleDeckAction.swift */ = {isa = PBXFileReference; lastKnownFileType = sourcecode.swift; path = ShuffleDeckAction.swift; sourceTree = "<group>"; };
		2DA050AC27DE5D570063D952 /* CardView.swift */ = {isa = PBXFileReference; lastKnownFileType = sourcecode.swift; path = CardView.swift; sourceTree = "<group>"; };
		2DA050B127DE5D760063D952 /* CardViewModel.swift */ = {isa = PBXFileReference; lastKnownFileType = sourcecode.swift; path = CardViewModel.swift; sourceTree = "<group>"; };
		2DA050B627DE5EC70063D952 /* PlayerView.swift */ = {isa = PBXFileReference; lastKnownFileType = sourcecode.swift; path = PlayerView.swift; sourceTree = "<group>"; };
		2DA050BB27DE5ED90063D952 /* PlayerViewModel.swift */ = {isa = PBXFileReference; lastKnownFileType = sourcecode.swift; path = PlayerViewModel.swift; sourceTree = "<group>"; };
		2DA050C027DEEB180063D952 /* PlayerCollection.swift */ = {isa = PBXFileReference; fileEncoding = 4; lastKnownFileType = sourcecode.swift; path = PlayerCollection.swift; sourceTree = "<group>"; };
		2DA050D927DEFD1F0063D952 /* IncrementPlayerCardsPlayedEvent.swift */ = {isa = PBXFileReference; lastKnownFileType = sourcecode.swift; path = IncrementPlayerCardsPlayedEvent.swift; sourceTree = "<group>"; };
		2DA050DE27DEFDE80063D952 /* ResetPlayerCardsPlayedEvent.swift */ = {isa = PBXFileReference; lastKnownFileType = sourcecode.swift; path = ResetPlayerCardsPlayedEvent.swift; sourceTree = "<group>"; };
		2DA050FB27DF41FD0063D952 /* ExplodingKittensCardType.swift */ = {isa = PBXFileReference; lastKnownFileType = sourcecode.swift; path = ExplodingKittensCardType.swift; sourceTree = "<group>"; };
		2DA0511B27E1934B0063D952 /* GameRunnerInitOnly.swift */ = {isa = PBXFileReference; lastKnownFileType = sourcecode.swift; path = GameRunnerInitOnly.swift; sourceTree = "<group>"; };
		2DA0512027E197370063D952 /* GameRunnerUpdateOnly.swift */ = {isa = PBXFileReference; lastKnownFileType = sourcecode.swift; path = GameRunnerUpdateOnly.swift; sourceTree = "<group>"; };
		2DA0514327E23E050063D952 /* DeckPositionRequestCardAction.swift */ = {isa = PBXFileReference; lastKnownFileType = sourcecode.swift; path = DeckPositionRequestCardAction.swift; sourceTree = "<group>"; };
		2DA0514B27E23E7A0063D952 /* DeckPositionRequestEvent.swift */ = {isa = PBXFileReference; lastKnownFileType = sourcecode.swift; path = DeckPositionRequestEvent.swift; sourceTree = "<group>"; };
		4589AB1327DF2946005FDA07 /* MainMenuView.swift */ = {isa = PBXFileReference; lastKnownFileType = sourcecode.swift; path = MainMenuView.swift; sourceTree = "<group>"; };
		4589AB1527DF2EC2005FDA07 /* AssetFetcher.swift */ = {isa = PBXFileReference; lastKnownFileType = sourcecode.swift; path = AssetFetcher.swift; sourceTree = "<group>"; };
		4589AB1727DF3C5F005FDA07 /* PlayerHandView.swift */ = {isa = PBXFileReference; lastKnownFileType = sourcecode.swift; path = PlayerHandView.swift; sourceTree = "<group>"; };
		4589AB1927DF3FB6005FDA07 /* PlayerHandViewModel.swift */ = {isa = PBXFileReference; lastKnownFileType = sourcecode.swift; path = PlayerHandViewModel.swift; sourceTree = "<group>"; };
		4589AB1B27E14AF3005FDA07 /* DeckView.swift */ = {isa = PBXFileReference; lastKnownFileType = sourcecode.swift; path = DeckView.swift; sourceTree = "<group>"; };
		4589AB1D27E14C00005FDA07 /* DeckViewModel.swift */ = {isa = PBXFileReference; lastKnownFileType = sourcecode.swift; path = DeckViewModel.swift; sourceTree = "<group>"; };
		4E18ED0327DF182200458D0A /* ConditionalCardAction.swift */ = {isa = PBXFileReference; lastKnownFileType = sourcecode.swift; path = ConditionalCardAction.swift; sourceTree = "<group>"; };
		4E18ED0527DF285F00458D0A /* PlayerDiscardCardsAction.swift */ = {isa = PBXFileReference; lastKnownFileType = sourcecode.swift; path = PlayerDiscardCardsAction.swift; sourceTree = "<group>"; };
		4E18ED0727DF2A5300458D0A /* PlayerDiscardCardEvent.swift */ = {isa = PBXFileReference; lastKnownFileType = sourcecode.swift; path = PlayerDiscardCardEvent.swift; sourceTree = "<group>"; };
		4E18ED0927DF2BD000458D0A /* MoveCardPlayerToDeckEvent.swift */ = {isa = PBXFileReference; lastKnownFileType = sourcecode.swift; path = MoveCardPlayerToDeckEvent.swift; sourceTree = "<group>"; };
		4E18ED0B27DF2D4600458D0A /* PlayerInsertCardIntoDeckCardAction.swift */ = {isa = PBXFileReference; lastKnownFileType = sourcecode.swift; path = PlayerInsertCardIntoDeckCardAction.swift; sourceTree = "<group>"; };
		4E18ED0D27E1B27300458D0A /* AdvanceNextPlayerEvent.swift */ = {isa = PBXFileReference; lastKnownFileType = sourcecode.swift; path = AdvanceNextPlayerEvent.swift; sourceTree = "<group>"; };
		4E94E70B27E1BFDA004ED4EF /* PlayerTakesNthCardFromPlayerCardAction.swift */ = {isa = PBXFileReference; lastKnownFileType = sourcecode.swift; path = PlayerTakesNthCardFromPlayerCardAction.swift; sourceTree = "<group>"; };
		4E94E70F27E4C1FE004ED4EF /* PlayCardComboAction.swift */ = {isa = PBXFileReference; lastKnownFileType = sourcecode.swift; path = PlayCardComboAction.swift; sourceTree = "<group>"; };
		4E94E71127E4D7C1004ED4EF /* AddCardComboToDeckEvent.swift */ = {isa = PBXFileReference; lastKnownFileType = sourcecode.swift; path = AddCardComboToDeckEvent.swift; sourceTree = "<group>"; };
		4E94E71327E4F4A8004ED4EF /* PlayerTakenChosenCardFromPlayerCardAction.swift */ = {isa = PBXFileReference; lastKnownFileType = sourcecode.swift; path = PlayerTakenChosenCardFromPlayerCardAction.swift; sourceTree = "<group>"; };
		4E94E71527E4F883004ED4EF /* InitDeckWithCardsAction.swift */ = {isa = PBXFileReference; lastKnownFileType = sourcecode.swift; path = InitDeckWithCardsAction.swift; sourceTree = "<group>"; };
		4E94E71727E4FAE8004ED4EF /* PlayerTakesChosenCardFromGameplayCardAction.swift */ = {isa = PBXFileReference; lastKnownFileType = sourcecode.swift; path = PlayerTakesChosenCardFromGameplayCardAction.swift; sourceTree = "<group>"; };
		4E94E71927E4FB61004ED4EF /* MoveCardGameplayToPlayerEvent.swift */ = {isa = PBXFileReference; lastKnownFileType = sourcecode.swift; path = MoveCardGameplayToPlayerEvent.swift; sourceTree = "<group>"; };
		4E94E71B27E509BB004ED4EF /* MoveCardPlayerToPlayerEvent.swift */ = {isa = PBXFileReference; lastKnownFileType = sourcecode.swift; path = MoveCardPlayerToPlayerEvent.swift; sourceTree = "<group>"; };
		4EBA47A227DEF71200EE5C74 /* ShuffleDeckCardAction.swift */ = {isa = PBXFileReference; lastKnownFileType = sourcecode.swift; path = ShuffleDeckCardAction.swift; sourceTree = "<group>"; };
		4EBA47A427DEFD0D00EE5C74 /* SkipTurnCardAction.swift */ = {isa = PBXFileReference; lastKnownFileType = sourcecode.swift; path = SkipTurnCardAction.swift; sourceTree = "<group>"; };
		4EBA47AA27DF149100EE5C74 /* GameRunnerInitialiser.swift */ = {isa = PBXFileReference; lastKnownFileType = sourcecode.swift; path = GameRunnerInitialiser.swift; sourceTree = "<group>"; };
		682AA3CC27DF1EB90034ED90 /* AddCardToPlayerAction.swift */ = {isa = PBXFileReference; lastKnownFileType = sourcecode.swift; path = AddCardToPlayerAction.swift; sourceTree = "<group>"; };
/* End PBXFileReference section */

/* Begin PBXFrameworksBuildPhase section */
		2DA04F2C27DADD500063D952 /* Frameworks */ = {
			isa = PBXFrameworksBuildPhase;
			buildActionMask = 2147483647;
			files = (
			);
			runOnlyForDeploymentPostprocessing = 0;
		};
		2DA04F3D27DADD520063D952 /* Frameworks */ = {
			isa = PBXFrameworksBuildPhase;
			buildActionMask = 2147483647;
			files = (
			);
			runOnlyForDeploymentPostprocessing = 0;
		};
		2DA04F4827DADD520063D952 /* Frameworks */ = {
			isa = PBXFrameworksBuildPhase;
			buildActionMask = 2147483647;
			files = (
			);
			runOnlyForDeploymentPostprocessing = 0;
		};
/* End PBXFrameworksBuildPhase section */

/* Begin PBXGroup section */
		2D007F2E27E24BAD00F0E359 /* Actions */ = {
			isa = PBXGroup;
			children = (
				2D007F2927E24BA300F0E359 /* DeckPositionResponseAction.swift */,
			);
			path = Actions;
			sourceTree = "<group>";
		};
		2D007F5227E3373800F0E359 /* PlayerPlayConditions */ = {
			isa = PBXGroup;
			children = (
				2D007F5327E3376600F0E359 /* IsCurrentPlayerPlayCondition.swift */,
				2D007F4827E331D800F0E359 /* PlayerPlayCondition.swift */,
			);
			path = PlayerPlayConditions;
			sourceTree = "<group>";
		};
		2D007FF027E4E13E00F0E359 /* Recovered References */ = {
			isa = PBXGroup;
			children = (
			);
			name = "Recovered References";
			sourceTree = "<group>";
		};
		2DA04F2627DADD500063D952 = {
			isa = PBXGroup;
			children = (
				2DA04F3127DADD500063D952 /* CardBox */,
				2DA04F4327DADD520063D952 /* CardBoxTests */,
				2DA04F4E27DADD520063D952 /* CardBoxUITests */,
				2DA04F3027DADD500063D952 /* Products */,
				2D007FF027E4E13E00F0E359 /* Recovered References */,
			);
			sourceTree = "<group>";
		};
		2DA04F3027DADD500063D952 /* Products */ = {
			isa = PBXGroup;
			children = (
				2DA04F2F27DADD500063D952 /* CardBox.app */,
				2DA04F4027DADD520063D952 /* CardBoxTests.xctest */,
				2DA04F4B27DADD520063D952 /* CardBoxUITests.xctest */,
			);
			name = Products;
			sourceTree = "<group>";
		};
		2DA04F3127DADD500063D952 /* CardBox */ = {
			isa = PBXGroup;
			children = (
				2DA04F6927DAE3B00063D952 /* CardGameEngine */,
				2DA04F6027DAE38A0063D952 /* Models */,
				2DA0509627DC9E740063D952 /* ViewModels */,
				2DA0509727DC9EA50063D952 /* Views */,
				2DA04F3227DADD500063D952 /* CardBoxApp.swift */,
				2DA04F3427DADD500063D952 /* ContentView.swift */,
				2DA04F3627DADD520063D952 /* Assets.xcassets */,
				2DA04F3B27DADD520063D952 /* Info.plist */,
				2DA04F3827DADD520063D952 /* Preview Content */,
			);
			path = CardBox;
			sourceTree = "<group>";
		};
		2DA04F3827DADD520063D952 /* Preview Content */ = {
			isa = PBXGroup;
			children = (
				2DA04F3927DADD520063D952 /* Preview Assets.xcassets */,
			);
			path = "Preview Content";
			sourceTree = "<group>";
		};
		2DA04F4327DADD520063D952 /* CardBoxTests */ = {
			isa = PBXGroup;
			children = (
				2DA04F4427DADD520063D952 /* CardBoxTests.swift */,
				2DA04F4627DADD520063D952 /* Info.plist */,
			);
			path = CardBoxTests;
			sourceTree = "<group>";
		};
		2DA04F4E27DADD520063D952 /* CardBoxUITests */ = {
			isa = PBXGroup;
			children = (
				2DA04F4F27DADD520063D952 /* CardBoxUITests.swift */,
				2DA04F5127DADD520063D952 /* Info.plist */,
			);
			path = CardBoxUITests;
			sourceTree = "<group>";
		};
		2DA04F6027DAE38A0063D952 /* Models */ = {
			isa = PBXGroup;
			children = (
				2DA0502527DC41A40063D952 /* ExplodingKittens */,
			);
			path = Models;
			sourceTree = "<group>";
		};
		2DA04F6927DAE3B00063D952 /* CardGameEngine */ = {
			isa = PBXGroup;
			children = (
				2DA04FD227DB51210063D952 /* CardActions */,
				2DA04F9927DB3ED70063D952 /* GameEvents */,
				2DA04F6D27DAE61E0063D952 /* Actions */,
				2D007F5227E3373800F0E359 /* PlayerPlayConditions */,
				2DA04F7327DAE6A20063D952 /* GameRunnerReadOnly.swift */,
				2DA04F7827DAE9540063D952 /* CardCollection.swift */,
				2DA04F7D27DAE9930063D952 /* Card.swift */,
				2DA04F8227DAFF690063D952 /* GameState.swift */,
				2DA050C027DEEB180063D952 /* PlayerCollection.swift */,
				2DA04F9427DAFFC30063D952 /* Player.swift */,
				2DA050A227DE58250063D952 /* ActionDispatcher.swift */,
				4EBA47AA27DF149100EE5C74 /* GameRunnerInitialiser.swift */,
				2DA0511B27E1934B0063D952 /* GameRunnerInitOnly.swift */,
				2DA0512027E197370063D952 /* GameRunnerUpdateOnly.swift */,
			);
			path = CardGameEngine;
			sourceTree = "<group>";
		};
		2DA04F6D27DAE61E0063D952 /* Actions */ = {
			isa = PBXGroup;
			children = (
				2DA04F6E27DAE6320063D952 /* Action.swift */,
				2DA04FDE27DBBDFE0063D952 /* AddCardToDeckAction.swift */,
				682AA3CC27DF1EB90034ED90 /* AddCardToPlayerAction.swift */,
				2DA04FF027DBBF880063D952 /* DisplayMessageAction.swift */,
				4E94E71527E4F883004ED4EF /* InitDeckWithCardsAction.swift */,
				2DA04FFD27DBC9120063D952 /* InitPlayerAction.swift */,
				2DA0500227DC388A0063D952 /* ConditionalAction.swift */,
				2DA0502027DC3FE60063D952 /* DisplayCardsAction.swift */,
				2DA0502C27DC436F0063D952 /* DistributeCardsToPlayerAction.swift */,
				2DA0503127DC44F60063D952 /* DrawCardFromDeckToCurrentPlayerAction.swift */,
				2DA0506627DC4EEE0063D952 /* EndTurnAction.swift */,
				2DA0506B27DC90070063D952 /* PlayCardAction.swift */,
				4E94E70F27E4C1FE004ED4EF /* PlayCardComboAction.swift */,
				2DA0508227DC9B970063D952 /* SetupGameAction.swift */,
				2DA050A727DE5B4B0063D952 /* ShuffleDeckAction.swift */,
			);
			path = Actions;
			sourceTree = "<group>";
		};
		2DA04F9927DB3ED70063D952 /* GameEvents */ = {
			isa = PBXGroup;
			children = (
				2DA0504127DC4B130063D952 /* AddCardToDeckEvent.swift */,
				4E94E71127E4D7C1004ED4EF /* AddCardComboToDeckEvent.swift */,
				2DA0504227DC4B130063D952 /* AddCardToPlayerEvent.swift */,
				2DA0503E27DC4B130063D952 /* AddPlayerEvent.swift */,
				2DA0503D27DC4B130063D952 /* MoveCardDeckToPlayerEvent.swift */,
				2DA0503C27DC4B130063D952 /* MoveCardPlayerToGameplayEvent.swift */,
				4E94E71927E4FB61004ED4EF /* MoveCardGameplayToPlayerEvent.swift */,
				4E94E71B27E509BB004ED4EF /* MoveCardPlayerToPlayerEvent.swift */,
				4E18ED0727DF2A5300458D0A /* PlayerDiscardCardEvent.swift */,
				4E18ED0927DF2BD000458D0A /* MoveCardPlayerToDeckEvent.swift */,
				2DA0504327DC4B130063D952 /* SetCurrentPlayerEvent.swift */,
				2DA0504027DC4B130063D952 /* ShuffleDeckEvent.swift */,
				2DA0505227DC4B460063D952 /* GameEvent.swift */,
				2DA0505727DC4BDE0063D952 /* DisplayCardsEvent.swift */,
				2DA0505C27DC4C1F0063D952 /* DisplayMessageEvent.swift */,
				2DA0506127DC4CF50063D952 /* SetPlayerOutOfGameEvent.swift */,
				2DA0507D27DC9AB60063D952 /* SetGameStateEvent.swift */,
				2DA0508727DC9CAB0063D952 /* SetupEvent.swift */,
				2DA0508C27DC9D100063D952 /* StartTurnEvent.swift */,
				2DA0509127DC9D4A0063D952 /* EndTurnEvent.swift */,
				4E18ED0D27E1B27300458D0A /* AdvanceNextPlayerEvent.swift */,
				2DA050D927DEFD1F0063D952 /* IncrementPlayerCardsPlayedEvent.swift */,
				2DA050DE27DEFDE80063D952 /* ResetPlayerCardsPlayedEvent.swift */,
			);
			path = GameEvents;
			sourceTree = "<group>";
		};
		2DA04FD227DB51210063D952 /* CardActions */ = {
			isa = PBXGroup;
			children = (
				2DA04FD327DB512E0063D952 /* CardAction.swift */,
				2DA0500C27DC3D390063D952 /* PlayerOutOfGameCardAction.swift */,
				2DA0502727DC41EA0063D952 /* DisplayTopNCardsFromDeckCardAction.swift */,
				4EBA47A227DEF71200EE5C74 /* ShuffleDeckCardAction.swift */,
				4EBA47A427DEFD0D00EE5C74 /* SkipTurnCardAction.swift */,
				4E18ED0327DF182200458D0A /* ConditionalCardAction.swift */,
				4E18ED0527DF285F00458D0A /* PlayerDiscardCardsAction.swift */,
				4E18ED0B27DF2D4600458D0A /* PlayerInsertCardIntoDeckCardAction.swift */,
				4E94E70B27E1BFDA004ED4EF /* PlayerTakesNthCardFromPlayerCardAction.swift */,
				4E94E71327E4F4A8004ED4EF /* PlayerTakenChosenCardFromPlayerCardAction.swift */,
				4E94E71727E4FAE8004ED4EF /* PlayerTakesChosenCardFromGameplayCardAction.swift */,
			);
			path = CardActions;
			sourceTree = "<group>";
		};
		2DA0502527DC41A40063D952 /* ExplodingKittens */ = {
			isa = PBXGroup;
			children = (
				2D007F2E27E24BAD00F0E359 /* Actions */,
				2DA0515327E23E8C0063D952 /* GameEvents */,
				2DA0514227E23DC20063D952 /* CardActions */,
				2DA04FD827DBBA160063D952 /* ExplodingKittensGameRunnerInitialiser.swift */,
				2DA050FB27DF41FD0063D952 /* ExplodingKittensCardType.swift */,
				2D007F4D27E3338000F0E359 /* ExplodingKittensPlayerPlayCondition.swift */,
				2D007F6627E34C7000F0E359 /* ExplodingKittensUtils.swift */,
			);
			path = ExplodingKittens;
			sourceTree = "<group>";
		};
		2DA0509627DC9E740063D952 /* ViewModels */ = {
			isa = PBXGroup;
			children = (
				2DA04F6127DAE3AD0063D952 /* GameRunner.swift */,
				2DA050B127DE5D760063D952 /* CardViewModel.swift */,
				4589AB1927DF3FB6005FDA07 /* PlayerHandViewModel.swift */,
				4589AB1D27E14C00005FDA07 /* DeckViewModel.swift */,
				2DA050BB27DE5ED90063D952 /* PlayerViewModel.swift */,
				4589AB1527DF2EC2005FDA07 /* AssetFetcher.swift */,
			);
			path = ViewModels;
			sourceTree = "<group>";
		};
		2DA0509727DC9EA50063D952 /* Views */ = {
			isa = PBXGroup;
			children = (
				2DA0509D27DC9F780063D952 /* GameRunnerView.swift */,
				2DA050AC27DE5D570063D952 /* CardView.swift */,
				4589AB1B27E14AF3005FDA07 /* DeckView.swift */,
				4589AB1727DF3C5F005FDA07 /* PlayerHandView.swift */,
				2DA050B627DE5EC70063D952 /* PlayerView.swift */,
				4589AB1327DF2946005FDA07 /* MainMenuView.swift */,
				2D007F3527E24CF700F0E359 /* DeckPositionView.swift */,
			);
			path = Views;
			sourceTree = "<group>";
		};
		2DA0514227E23DC20063D952 /* CardActions */ = {
			isa = PBXGroup;
			children = (
				2DA0514327E23E050063D952 /* DeckPositionRequestCardAction.swift */,
			);
			path = CardActions;
			sourceTree = "<group>";
		};
		2DA0515327E23E8C0063D952 /* GameEvents */ = {
			isa = PBXGroup;
			children = (
				2DA0514B27E23E7A0063D952 /* DeckPositionRequestEvent.swift */,
			);
			path = GameEvents;
			sourceTree = "<group>";
		};
/* End PBXGroup section */

/* Begin PBXNativeTarget section */
		2DA04F2E27DADD500063D952 /* CardBox */ = {
			isa = PBXNativeTarget;
			buildConfigurationList = 2DA04F5427DADD520063D952 /* Build configuration list for PBXNativeTarget "CardBox" */;
			buildPhases = (
				2DA04FC927DB46160063D952 /* ShellScript */,
				2DA04F2B27DADD500063D952 /* Sources */,
				2DA04F2C27DADD500063D952 /* Frameworks */,
				2DA04F2D27DADD500063D952 /* Resources */,
			);
			buildRules = (
			);
			dependencies = (
			);
			name = CardBox;
			productName = CardBox;
			productReference = 2DA04F2F27DADD500063D952 /* CardBox.app */;
			productType = "com.apple.product-type.application";
		};
		2DA04F3F27DADD520063D952 /* CardBoxTests */ = {
			isa = PBXNativeTarget;
			buildConfigurationList = 2DA04F5727DADD520063D952 /* Build configuration list for PBXNativeTarget "CardBoxTests" */;
			buildPhases = (
				2DA04F3C27DADD520063D952 /* Sources */,
				2DA04F3D27DADD520063D952 /* Frameworks */,
				2DA04F3E27DADD520063D952 /* Resources */,
			);
			buildRules = (
			);
			dependencies = (
				2DA04F4227DADD520063D952 /* PBXTargetDependency */,
			);
			name = CardBoxTests;
			productName = CardBoxTests;
			productReference = 2DA04F4027DADD520063D952 /* CardBoxTests.xctest */;
			productType = "com.apple.product-type.bundle.unit-test";
		};
		2DA04F4A27DADD520063D952 /* CardBoxUITests */ = {
			isa = PBXNativeTarget;
			buildConfigurationList = 2DA04F5A27DADD520063D952 /* Build configuration list for PBXNativeTarget "CardBoxUITests" */;
			buildPhases = (
				2DA04F4727DADD520063D952 /* Sources */,
				2DA04F4827DADD520063D952 /* Frameworks */,
				2DA04F4927DADD520063D952 /* Resources */,
			);
			buildRules = (
			);
			dependencies = (
				2DA04F4D27DADD520063D952 /* PBXTargetDependency */,
			);
			name = CardBoxUITests;
			productName = CardBoxUITests;
			productReference = 2DA04F4B27DADD520063D952 /* CardBoxUITests.xctest */;
			productType = "com.apple.product-type.bundle.ui-testing";
		};
/* End PBXNativeTarget section */

/* Begin PBXProject section */
		2DA04F2727DADD500063D952 /* Project object */ = {
			isa = PBXProject;
			attributes = {
				LastSwiftUpdateCheck = 1240;
				LastUpgradeCheck = 1240;
				TargetAttributes = {
					2DA04F2E27DADD500063D952 = {
						CreatedOnToolsVersion = 12.4;
					};
					2DA04F3F27DADD520063D952 = {
						CreatedOnToolsVersion = 12.4;
						TestTargetID = 2DA04F2E27DADD500063D952;
					};
					2DA04F4A27DADD520063D952 = {
						CreatedOnToolsVersion = 12.4;
						TestTargetID = 2DA04F2E27DADD500063D952;
					};
				};
			};
			buildConfigurationList = 2DA04F2A27DADD500063D952 /* Build configuration list for PBXProject "CardBox" */;
			compatibilityVersion = "Xcode 9.3";
			developmentRegion = en;
			hasScannedForEncodings = 0;
			knownRegions = (
				en,
				Base,
			);
			mainGroup = 2DA04F2627DADD500063D952;
			productRefGroup = 2DA04F3027DADD500063D952 /* Products */;
			projectDirPath = "";
			projectRoot = "";
			targets = (
				2DA04F2E27DADD500063D952 /* CardBox */,
				2DA04F3F27DADD520063D952 /* CardBoxTests */,
				2DA04F4A27DADD520063D952 /* CardBoxUITests */,
			);
		};
/* End PBXProject section */

/* Begin PBXResourcesBuildPhase section */
		2DA04F2D27DADD500063D952 /* Resources */ = {
			isa = PBXResourcesBuildPhase;
			buildActionMask = 2147483647;
			files = (
				2DA04F3A27DADD520063D952 /* Preview Assets.xcassets in Resources */,
				2DA04F3727DADD520063D952 /* Assets.xcassets in Resources */,
			);
			runOnlyForDeploymentPostprocessing = 0;
		};
		2DA04F3E27DADD520063D952 /* Resources */ = {
			isa = PBXResourcesBuildPhase;
			buildActionMask = 2147483647;
			files = (
			);
			runOnlyForDeploymentPostprocessing = 0;
		};
		2DA04F4927DADD520063D952 /* Resources */ = {
			isa = PBXResourcesBuildPhase;
			buildActionMask = 2147483647;
			files = (
			);
			runOnlyForDeploymentPostprocessing = 0;
		};
/* End PBXResourcesBuildPhase section */

/* Begin PBXShellScriptBuildPhase section */
		2DA04FC927DB46160063D952 /* ShellScript */ = {
			isa = PBXShellScriptBuildPhase;
			buildActionMask = 2147483647;
			files = (
			);
			inputFileListPaths = (
			);
			inputPaths = (
			);
			outputFileListPaths = (
			);
			outputPaths = (
			);
			runOnlyForDeploymentPostprocessing = 0;
			shellPath = /bin/sh;
			shellScript = "# Type a script or drag a script file from your workspace to insert its path.\nif which swiftlint >/dev/null; then\n  swiftlint autocorrect --config .swiftlint.yml && swiftlint --config .swiftlint.yml\nelse\n  echo \\\"warning: SwiftLint not installed, download from https://github.com/realm/SwiftLint\\\"\nfi\n";
		};
/* End PBXShellScriptBuildPhase section */

/* Begin PBXSourcesBuildPhase section */
		2DA04F2B27DADD500063D952 /* Sources */ = {
			isa = PBXSourcesBuildPhase;
			buildActionMask = 2147483647;
			files = (
				2DA0504A27DC4B130063D952 /* AddCardToPlayerEvent.swift in Sources */,
				2DA0512127E197370063D952 /* GameRunnerUpdateOnly.swift in Sources */,
				2DA050DF27DEFDE80063D952 /* ResetPlayerCardsPlayedEvent.swift in Sources */,
				2DA0503227DC44F60063D952 /* DrawCardFromDeckToCurrentPlayerAction.swift in Sources */,
				2DA050B727DE5EC70063D952 /* PlayerView.swift in Sources */,
				4E94E71227E4D7C1004ED4EF /* AddCardComboToDeckEvent.swift in Sources */,
				2DA0502827DC41EA0063D952 /* DisplayTopNCardsFromDeckCardAction.swift in Sources */,
				2DA0509227DC9D4A0063D952 /* EndTurnEvent.swift in Sources */,
				4589AB1C27E14AF3005FDA07 /* DeckView.swift in Sources */,
				2DA04F6227DAE3AD0063D952 /* GameRunner.swift in Sources */,
				4589AB1A27DF3FB6005FDA07 /* PlayerHandViewModel.swift in Sources */,
				4589AB1E27E14C00005FDA07 /* DeckViewModel.swift in Sources */,
				4589AB1627DF2EC2005FDA07 /* AssetFetcher.swift in Sources */,
				4E18ED0627DF285F00458D0A /* PlayerDiscardCardsAction.swift in Sources */,
				4E18ED0E27E1B27300458D0A /* AdvanceNextPlayerEvent.swift in Sources */,
				2DA0504427DC4B130063D952 /* MoveCardPlayerToGameplayEvent.swift in Sources */,
				2DA04FDF27DBBDFE0063D952 /* AddCardToDeckAction.swift in Sources */,
				2DA050A827DE5B4B0063D952 /* ShuffleDeckAction.swift in Sources */,
				2DA0504927DC4B130063D952 /* AddCardToDeckEvent.swift in Sources */,
				4E94E71827E4FAE8004ED4EF /* PlayerTakesChosenCardFromGameplayCardAction.swift in Sources */,
				2DA04F6F27DAE6320063D952 /* Action.swift in Sources */,
				4EBA47A327DEF71200EE5C74 /* ShuffleDeckCardAction.swift in Sources */,
				2DA0504527DC4B130063D952 /* MoveCardDeckToPlayerEvent.swift in Sources */,
				2DA0504627DC4B130063D952 /* AddPlayerEvent.swift in Sources */,
				2DA04F7E27DAE9930063D952 /* Card.swift in Sources */,
				4E18ED0427DF182200458D0A /* ConditionalCardAction.swift in Sources */,
				2DA04F3527DADD500063D952 /* ContentView.swift in Sources */,
				2DA050A327DE58250063D952 /* ActionDispatcher.swift in Sources */,
				2DA04FFE27DBC9120063D952 /* InitPlayerAction.swift in Sources */,
				2DA050FC27DF41FD0063D952 /* ExplodingKittensCardType.swift in Sources */,
				4E94E71427E4F4A8004ED4EF /* PlayerTakenChosenCardFromPlayerCardAction.swift in Sources */,
				4E94E71627E4F883004ED4EF /* InitDeckWithCardsAction.swift in Sources */,
				2DA04F7927DAE9540063D952 /* CardCollection.swift in Sources */,
				2DA050BC27DE5ED90063D952 /* PlayerViewModel.swift in Sources */,
				2DA050AD27DE5D570063D952 /* CardView.swift in Sources */,
				4EBA47A527DEFD0D00EE5C74 /* SkipTurnCardAction.swift in Sources */,
				2DA04FD427DB512E0063D952 /* CardAction.swift in Sources */,
				2DA0506727DC4EEE0063D952 /* EndTurnAction.swift in Sources */,
				2DA0508D27DC9D100063D952 /* StartTurnEvent.swift in Sources */,
				2DA0511C27E1934B0063D952 /* GameRunnerInitOnly.swift in Sources */,
				2D007F4E27E3338000F0E359 /* ExplodingKittensPlayerPlayCondition.swift in Sources */,
				2DA04FF127DBBF880063D952 /* DisplayMessageAction.swift in Sources */,
				2DA0514427E23E050063D952 /* DeckPositionRequestCardAction.swift in Sources */,
				2DA0502127DC3FE60063D952 /* DisplayCardsAction.swift in Sources */,
				682AA3CD27DF1EB90034ED90 /* AddCardToPlayerAction.swift in Sources */,
				2DA0508827DC9CAB0063D952 /* SetupEvent.swift in Sources */,
				2DA0508327DC9B970063D952 /* SetupGameAction.swift in Sources */,
				2DA0504B27DC4B130063D952 /* SetCurrentPlayerEvent.swift in Sources */,
				2DA0500327DC388A0063D952 /* ConditionalAction.swift in Sources */,
				2DA0506C27DC90070063D952 /* PlayCardAction.swift in Sources */,
				2DA04F8327DAFF690063D952 /* GameState.swift in Sources */,
				4E94E71027E4C1FE004ED4EF /* PlayCardComboAction.swift in Sources */,
				4EBA47AB27DF149100EE5C74 /* GameRunnerInitialiser.swift in Sources */,
				2DA0502D27DC436F0063D952 /* DistributeCardsToPlayerAction.swift in Sources */,
				4589AB1827DF3C5F005FDA07 /* PlayerHandView.swift in Sources */,
				2DA0504827DC4B130063D952 /* ShuffleDeckEvent.swift in Sources */,
				2DA050B227DE5D760063D952 /* CardViewModel.swift in Sources */,
				4589AB1427DF2946005FDA07 /* MainMenuView.swift in Sources */,
				4E18ED0A27DF2BD000458D0A /* MoveCardPlayerToDeckEvent.swift in Sources */,
				2D007F6727E34C7000F0E359 /* ExplodingKittensUtils.swift in Sources */,
				2DA0505827DC4BDE0063D952 /* DisplayCardsEvent.swift in Sources */,
				2DA04F3327DADD500063D952 /* CardBoxApp.swift in Sources */,
				4E94E70C27E1BFDA004ED4EF /* PlayerTakesNthCardFromPlayerCardAction.swift in Sources */,
				2DA0505327DC4B460063D952 /* GameEvent.swift in Sources */,
				2D007F4927E331D800F0E359 /* PlayerPlayCondition.swift in Sources */,
				4E18ED0827DF2A5300458D0A /* PlayerDiscardCardEvent.swift in Sources */,
				2DA0507E27DC9AB60063D952 /* SetGameStateEvent.swift in Sources */,
				2D007F3627E24CF700F0E359 /* DeckPositionView.swift in Sources */,
				2D007F2A27E24BA300F0E359 /* DeckPositionResponseAction.swift in Sources */,
				2DA0505D27DC4C1F0063D952 /* DisplayMessageEvent.swift in Sources */,
				2DA0514C27E23E7A0063D952 /* DeckPositionRequestEvent.swift in Sources */,
				2DA0500D27DC3D390063D952 /* PlayerOutOfGameCardAction.swift in Sources */,
				2DA04F9527DAFFC30063D952 /* Player.swift in Sources */,
				2DA0509E27DC9F780063D952 /* GameRunnerView.swift in Sources */,
				2D007F5427E3376600F0E359 /* IsCurrentPlayerPlayCondition.swift in Sources */,
				4E18ED0C27DF2D4600458D0A /* PlayerInsertCardIntoDeckCardAction.swift in Sources */,
				2DA050DA27DEFD1F0063D952 /* IncrementPlayerCardsPlayedEvent.swift in Sources */,
				2DA0506227DC4CF50063D952 /* SetPlayerOutOfGameEvent.swift in Sources */,
				2DA050C127DEEB180063D952 /* PlayerCollection.swift in Sources */,
				4E94E71A27E4FB61004ED4EF /* MoveCardGameplayToPlayerEvent.swift in Sources */,
				4E94E71C27E509BB004ED4EF /* MoveCardPlayerToPlayerEvent.swift in Sources */,
				2DA04FD927DBBA160063D952 /* ExplodingKittensGameRunnerInitialiser.swift in Sources */,
				2DA04F7427DAE6A20063D952 /* GameRunnerReadOnly.swift in Sources */,
			);
			runOnlyForDeploymentPostprocessing = 0;
		};
		2DA04F3C27DADD520063D952 /* Sources */ = {
			isa = PBXSourcesBuildPhase;
			buildActionMask = 2147483647;
			files = (
				2DA04F4527DADD520063D952 /* CardBoxTests.swift in Sources */,
			);
			runOnlyForDeploymentPostprocessing = 0;
		};
		2DA04F4727DADD520063D952 /* Sources */ = {
			isa = PBXSourcesBuildPhase;
			buildActionMask = 2147483647;
			files = (
				2DA04F5027DADD520063D952 /* CardBoxUITests.swift in Sources */,
			);
			runOnlyForDeploymentPostprocessing = 0;
		};
/* End PBXSourcesBuildPhase section */

/* Begin PBXTargetDependency section */
		2DA04F4227DADD520063D952 /* PBXTargetDependency */ = {
			isa = PBXTargetDependency;
			target = 2DA04F2E27DADD500063D952 /* CardBox */;
			targetProxy = 2DA04F4127DADD520063D952 /* PBXContainerItemProxy */;
		};
		2DA04F4D27DADD520063D952 /* PBXTargetDependency */ = {
			isa = PBXTargetDependency;
			target = 2DA04F2E27DADD500063D952 /* CardBox */;
			targetProxy = 2DA04F4C27DADD520063D952 /* PBXContainerItemProxy */;
		};
/* End PBXTargetDependency section */

/* Begin XCBuildConfiguration section */
		2DA04F5227DADD520063D952 /* Debug */ = {
			isa = XCBuildConfiguration;
			buildSettings = {
				ALWAYS_SEARCH_USER_PATHS = NO;
				CLANG_ANALYZER_NONNULL = YES;
				CLANG_ANALYZER_NUMBER_OBJECT_CONVERSION = YES_AGGRESSIVE;
				CLANG_CXX_LANGUAGE_STANDARD = "gnu++14";
				CLANG_CXX_LIBRARY = "libc++";
				CLANG_ENABLE_MODULES = YES;
				CLANG_ENABLE_OBJC_ARC = YES;
				CLANG_ENABLE_OBJC_WEAK = YES;
				CLANG_WARN_BLOCK_CAPTURE_AUTORELEASING = YES;
				CLANG_WARN_BOOL_CONVERSION = YES;
				CLANG_WARN_COMMA = YES;
				CLANG_WARN_CONSTANT_CONVERSION = YES;
				CLANG_WARN_DEPRECATED_OBJC_IMPLEMENTATIONS = YES;
				CLANG_WARN_DIRECT_OBJC_ISA_USAGE = YES_ERROR;
				CLANG_WARN_DOCUMENTATION_COMMENTS = YES;
				CLANG_WARN_EMPTY_BODY = YES;
				CLANG_WARN_ENUM_CONVERSION = YES;
				CLANG_WARN_INFINITE_RECURSION = YES;
				CLANG_WARN_INT_CONVERSION = YES;
				CLANG_WARN_NON_LITERAL_NULL_CONVERSION = YES;
				CLANG_WARN_OBJC_IMPLICIT_RETAIN_SELF = YES;
				CLANG_WARN_OBJC_LITERAL_CONVERSION = YES;
				CLANG_WARN_OBJC_ROOT_CLASS = YES_ERROR;
				CLANG_WARN_QUOTED_INCLUDE_IN_FRAMEWORK_HEADER = YES;
				CLANG_WARN_RANGE_LOOP_ANALYSIS = YES;
				CLANG_WARN_STRICT_PROTOTYPES = YES;
				CLANG_WARN_SUSPICIOUS_MOVE = YES;
				CLANG_WARN_UNGUARDED_AVAILABILITY = YES_AGGRESSIVE;
				CLANG_WARN_UNREACHABLE_CODE = YES;
				CLANG_WARN__DUPLICATE_METHOD_MATCH = YES;
				COPY_PHASE_STRIP = NO;
				DEBUG_INFORMATION_FORMAT = dwarf;
				ENABLE_STRICT_OBJC_MSGSEND = YES;
				ENABLE_TESTABILITY = YES;
				GCC_C_LANGUAGE_STANDARD = gnu11;
				GCC_DYNAMIC_NO_PIC = NO;
				GCC_NO_COMMON_BLOCKS = YES;
				GCC_OPTIMIZATION_LEVEL = 0;
				GCC_PREPROCESSOR_DEFINITIONS = (
					"DEBUG=1",
					"$(inherited)",
				);
				GCC_WARN_64_TO_32_BIT_CONVERSION = YES;
				GCC_WARN_ABOUT_RETURN_TYPE = YES_ERROR;
				GCC_WARN_UNDECLARED_SELECTOR = YES;
				GCC_WARN_UNINITIALIZED_AUTOS = YES_AGGRESSIVE;
				GCC_WARN_UNUSED_FUNCTION = YES;
				GCC_WARN_UNUSED_VARIABLE = YES;
				IPHONEOS_DEPLOYMENT_TARGET = 14.4;
				MTL_ENABLE_DEBUG_INFO = INCLUDE_SOURCE;
				MTL_FAST_MATH = YES;
				ONLY_ACTIVE_ARCH = YES;
				SDKROOT = iphoneos;
				SWIFT_ACTIVE_COMPILATION_CONDITIONS = DEBUG;
				SWIFT_OPTIMIZATION_LEVEL = "-Onone";
			};
			name = Debug;
		};
		2DA04F5327DADD520063D952 /* Release */ = {
			isa = XCBuildConfiguration;
			buildSettings = {
				ALWAYS_SEARCH_USER_PATHS = NO;
				CLANG_ANALYZER_NONNULL = YES;
				CLANG_ANALYZER_NUMBER_OBJECT_CONVERSION = YES_AGGRESSIVE;
				CLANG_CXX_LANGUAGE_STANDARD = "gnu++14";
				CLANG_CXX_LIBRARY = "libc++";
				CLANG_ENABLE_MODULES = YES;
				CLANG_ENABLE_OBJC_ARC = YES;
				CLANG_ENABLE_OBJC_WEAK = YES;
				CLANG_WARN_BLOCK_CAPTURE_AUTORELEASING = YES;
				CLANG_WARN_BOOL_CONVERSION = YES;
				CLANG_WARN_COMMA = YES;
				CLANG_WARN_CONSTANT_CONVERSION = YES;
				CLANG_WARN_DEPRECATED_OBJC_IMPLEMENTATIONS = YES;
				CLANG_WARN_DIRECT_OBJC_ISA_USAGE = YES_ERROR;
				CLANG_WARN_DOCUMENTATION_COMMENTS = YES;
				CLANG_WARN_EMPTY_BODY = YES;
				CLANG_WARN_ENUM_CONVERSION = YES;
				CLANG_WARN_INFINITE_RECURSION = YES;
				CLANG_WARN_INT_CONVERSION = YES;
				CLANG_WARN_NON_LITERAL_NULL_CONVERSION = YES;
				CLANG_WARN_OBJC_IMPLICIT_RETAIN_SELF = YES;
				CLANG_WARN_OBJC_LITERAL_CONVERSION = YES;
				CLANG_WARN_OBJC_ROOT_CLASS = YES_ERROR;
				CLANG_WARN_QUOTED_INCLUDE_IN_FRAMEWORK_HEADER = YES;
				CLANG_WARN_RANGE_LOOP_ANALYSIS = YES;
				CLANG_WARN_STRICT_PROTOTYPES = YES;
				CLANG_WARN_SUSPICIOUS_MOVE = YES;
				CLANG_WARN_UNGUARDED_AVAILABILITY = YES_AGGRESSIVE;
				CLANG_WARN_UNREACHABLE_CODE = YES;
				CLANG_WARN__DUPLICATE_METHOD_MATCH = YES;
				COPY_PHASE_STRIP = NO;
				DEBUG_INFORMATION_FORMAT = "dwarf-with-dsym";
				ENABLE_NS_ASSERTIONS = NO;
				ENABLE_STRICT_OBJC_MSGSEND = YES;
				GCC_C_LANGUAGE_STANDARD = gnu11;
				GCC_NO_COMMON_BLOCKS = YES;
				GCC_WARN_64_TO_32_BIT_CONVERSION = YES;
				GCC_WARN_ABOUT_RETURN_TYPE = YES_ERROR;
				GCC_WARN_UNDECLARED_SELECTOR = YES;
				GCC_WARN_UNINITIALIZED_AUTOS = YES_AGGRESSIVE;
				GCC_WARN_UNUSED_FUNCTION = YES;
				GCC_WARN_UNUSED_VARIABLE = YES;
				IPHONEOS_DEPLOYMENT_TARGET = 14.4;
				MTL_ENABLE_DEBUG_INFO = NO;
				MTL_FAST_MATH = YES;
				SDKROOT = iphoneos;
				SWIFT_COMPILATION_MODE = wholemodule;
				SWIFT_OPTIMIZATION_LEVEL = "-O";
				VALIDATE_PRODUCT = YES;
			};
			name = Release;
		};
		2DA04F5527DADD520063D952 /* Debug */ = {
			isa = XCBuildConfiguration;
			buildSettings = {
				ASSETCATALOG_COMPILER_APPICON_NAME = AppIcon;
				ASSETCATALOG_COMPILER_GLOBAL_ACCENT_COLOR_NAME = AccentColor;
				CODE_SIGN_STYLE = Automatic;
				DEVELOPMENT_ASSET_PATHS = "\"CardBox/Preview Content\"";
				DEVELOPMENT_TEAM = QQ75T3463Z;
				ENABLE_PREVIEWS = YES;
				INFOPLIST_FILE = CardBox/Info.plist;
				IPHONEOS_DEPLOYMENT_TARGET = 14.0;
				LD_RUNPATH_SEARCH_PATHS = (
					"$(inherited)",
					"@executable_path/Frameworks",
				);
				PRODUCT_BUNDLE_IDENTIFIER = cs3217.CardBox;
				PRODUCT_NAME = "$(TARGET_NAME)";
				SWIFT_VERSION = 5.0;
				TARGETED_DEVICE_FAMILY = "1,2";
			};
			name = Debug;
		};
		2DA04F5627DADD520063D952 /* Release */ = {
			isa = XCBuildConfiguration;
			buildSettings = {
				ASSETCATALOG_COMPILER_APPICON_NAME = AppIcon;
				ASSETCATALOG_COMPILER_GLOBAL_ACCENT_COLOR_NAME = AccentColor;
				CODE_SIGN_STYLE = Automatic;
				DEVELOPMENT_ASSET_PATHS = "\"CardBox/Preview Content\"";
				DEVELOPMENT_TEAM = QQ75T3463Z;
				ENABLE_PREVIEWS = YES;
				INFOPLIST_FILE = CardBox/Info.plist;
				IPHONEOS_DEPLOYMENT_TARGET = 14.0;
				LD_RUNPATH_SEARCH_PATHS = (
					"$(inherited)",
					"@executable_path/Frameworks",
				);
				PRODUCT_BUNDLE_IDENTIFIER = cs3217.CardBox;
				PRODUCT_NAME = "$(TARGET_NAME)";
				SWIFT_VERSION = 5.0;
				TARGETED_DEVICE_FAMILY = "1,2";
			};
			name = Release;
		};
		2DA04F5827DADD520063D952 /* Debug */ = {
			isa = XCBuildConfiguration;
			buildSettings = {
				ALWAYS_EMBED_SWIFT_STANDARD_LIBRARIES = YES;
				BUNDLE_LOADER = "$(TEST_HOST)";
				CODE_SIGN_STYLE = Automatic;
				INFOPLIST_FILE = CardBoxTests/Info.plist;
				IPHONEOS_DEPLOYMENT_TARGET = 14.0;
				LD_RUNPATH_SEARCH_PATHS = (
					"$(inherited)",
					"@executable_path/Frameworks",
					"@loader_path/Frameworks",
				);
				PRODUCT_BUNDLE_IDENTIFIER = cs3217.CardBoxTests;
				PRODUCT_NAME = "$(TARGET_NAME)";
				SWIFT_VERSION = 5.0;
				TARGETED_DEVICE_FAMILY = "1,2";
				TEST_HOST = "$(BUILT_PRODUCTS_DIR)/CardBox.app/CardBox";
			};
			name = Debug;
		};
		2DA04F5927DADD520063D952 /* Release */ = {
			isa = XCBuildConfiguration;
			buildSettings = {
				ALWAYS_EMBED_SWIFT_STANDARD_LIBRARIES = YES;
				BUNDLE_LOADER = "$(TEST_HOST)";
				CODE_SIGN_STYLE = Automatic;
				INFOPLIST_FILE = CardBoxTests/Info.plist;
				IPHONEOS_DEPLOYMENT_TARGET = 14.0;
				LD_RUNPATH_SEARCH_PATHS = (
					"$(inherited)",
					"@executable_path/Frameworks",
					"@loader_path/Frameworks",
				);
				PRODUCT_BUNDLE_IDENTIFIER = cs3217.CardBoxTests;
				PRODUCT_NAME = "$(TARGET_NAME)";
				SWIFT_VERSION = 5.0;
				TARGETED_DEVICE_FAMILY = "1,2";
				TEST_HOST = "$(BUILT_PRODUCTS_DIR)/CardBox.app/CardBox";
			};
			name = Release;
		};
		2DA04F5B27DADD520063D952 /* Debug */ = {
			isa = XCBuildConfiguration;
			buildSettings = {
				ALWAYS_EMBED_SWIFT_STANDARD_LIBRARIES = YES;
				CODE_SIGN_STYLE = Automatic;
				INFOPLIST_FILE = CardBoxUITests/Info.plist;
				LD_RUNPATH_SEARCH_PATHS = (
					"$(inherited)",
					"@executable_path/Frameworks",
					"@loader_path/Frameworks",
				);
				PRODUCT_BUNDLE_IDENTIFIER = cs3217.CardBoxUITests;
				PRODUCT_NAME = "$(TARGET_NAME)";
				SWIFT_VERSION = 5.0;
				TARGETED_DEVICE_FAMILY = "1,2";
				TEST_TARGET_NAME = CardBox;
			};
			name = Debug;
		};
		2DA04F5C27DADD520063D952 /* Release */ = {
			isa = XCBuildConfiguration;
			buildSettings = {
				ALWAYS_EMBED_SWIFT_STANDARD_LIBRARIES = YES;
				CODE_SIGN_STYLE = Automatic;
				INFOPLIST_FILE = CardBoxUITests/Info.plist;
				LD_RUNPATH_SEARCH_PATHS = (
					"$(inherited)",
					"@executable_path/Frameworks",
					"@loader_path/Frameworks",
				);
				PRODUCT_BUNDLE_IDENTIFIER = cs3217.CardBoxUITests;
				PRODUCT_NAME = "$(TARGET_NAME)";
				SWIFT_VERSION = 5.0;
				TARGETED_DEVICE_FAMILY = "1,2";
				TEST_TARGET_NAME = CardBox;
			};
			name = Release;
		};
/* End XCBuildConfiguration section */

/* Begin XCConfigurationList section */
		2DA04F2A27DADD500063D952 /* Build configuration list for PBXProject "CardBox" */ = {
			isa = XCConfigurationList;
			buildConfigurations = (
				2DA04F5227DADD520063D952 /* Debug */,
				2DA04F5327DADD520063D952 /* Release */,
			);
			defaultConfigurationIsVisible = 0;
			defaultConfigurationName = Release;
		};
		2DA04F5427DADD520063D952 /* Build configuration list for PBXNativeTarget "CardBox" */ = {
			isa = XCConfigurationList;
			buildConfigurations = (
				2DA04F5527DADD520063D952 /* Debug */,
				2DA04F5627DADD520063D952 /* Release */,
			);
			defaultConfigurationIsVisible = 0;
			defaultConfigurationName = Release;
		};
		2DA04F5727DADD520063D952 /* Build configuration list for PBXNativeTarget "CardBoxTests" */ = {
			isa = XCConfigurationList;
			buildConfigurations = (
				2DA04F5827DADD520063D952 /* Debug */,
				2DA04F5927DADD520063D952 /* Release */,
			);
			defaultConfigurationIsVisible = 0;
			defaultConfigurationName = Release;
		};
		2DA04F5A27DADD520063D952 /* Build configuration list for PBXNativeTarget "CardBoxUITests" */ = {
			isa = XCConfigurationList;
			buildConfigurations = (
				2DA04F5B27DADD520063D952 /* Debug */,
				2DA04F5C27DADD520063D952 /* Release */,
			);
			defaultConfigurationIsVisible = 0;
			defaultConfigurationName = Release;
		};
/* End XCConfigurationList section */
	};
	rootObject = 2DA04F2727DADD500063D952 /* Project object */;
}
