// !$*UTF8*$!
{
	archiveVersion = 1;
	classes = {
	};
	objectVersion = 55;
	objects = {

/* Begin PBXBuildFile section */
		4589AAE827D6035E005FDA07 /* CardBoxApp.swift in Sources */ = {isa = PBXBuildFile; fileRef = 4589AAE727D6035E005FDA07 /* CardBoxApp.swift */; };
		4589AAEA27D6035E005FDA07 /* ContentView.swift in Sources */ = {isa = PBXBuildFile; fileRef = 4589AAE927D6035E005FDA07 /* ContentView.swift */; };
		4589AAEC27D6035F005FDA07 /* Assets.xcassets in Resources */ = {isa = PBXBuildFile; fileRef = 4589AAEB27D6035F005FDA07 /* Assets.xcassets */; };
		4589AAEF27D6035F005FDA07 /* Preview Assets.xcassets in Resources */ = {isa = PBXBuildFile; fileRef = 4589AAEE27D6035F005FDA07 /* Preview Assets.xcassets */; };
		4589AAF927D6035F005FDA07 /* CardBoxTests.swift in Sources */ = {isa = PBXBuildFile; fileRef = 4589AAF827D6035F005FDA07 /* CardBoxTests.swift */; };
		4589AB0327D6035F005FDA07 /* CardBoxUITests.swift in Sources */ = {isa = PBXBuildFile; fileRef = 4589AB0227D6035F005FDA07 /* CardBoxUITests.swift */; };
		4589AB0527D6035F005FDA07 /* CardBoxUITestsLaunchTests.swift in Sources */ = {isa = PBXBuildFile; fileRef = 4589AB0427D6035F005FDA07 /* CardBoxUITestsLaunchTests.swift */; };
/* End PBXBuildFile section */

/* Begin PBXContainerItemProxy section */
		4589AAF527D6035F005FDA07 /* PBXContainerItemProxy */ = {
			isa = PBXContainerItemProxy;
			containerPortal = 4589AADC27D6035E005FDA07 /* Project object */;
			proxyType = 1;
			remoteGlobalIDString = 4589AAE327D6035E005FDA07;
			remoteInfo = CardBox;
		};
		4589AAFF27D6035F005FDA07 /* PBXContainerItemProxy */ = {
			isa = PBXContainerItemProxy;
			containerPortal = 4589AADC27D6035E005FDA07 /* Project object */;
			proxyType = 1;
			remoteGlobalIDString = 4589AAE327D6035E005FDA07;
			remoteInfo = CardBox;
		};
/* End PBXContainerItemProxy section */

/* Begin PBXFileReference section */
		4589AAE427D6035E005FDA07 /* CardBox.app */ = {isa = PBXFileReference; explicitFileType = wrapper.application; includeInIndex = 0; path = CardBox.app; sourceTree = BUILT_PRODUCTS_DIR; };
		4589AAE727D6035E005FDA07 /* CardBoxApp.swift */ = {isa = PBXFileReference; lastKnownFileType = sourcecode.swift; path = CardBoxApp.swift; sourceTree = "<group>"; };
		4589AAE927D6035E005FDA07 /* ContentView.swift */ = {isa = PBXFileReference; lastKnownFileType = sourcecode.swift; path = ContentView.swift; sourceTree = "<group>"; };
		4589AAEB27D6035F005FDA07 /* Assets.xcassets */ = {isa = PBXFileReference; lastKnownFileType = folder.assetcatalog; path = Assets.xcassets; sourceTree = "<group>"; };
		4589AAEE27D6035F005FDA07 /* Preview Assets.xcassets */ = {isa = PBXFileReference; lastKnownFileType = folder.assetcatalog; path = "Preview Assets.xcassets"; sourceTree = "<group>"; };
		4589AAF427D6035F005FDA07 /* CardBoxTests.xctest */ = {isa = PBXFileReference; explicitFileType = wrapper.cfbundle; includeInIndex = 0; path = CardBoxTests.xctest; sourceTree = BUILT_PRODUCTS_DIR; };
		4589AAF827D6035F005FDA07 /* CardBoxTests.swift */ = {isa = PBXFileReference; lastKnownFileType = sourcecode.swift; path = CardBoxTests.swift; sourceTree = "<group>"; };
		4589AAFE27D6035F005FDA07 /* CardBoxUITests.xctest */ = {isa = PBXFileReference; explicitFileType = wrapper.cfbundle; includeInIndex = 0; path = CardBoxUITests.xctest; sourceTree = BUILT_PRODUCTS_DIR; };
		4589AB0227D6035F005FDA07 /* CardBoxUITests.swift */ = {isa = PBXFileReference; lastKnownFileType = sourcecode.swift; path = CardBoxUITests.swift; sourceTree = "<group>"; };
		4589AB0427D6035F005FDA07 /* CardBoxUITestsLaunchTests.swift */ = {isa = PBXFileReference; lastKnownFileType = sourcecode.swift; path = CardBoxUITestsLaunchTests.swift; sourceTree = "<group>"; };
/* End PBXFileReference section */

/* Begin PBXFrameworksBuildPhase section */
		4589AAE127D6035E005FDA07 /* Frameworks */ = {
			isa = PBXFrameworksBuildPhase;
			buildActionMask = 2147483647;
			files = (
			);
			runOnlyForDeploymentPostprocessing = 0;
		};
		4589AAF127D6035F005FDA07 /* Frameworks */ = {
			isa = PBXFrameworksBuildPhase;
			buildActionMask = 2147483647;
			files = (
			);
			runOnlyForDeploymentPostprocessing = 0;
		};
		4589AAFB27D6035F005FDA07 /* Frameworks */ = {
			isa = PBXFrameworksBuildPhase;
			buildActionMask = 2147483647;
			files = (
			);
			runOnlyForDeploymentPostprocessing = 0;
		};
/* End PBXFrameworksBuildPhase section */

/* Begin PBXGroup section */
		4589AADB27D6035E005FDA07 = {
			isa = PBXGroup;
			children = (
				4589AAE627D6035E005FDA07 /* CardBox */,
				4589AAF727D6035F005FDA07 /* CardBoxTests */,
				4589AB0127D6035F005FDA07 /* CardBoxUITests */,
				4589AAE527D6035E005FDA07 /* Products */,
			);
			sourceTree = "<group>";
		};
		4589AAE527D6035E005FDA07 /* Products */ = {
			isa = PBXGroup;
			children = (
				4589AAE427D6035E005FDA07 /* CardBox.app */,
				4589AAF427D6035F005FDA07 /* CardBoxTests.xctest */,
				4589AAFE27D6035F005FDA07 /* CardBoxUITests.xctest */,
			);
			name = Products;
			sourceTree = "<group>";
		};
		4589AAE627D6035E005FDA07 /* CardBox */ = {
			isa = PBXGroup;
			children = (
				4589AAE727D6035E005FDA07 /* CardBoxApp.swift */,
				4589AAE927D6035E005FDA07 /* ContentView.swift */,
				4589AAEB27D6035F005FDA07 /* Assets.xcassets */,
				4589AAED27D6035F005FDA07 /* Preview Content */,
			);
			path = CardBox;
			sourceTree = "<group>";
		};
		4589AAED27D6035F005FDA07 /* Preview Content */ = {
			isa = PBXGroup;
			children = (
				4589AAEE27D6035F005FDA07 /* Preview Assets.xcassets */,
			);
			path = "Preview Content";
			sourceTree = "<group>";
		};
		4589AAF727D6035F005FDA07 /* CardBoxTests */ = {
			isa = PBXGroup;
			children = (
				4589AAF827D6035F005FDA07 /* CardBoxTests.swift */,
			);
			path = CardBoxTests;
			sourceTree = "<group>";
		};
		4589AB0127D6035F005FDA07 /* CardBoxUITests */ = {
			isa = PBXGroup;
			children = (
				4589AB0227D6035F005FDA07 /* CardBoxUITests.swift */,
				4589AB0427D6035F005FDA07 /* CardBoxUITestsLaunchTests.swift */,
			);
			path = CardBoxUITests;
			sourceTree = "<group>";
		};
/* End PBXGroup section */

/* Begin PBXNativeTarget section */
		4589AAE327D6035E005FDA07 /* CardBox */ = {
			isa = PBXNativeTarget;
			buildConfigurationList = 4589AB0827D6035F005FDA07 /* Build configuration list for PBXNativeTarget "CardBox" */;
			buildPhases = (
				4589AAE027D6035E005FDA07 /* Sources */,
				4589AAE127D6035E005FDA07 /* Frameworks */,
				4589AAE227D6035E005FDA07 /* Resources */,
			);
			buildRules = (
			);
			dependencies = (
			);
			name = CardBox;
			productName = CardBox;
			productReference = 4589AAE427D6035E005FDA07 /* CardBox.app */;
			productType = "com.apple.product-type.application";
		};
		4589AAF327D6035F005FDA07 /* CardBoxTests */ = {
			isa = PBXNativeTarget;
			buildConfigurationList = 4589AB0B27D6035F005FDA07 /* Build configuration list for PBXNativeTarget "CardBoxTests" */;
			buildPhases = (
				4589AAF027D6035F005FDA07 /* Sources */,
				4589AAF127D6035F005FDA07 /* Frameworks */,
				4589AAF227D6035F005FDA07 /* Resources */,
			);
			buildRules = (
			);
			dependencies = (
				4589AAF627D6035F005FDA07 /* PBXTargetDependency */,
			);
			name = CardBoxTests;
			productName = CardBoxTests;
			productReference = 4589AAF427D6035F005FDA07 /* CardBoxTests.xctest */;
			productType = "com.apple.product-type.bundle.unit-test";
		};
		4589AAFD27D6035F005FDA07 /* CardBoxUITests */ = {
			isa = PBXNativeTarget;
			buildConfigurationList = 4589AB0E27D6035F005FDA07 /* Build configuration list for PBXNativeTarget "CardBoxUITests" */;
			buildPhases = (
				4589AAFA27D6035F005FDA07 /* Sources */,
				4589AAFB27D6035F005FDA07 /* Frameworks */,
				4589AAFC27D6035F005FDA07 /* Resources */,
			);
			buildRules = (
			);
			dependencies = (
				4589AB0027D6035F005FDA07 /* PBXTargetDependency */,
			);
			name = CardBoxUITests;
			productName = CardBoxUITests;
			productReference = 4589AAFE27D6035F005FDA07 /* CardBoxUITests.xctest */;
			productType = "com.apple.product-type.bundle.ui-testing";
		};
/* End PBXNativeTarget section */

/* Begin PBXProject section */
		4589AADC27D6035E005FDA07 /* Project object */ = {
			isa = PBXProject;
			attributes = {
				BuildIndependentTargetsInParallel = 1;
				LastSwiftUpdateCheck = 1320;
				LastUpgradeCheck = 1320;
				TargetAttributes = {
					4589AAE327D6035E005FDA07 = {
						CreatedOnToolsVersion = 13.2.1;
					};
					4589AAF327D6035F005FDA07 = {
						CreatedOnToolsVersion = 13.2.1;
						TestTargetID = 4589AAE327D6035E005FDA07;
					};
					4589AAFD27D6035F005FDA07 = {
						CreatedOnToolsVersion = 13.2.1;
						TestTargetID = 4589AAE327D6035E005FDA07;
					};
				};
			};
			buildConfigurationList = 4589AADF27D6035E005FDA07 /* Build configuration list for PBXProject "CardBox" */;
			compatibilityVersion = "Xcode 13.0";
			developmentRegion = en;
			hasScannedForEncodings = 0;
			knownRegions = (
				en,
				Base,
			);
			mainGroup = 4589AADB27D6035E005FDA07;
			productRefGroup = 4589AAE527D6035E005FDA07 /* Products */;
			projectDirPath = "";
			projectRoot = "";
			targets = (
				4589AAE327D6035E005FDA07 /* CardBox */,
				4589AAF327D6035F005FDA07 /* CardBoxTests */,
				4589AAFD27D6035F005FDA07 /* CardBoxUITests */,
			);
		};
/* End PBXProject section */

/* Begin PBXResourcesBuildPhase section */
		4589AAE227D6035E005FDA07 /* Resources */ = {
			isa = PBXResourcesBuildPhase;
			buildActionMask = 2147483647;
			files = (
				4589AAEF27D6035F005FDA07 /* Preview Assets.xcassets in Resources */,
				4589AAEC27D6035F005FDA07 /* Assets.xcassets in Resources */,
			);
			runOnlyForDeploymentPostprocessing = 0;
		};
		4589AAF227D6035F005FDA07 /* Resources */ = {
			isa = PBXResourcesBuildPhase;
			buildActionMask = 2147483647;
			files = (
			);
			runOnlyForDeploymentPostprocessing = 0;
		};
		4589AAFC27D6035F005FDA07 /* Resources */ = {
			isa = PBXResourcesBuildPhase;
			buildActionMask = 2147483647;
			files = (
			);
			runOnlyForDeploymentPostprocessing = 0;
		};
/* End PBXResourcesBuildPhase section */

/* Begin PBXSourcesBuildPhase section */
		4589AAE027D6035E005FDA07 /* Sources */ = {
			isa = PBXSourcesBuildPhase;
			buildActionMask = 2147483647;
			files = (
				4589AAEA27D6035E005FDA07 /* ContentView.swift in Sources */,
				4589AAE827D6035E005FDA07 /* CardBoxApp.swift in Sources */,
			);
			runOnlyForDeploymentPostprocessing = 0;
		};
		4589AAF027D6035F005FDA07 /* Sources */ = {
			isa = PBXSourcesBuildPhase;
			buildActionMask = 2147483647;
			files = (
				4589AAF927D6035F005FDA07 /* CardBoxTests.swift in Sources */,
			);
			runOnlyForDeploymentPostprocessing = 0;
		};
		4589AAFA27D6035F005FDA07 /* Sources */ = {
			isa = PBXSourcesBuildPhase;
			buildActionMask = 2147483647;
			files = (
				4589AB0527D6035F005FDA07 /* CardBoxUITestsLaunchTests.swift in Sources */,
				4589AB0327D6035F005FDA07 /* CardBoxUITests.swift in Sources */,
			);
			runOnlyForDeploymentPostprocessing = 0;
		};
/* End PBXSourcesBuildPhase section */

/* Begin PBXTargetDependency section */
		4589AAF627D6035F005FDA07 /* PBXTargetDependency */ = {
			isa = PBXTargetDependency;
			target = 4589AAE327D6035E005FDA07 /* CardBox */;
			targetProxy = 4589AAF527D6035F005FDA07 /* PBXContainerItemProxy */;
		};
		4589AB0027D6035F005FDA07 /* PBXTargetDependency */ = {
			isa = PBXTargetDependency;
			target = 4589AAE327D6035E005FDA07 /* CardBox */;
			targetProxy = 4589AAFF27D6035F005FDA07 /* PBXContainerItemProxy */;
		};
/* End PBXTargetDependency section */

/* Begin XCBuildConfiguration section */
		4589AB0627D6035F005FDA07 /* Debug */ = {
			isa = XCBuildConfiguration;
			buildSettings = {
				ALWAYS_SEARCH_USER_PATHS = NO;
				CLANG_ANALYZER_NONNULL = YES;
				CLANG_ANALYZER_NUMBER_OBJECT_CONVERSION = YES_AGGRESSIVE;
				CLANG_CXX_LANGUAGE_STANDARD = "gnu++17";
				CLANG_CXX_LIBRARY = "libc++";
				CLANG_ENABLE_MODULES = YES;
				CLANG_ENABLE_OBJC_ARC = YES;
				CLANG_ENABLE_OBJC_WEAK = YES;
				CLANG_WARN_BLOCK_CAPTURE_AUTORELEASING = YES;
				CLANG_WARN_BOOL_CONVERSION = YES;
				CLANG_WARN_COMMA = YES;
				CLANG_WARN_CONSTANT_CONVERSION = YES;
				CLANG_WARN_DEPRECATED_OBJC_IMPLEMENTATIONS = YES;
				CLANG_WARN_DIRECT_OBJC_ISA_USAGE = YES_ERROR;
				CLANG_WARN_DOCUMENTATION_COMMENTS = YES;
				CLANG_WARN_EMPTY_BODY = YES;
				CLANG_WARN_ENUM_CONVERSION = YES;
				CLANG_WARN_INFINITE_RECURSION = YES;
				CLANG_WARN_INT_CONVERSION = YES;
				CLANG_WARN_NON_LITERAL_NULL_CONVERSION = YES;
				CLANG_WARN_OBJC_IMPLICIT_RETAIN_SELF = YES;
				CLANG_WARN_OBJC_LITERAL_CONVERSION = YES;
				CLANG_WARN_OBJC_ROOT_CLASS = YES_ERROR;
				CLANG_WARN_QUOTED_INCLUDE_IN_FRAMEWORK_HEADER = YES;
				CLANG_WARN_RANGE_LOOP_ANALYSIS = YES;
				CLANG_WARN_STRICT_PROTOTYPES = YES;
				CLANG_WARN_SUSPICIOUS_MOVE = YES;
				CLANG_WARN_UNGUARDED_AVAILABILITY = YES_AGGRESSIVE;
				CLANG_WARN_UNREACHABLE_CODE = YES;
				CLANG_WARN__DUPLICATE_METHOD_MATCH = YES;
				COPY_PHASE_STRIP = NO;
				DEBUG_INFORMATION_FORMAT = dwarf;
				ENABLE_STRICT_OBJC_MSGSEND = YES;
				ENABLE_TESTABILITY = YES;
				GCC_C_LANGUAGE_STANDARD = gnu11;
				GCC_DYNAMIC_NO_PIC = NO;
				GCC_NO_COMMON_BLOCKS = YES;
				GCC_OPTIMIZATION_LEVEL = 0;
				GCC_PREPROCESSOR_DEFINITIONS = (
					"DEBUG=1",
					"$(inherited)",
				);
				GCC_WARN_64_TO_32_BIT_CONVERSION = YES;
				GCC_WARN_ABOUT_RETURN_TYPE = YES_ERROR;
				GCC_WARN_UNDECLARED_SELECTOR = YES;
				GCC_WARN_UNINITIALIZED_AUTOS = YES_AGGRESSIVE;
				GCC_WARN_UNUSED_FUNCTION = YES;
				GCC_WARN_UNUSED_VARIABLE = YES;
				IPHONEOS_DEPLOYMENT_TARGET = 15.2;
				MTL_ENABLE_DEBUG_INFO = INCLUDE_SOURCE;
				MTL_FAST_MATH = YES;
				ONLY_ACTIVE_ARCH = YES;
				SDKROOT = iphoneos;
				SWIFT_ACTIVE_COMPILATION_CONDITIONS = DEBUG;
				SWIFT_OPTIMIZATION_LEVEL = "-Onone";
			};
			name = Debug;
		};
		4589AB0727D6035F005FDA07 /* Release */ = {
			isa = XCBuildConfiguration;
			buildSettings = {
				ALWAYS_SEARCH_USER_PATHS = NO;
				CLANG_ANALYZER_NONNULL = YES;
				CLANG_ANALYZER_NUMBER_OBJECT_CONVERSION = YES_AGGRESSIVE;
				CLANG_CXX_LANGUAGE_STANDARD = "gnu++17";
				CLANG_CXX_LIBRARY = "libc++";
				CLANG_ENABLE_MODULES = YES;
				CLANG_ENABLE_OBJC_ARC = YES;
				CLANG_ENABLE_OBJC_WEAK = YES;
				CLANG_WARN_BLOCK_CAPTURE_AUTORELEASING = YES;
				CLANG_WARN_BOOL_CONVERSION = YES;
				CLANG_WARN_COMMA = YES;
				CLANG_WARN_CONSTANT_CONVERSION = YES;
				CLANG_WARN_DEPRECATED_OBJC_IMPLEMENTATIONS = YES;
				CLANG_WARN_DIRECT_OBJC_ISA_USAGE = YES_ERROR;
				CLANG_WARN_DOCUMENTATION_COMMENTS = YES;
				CLANG_WARN_EMPTY_BODY = YES;
				CLANG_WARN_ENUM_CONVERSION = YES;
				CLANG_WARN_INFINITE_RECURSION = YES;
				CLANG_WARN_INT_CONVERSION = YES;
				CLANG_WARN_NON_LITERAL_NULL_CONVERSION = YES;
				CLANG_WARN_OBJC_IMPLICIT_RETAIN_SELF = YES;
				CLANG_WARN_OBJC_LITERAL_CONVERSION = YES;
				CLANG_WARN_OBJC_ROOT_CLASS = YES_ERROR;
				CLANG_WARN_QUOTED_INCLUDE_IN_FRAMEWORK_HEADER = YES;
				CLANG_WARN_RANGE_LOOP_ANALYSIS = YES;
				CLANG_WARN_STRICT_PROTOTYPES = YES;
				CLANG_WARN_SUSPICIOUS_MOVE = YES;
				CLANG_WARN_UNGUARDED_AVAILABILITY = YES_AGGRESSIVE;
				CLANG_WARN_UNREACHABLE_CODE = YES;
				CLANG_WARN__DUPLICATE_METHOD_MATCH = YES;
				COPY_PHASE_STRIP = NO;
				DEBUG_INFORMATION_FORMAT = "dwarf-with-dsym";
				ENABLE_NS_ASSERTIONS = NO;
				ENABLE_STRICT_OBJC_MSGSEND = YES;
				GCC_C_LANGUAGE_STANDARD = gnu11;
				GCC_NO_COMMON_BLOCKS = YES;
				GCC_WARN_64_TO_32_BIT_CONVERSION = YES;
				GCC_WARN_ABOUT_RETURN_TYPE = YES_ERROR;
				GCC_WARN_UNDECLARED_SELECTOR = YES;
				GCC_WARN_UNINITIALIZED_AUTOS = YES_AGGRESSIVE;
				GCC_WARN_UNUSED_FUNCTION = YES;
				GCC_WARN_UNUSED_VARIABLE = YES;
				IPHONEOS_DEPLOYMENT_TARGET = 15.2;
				MTL_ENABLE_DEBUG_INFO = NO;
				MTL_FAST_MATH = YES;
				SDKROOT = iphoneos;
				SWIFT_COMPILATION_MODE = wholemodule;
				SWIFT_OPTIMIZATION_LEVEL = "-O";
				VALIDATE_PRODUCT = YES;
			};
			name = Release;
		};
		4589AB0927D6035F005FDA07 /* Debug */ = {
			isa = XCBuildConfiguration;
			buildSettings = {
				ASSETCATALOG_COMPILER_APPICON_NAME = AppIcon;
				ASSETCATALOG_COMPILER_GLOBAL_ACCENT_COLOR_NAME = AccentColor;
				CODE_SIGN_STYLE = Automatic;
				CURRENT_PROJECT_VERSION = 1;
				DEVELOPMENT_ASSET_PATHS = "\"CardBox/Preview Content\"";
				ENABLE_PREVIEWS = YES;
				GENERATE_INFOPLIST_FILE = YES;
				INFOPLIST_KEY_UIApplicationSceneManifest_Generation = YES;
				INFOPLIST_KEY_UIApplicationSupportsIndirectInputEvents = YES;
				INFOPLIST_KEY_UILaunchScreen_Generation = YES;
				INFOPLIST_KEY_UISupportedInterfaceOrientations_iPad = "UIInterfaceOrientationPortrait UIInterfaceOrientationPortraitUpsideDown UIInterfaceOrientationLandscapeLeft UIInterfaceOrientationLandscapeRight";
				INFOPLIST_KEY_UISupportedInterfaceOrientations_iPhone = "UIInterfaceOrientationPortrait UIInterfaceOrientationLandscapeLeft UIInterfaceOrientationLandscapeRight";
				LD_RUNPATH_SEARCH_PATHS = (
					"$(inherited)",
					"@executable_path/Frameworks",
				);
				MARKETING_VERSION = 1.0;
				PRODUCT_BUNDLE_IDENTIFIER = cs3217.CardBox;
				PRODUCT_NAME = "$(TARGET_NAME)";
				SWIFT_EMIT_LOC_STRINGS = YES;
				SWIFT_VERSION = 5.0;
				TARGETED_DEVICE_FAMILY = "1,2";
			};
			name = Debug;
		};
		4589AB0A27D6035F005FDA07 /* Release */ = {
			isa = XCBuildConfiguration;
			buildSettings = {
				ASSETCATALOG_COMPILER_APPICON_NAME = AppIcon;
				ASSETCATALOG_COMPILER_GLOBAL_ACCENT_COLOR_NAME = AccentColor;
				CODE_SIGN_STYLE = Automatic;
				CURRENT_PROJECT_VERSION = 1;
				DEVELOPMENT_ASSET_PATHS = "\"CardBox/Preview Content\"";
				ENABLE_PREVIEWS = YES;
				GENERATE_INFOPLIST_FILE = YES;
				INFOPLIST_KEY_UIApplicationSceneManifest_Generation = YES;
				INFOPLIST_KEY_UIApplicationSupportsIndirectInputEvents = YES;
				INFOPLIST_KEY_UILaunchScreen_Generation = YES;
				INFOPLIST_KEY_UISupportedInterfaceOrientations_iPad = "UIInterfaceOrientationPortrait UIInterfaceOrientationPortraitUpsideDown UIInterfaceOrientationLandscapeLeft UIInterfaceOrientationLandscapeRight";
				INFOPLIST_KEY_UISupportedInterfaceOrientations_iPhone = "UIInterfaceOrientationPortrait UIInterfaceOrientationLandscapeLeft UIInterfaceOrientationLandscapeRight";
				LD_RUNPATH_SEARCH_PATHS = (
					"$(inherited)",
					"@executable_path/Frameworks",
				);
				MARKETING_VERSION = 1.0;
				PRODUCT_BUNDLE_IDENTIFIER = cs3217.CardBox;
				PRODUCT_NAME = "$(TARGET_NAME)";
				SWIFT_EMIT_LOC_STRINGS = YES;
				SWIFT_VERSION = 5.0;
				TARGETED_DEVICE_FAMILY = "1,2";
			};
			name = Release;
		};
		4589AB0C27D6035F005FDA07 /* Debug */ = {
			isa = XCBuildConfiguration;
			buildSettings = {
				ALWAYS_EMBED_SWIFT_STANDARD_LIBRARIES = YES;
				BUNDLE_LOADER = "$(TEST_HOST)";
				CODE_SIGN_STYLE = Automatic;
				CURRENT_PROJECT_VERSION = 1;
				GENERATE_INFOPLIST_FILE = YES;
				IPHONEOS_DEPLOYMENT_TARGET = 15.2;
				MARKETING_VERSION = 1.0;
				PRODUCT_BUNDLE_IDENTIFIER = cs3217.CardBoxTests;
				PRODUCT_NAME = "$(TARGET_NAME)";
				SWIFT_EMIT_LOC_STRINGS = NO;
				SWIFT_VERSION = 5.0;
				TARGETED_DEVICE_FAMILY = "1,2";
				TEST_HOST = "$(BUILT_PRODUCTS_DIR)/CardBox.app/CardBox";
			};
			name = Debug;
		};
		4589AB0D27D6035F005FDA07 /* Release */ = {
			isa = XCBuildConfiguration;
			buildSettings = {
				ALWAYS_EMBED_SWIFT_STANDARD_LIBRARIES = YES;
				BUNDLE_LOADER = "$(TEST_HOST)";
				CODE_SIGN_STYLE = Automatic;
				CURRENT_PROJECT_VERSION = 1;
				GENERATE_INFOPLIST_FILE = YES;
				IPHONEOS_DEPLOYMENT_TARGET = 15.2;
				MARKETING_VERSION = 1.0;
				PRODUCT_BUNDLE_IDENTIFIER = cs3217.CardBoxTests;
				PRODUCT_NAME = "$(TARGET_NAME)";
				SWIFT_EMIT_LOC_STRINGS = NO;
				SWIFT_VERSION = 5.0;
				TARGETED_DEVICE_FAMILY = "1,2";
				TEST_HOST = "$(BUILT_PRODUCTS_DIR)/CardBox.app/CardBox";
			};
			name = Release;
		};
		4589AB0F27D6035F005FDA07 /* Debug */ = {
			isa = XCBuildConfiguration;
			buildSettings = {
				ALWAYS_EMBED_SWIFT_STANDARD_LIBRARIES = YES;
				CODE_SIGN_STYLE = Automatic;
				CURRENT_PROJECT_VERSION = 1;
				GENERATE_INFOPLIST_FILE = YES;
				MARKETING_VERSION = 1.0;
				PRODUCT_BUNDLE_IDENTIFIER = cs3217.CardBoxUITests;
				PRODUCT_NAME = "$(TARGET_NAME)";
				SWIFT_EMIT_LOC_STRINGS = NO;
				SWIFT_VERSION = 5.0;
				TARGETED_DEVICE_FAMILY = "1,2";
				TEST_TARGET_NAME = CardBox;
			};
			name = Debug;
		};
		4589AB1027D6035F005FDA07 /* Release */ = {
			isa = XCBuildConfiguration;
			buildSettings = {
				ALWAYS_EMBED_SWIFT_STANDARD_LIBRARIES = YES;
				CODE_SIGN_STYLE = Automatic;
				CURRENT_PROJECT_VERSION = 1;
				GENERATE_INFOPLIST_FILE = YES;
				MARKETING_VERSION = 1.0;
				PRODUCT_BUNDLE_IDENTIFIER = cs3217.CardBoxUITests;
				PRODUCT_NAME = "$(TARGET_NAME)";
				SWIFT_EMIT_LOC_STRINGS = NO;
				SWIFT_VERSION = 5.0;
				TARGETED_DEVICE_FAMILY = "1,2";
				TEST_TARGET_NAME = CardBox;
			};
			name = Release;
		};
/* End XCBuildConfiguration section */

/* Begin XCConfigurationList section */
		4589AADF27D6035E005FDA07 /* Build configuration list for PBXProject "CardBox" */ = {
			isa = XCConfigurationList;
			buildConfigurations = (
				4589AB0627D6035F005FDA07 /* Debug */,
				4589AB0727D6035F005FDA07 /* Release */,
			);
			defaultConfigurationIsVisible = 0;
			defaultConfigurationName = Release;
		};
		4589AB0827D6035F005FDA07 /* Build configuration list for PBXNativeTarget "CardBox" */ = {
			isa = XCConfigurationList;
			buildConfigurations = (
				4589AB0927D6035F005FDA07 /* Debug */,
				4589AB0A27D6035F005FDA07 /* Release */,
			);
			defaultConfigurationIsVisible = 0;
			defaultConfigurationName = Release;
		};
		4589AB0B27D6035F005FDA07 /* Build configuration list for PBXNativeTarget "CardBoxTests" */ = {
			isa = XCConfigurationList;
			buildConfigurations = (
				4589AB0C27D6035F005FDA07 /* Debug */,
				4589AB0D27D6035F005FDA07 /* Release */,
			);
			defaultConfigurationIsVisible = 0;
			defaultConfigurationName = Release;
		};
		4589AB0E27D6035F005FDA07 /* Build configuration list for PBXNativeTarget "CardBoxUITests" */ = {
			isa = XCConfigurationList;
			buildConfigurations = (
				4589AB0F27D6035F005FDA07 /* Debug */,
				4589AB1027D6035F005FDA07 /* Release */,
			);
			defaultConfigurationIsVisible = 0;
			defaultConfigurationName = Release;
		};
/* End XCConfigurationList section */
	};
	rootObject = 4589AADC27D6035E005FDA07 /* Project object */;
}
