// !$*UTF8*$!
{
	archiveVersion = 1;
	classes = {
	};
	objectVersion = 51;
	objects = {

/* Begin PBXBuildFile section */
		2D007F3627E24CF700F0E359 /* PositionRequestView.swift in Sources */ = {isa = PBXBuildFile; fileRef = 2D007F3527E24CF700F0E359 /* PositionRequestView.swift */; };
		2D007F6727E34C7000F0E359 /* ExplodingKittensConstants.swift in Sources */ = {isa = PBXBuildFile; fileRef = 2D007F6627E34C7000F0E359 /* ExplodingKittensConstants.swift */; };
		2D00815027E6253200F0E359 /* PlayerCollectionTests.swift in Sources */ = {isa = PBXBuildFile; fileRef = 2D00814F27E6253200F0E359 /* PlayerCollectionTests.swift */; };
		2D00816B27E64C8A00F0E359 /* WinMessageView.swift in Sources */ = {isa = PBXBuildFile; fileRef = 2D00816A27E64C8A00F0E359 /* WinMessageView.swift */; };
		2D00817927E6D1CA00F0E359 /* CardCollectionTests.swift in Sources */ = {isa = PBXBuildFile; fileRef = 2D00817827E6D1CA00F0E359 /* CardCollectionTests.swift */; };
		2D0081EE27EE945600F0E359 /* EndTurnAction.swift in Sources */ = {isa = PBXBuildFile; fileRef = 2D0081ED27EE945600F0E359 /* EndTurnAction.swift */; };
		2D0081F827EE95F900F0E359 /* ExplodingKittensGameRunner.swift in Sources */ = {isa = PBXBuildFile; fileRef = 2D0081F727EE95F900F0E359 /* ExplodingKittensGameRunner.swift */; };
		2D00820A27EE97EA00F0E359 /* ExplodingKittensCard.swift in Sources */ = {isa = PBXBuildFile; fileRef = 2D00820927EE97EA00F0E359 /* ExplodingKittensCard.swift */; };
		2D00821227EE98BA00F0E359 /* AttackCard.swift in Sources */ = {isa = PBXBuildFile; fileRef = 2D00821127EE98BA00F0E359 /* AttackCard.swift */; };
		2D00821727EE991200F0E359 /* ExplodingKittensPlayer.swift in Sources */ = {isa = PBXBuildFile; fileRef = 2D00821627EE991200F0E359 /* ExplodingKittensPlayer.swift */; };
		2D00821F27EE9CF500F0E359 /* DefuseCard.swift in Sources */ = {isa = PBXBuildFile; fileRef = 2D00821E27EE9CF500F0E359 /* DefuseCard.swift */; };
		2D00822427EE9D2A00F0E359 /* SeeTheFutureCard.swift in Sources */ = {isa = PBXBuildFile; fileRef = 2D00822327EE9D2A00F0E359 /* SeeTheFutureCard.swift */; };
		2D00822927EE9D9A00F0E359 /* ShuffleCard.swift in Sources */ = {isa = PBXBuildFile; fileRef = 2D00822827EE9D9A00F0E359 /* ShuffleCard.swift */; };
		2D00824327EF5A2700F0E359 /* GameRunnerProtocol.swift in Sources */ = {isa = PBXBuildFile; fileRef = 2D00824227EF5A2700F0E359 /* GameRunnerProtocol.swift */; };
		2D00825127EF8FFB00F0E359 /* MoveCardDeckToDeckEvent.swift in Sources */ = {isa = PBXBuildFile; fileRef = 2D00825027EF8FFB00F0E359 /* MoveCardDeckToDeckEvent.swift */; };
		2D9364DA27EFA864008C1E53 /* SkipCard.swift in Sources */ = {isa = PBXBuildFile; fileRef = 2D9364D927EFA863008C1E53 /* SkipCard.swift */; };
		2D9364DF27EFB04B008C1E53 /* FavorCard.swift in Sources */ = {isa = PBXBuildFile; fileRef = 2D9364DE27EFB04B008C1E53 /* FavorCard.swift */; };
		2D9364E427F010E6008C1E53 /* ExplodingKittensGameRunnerProtocol.swift in Sources */ = {isa = PBXBuildFile; fileRef = 2D9364E327F010E6008C1E53 /* ExplodingKittensGameRunnerProtocol.swift */; };
		2D9364F527F0205B008C1E53 /* RandomCard.swift in Sources */ = {isa = PBXBuildFile; fileRef = 2D9364F427F0205B008C1E53 /* RandomCard.swift */; };
		2D9364FA27F02398008C1E53 /* BombCard.swift in Sources */ = {isa = PBXBuildFile; fileRef = 2D9364F927F02398008C1E53 /* BombCard.swift */; };
		2D93650027F10C41008C1E53 /* CardPositionRequest.swift in Sources */ = {isa = PBXBuildFile; fileRef = 2D9364FF27F10C41008C1E53 /* CardPositionRequest.swift */; };
		2DA04F3327DADD500063D952 /* CardBoxApp.swift in Sources */ = {isa = PBXBuildFile; fileRef = 2DA04F3227DADD500063D952 /* CardBoxApp.swift */; };
		2DA04F3527DADD500063D952 /* ContentView.swift in Sources */ = {isa = PBXBuildFile; fileRef = 2DA04F3427DADD500063D952 /* ContentView.swift */; };
		2DA04F3727DADD520063D952 /* Assets.xcassets in Resources */ = {isa = PBXBuildFile; fileRef = 2DA04F3627DADD520063D952 /* Assets.xcassets */; };
		2DA04F3A27DADD520063D952 /* Preview Assets.xcassets in Resources */ = {isa = PBXBuildFile; fileRef = 2DA04F3927DADD520063D952 /* Preview Assets.xcassets */; };
		2DA04F4527DADD520063D952 /* CardBoxTests.swift in Sources */ = {isa = PBXBuildFile; fileRef = 2DA04F4427DADD520063D952 /* CardBoxTests.swift */; };
		2DA04F5027DADD520063D952 /* CardBoxUITests.swift in Sources */ = {isa = PBXBuildFile; fileRef = 2DA04F4F27DADD520063D952 /* CardBoxUITests.swift */; };
		2DA04F6F27DAE6320063D952 /* Action.swift in Sources */ = {isa = PBXBuildFile; fileRef = 2DA04F6E27DAE6320063D952 /* Action.swift */; };
		2DA04F7927DAE9540063D952 /* CardCollection.swift in Sources */ = {isa = PBXBuildFile; fileRef = 2DA04F7827DAE9540063D952 /* CardCollection.swift */; };
		2DA04F7E27DAE9930063D952 /* Card.swift in Sources */ = {isa = PBXBuildFile; fileRef = 2DA04F7D27DAE9930063D952 /* Card.swift */; };
		2DA04F8327DAFF690063D952 /* GameState.swift in Sources */ = {isa = PBXBuildFile; fileRef = 2DA04F8227DAFF690063D952 /* GameState.swift */; };
		2DA04F9527DAFFC30063D952 /* Player.swift in Sources */ = {isa = PBXBuildFile; fileRef = 2DA04F9427DAFFC30063D952 /* Player.swift */; };
		2DA0504627DC4B130063D952 /* AddPlayerEvent.swift in Sources */ = {isa = PBXBuildFile; fileRef = 2DA0503E27DC4B130063D952 /* AddPlayerEvent.swift */; };
		2DA0504827DC4B130063D952 /* ShuffleDeckEvent.swift in Sources */ = {isa = PBXBuildFile; fileRef = 2DA0504027DC4B130063D952 /* ShuffleDeckEvent.swift */; };
		2DA0504927DC4B130063D952 /* AddCardToDeckEvent.swift in Sources */ = {isa = PBXBuildFile; fileRef = 2DA0504127DC4B130063D952 /* AddCardToDeckEvent.swift */; };
		2DA0504B27DC4B130063D952 /* SetCurrentPlayerEvent.swift in Sources */ = {isa = PBXBuildFile; fileRef = 2DA0504327DC4B130063D952 /* SetCurrentPlayerEvent.swift */; };
		2DA0505327DC4B460063D952 /* GameEvent.swift in Sources */ = {isa = PBXBuildFile; fileRef = 2DA0505227DC4B460063D952 /* GameEvent.swift */; };
		2DA0506227DC4CF50063D952 /* SetPlayerOutOfGameEvent.swift in Sources */ = {isa = PBXBuildFile; fileRef = 2DA0506127DC4CF50063D952 /* SetPlayerOutOfGameEvent.swift */; };
		2DA0508827DC9CAB0063D952 /* SetupEvent.swift in Sources */ = {isa = PBXBuildFile; fileRef = 2DA0508727DC9CAB0063D952 /* SetupEvent.swift */; };
		2DA0508D27DC9D100063D952 /* StartTurnEvent.swift in Sources */ = {isa = PBXBuildFile; fileRef = 2DA0508C27DC9D100063D952 /* StartTurnEvent.swift */; };
		2DA0509227DC9D4A0063D952 /* EndTurnEvent.swift in Sources */ = {isa = PBXBuildFile; fileRef = 2DA0509127DC9D4A0063D952 /* EndTurnEvent.swift */; };
		2DA0509E27DC9F780063D952 /* ExplodingKittensGameRunnerView.swift in Sources */ = {isa = PBXBuildFile; fileRef = 2DA0509D27DC9F780063D952 /* ExplodingKittensGameRunnerView.swift */; };
		2DA050A327DE58250063D952 /* ActionDispatcher.swift in Sources */ = {isa = PBXBuildFile; fileRef = 2DA050A227DE58250063D952 /* ActionDispatcher.swift */; };
		2DA050AD27DE5D570063D952 /* CardView.swift in Sources */ = {isa = PBXBuildFile; fileRef = 2DA050AC27DE5D570063D952 /* CardView.swift */; };
		2DA050B227DE5D760063D952 /* CardViewModel.swift in Sources */ = {isa = PBXBuildFile; fileRef = 2DA050B127DE5D760063D952 /* CardViewModel.swift */; };
		2DA050B727DE5EC70063D952 /* PlayerView.swift in Sources */ = {isa = PBXBuildFile; fileRef = 2DA050B627DE5EC70063D952 /* PlayerView.swift */; };
		2DA050BC27DE5ED90063D952 /* PlayerViewModel.swift in Sources */ = {isa = PBXBuildFile; fileRef = 2DA050BB27DE5ED90063D952 /* PlayerViewModel.swift */; };
		2DA050C127DEEB180063D952 /* PlayerCollection.swift in Sources */ = {isa = PBXBuildFile; fileRef = 2DA050C027DEEB180063D952 /* PlayerCollection.swift */; };
		2DA050FC27DF41FD0063D952 /* ExplodingKittensCardType.swift in Sources */ = {isa = PBXBuildFile; fileRef = 2DA050FB27DF41FD0063D952 /* ExplodingKittensCardType.swift */; };
		2DA0514C27E23E7A0063D952 /* DeckPositionRequestEvent.swift in Sources */ = {isa = PBXBuildFile; fileRef = 2DA0514B27E23E7A0063D952 /* DeckPositionRequestEvent.swift */; };
		35024E1D41A9BC348D7C2ACD /* Pods_CardBoxTests.framework in Frameworks */ = {isa = PBXBuildFile; fileRef = 4004E7D82C66A48F3141D73A /* Pods_CardBoxTests.framework */; };
		4589AB1427DF2946005FDA07 /* MainMenuView.swift in Sources */ = {isa = PBXBuildFile; fileRef = 4589AB1327DF2946005FDA07 /* MainMenuView.swift */; };
		4589AB1627DF2EC2005FDA07 /* AssetFetcher.swift in Sources */ = {isa = PBXBuildFile; fileRef = 4589AB1527DF2EC2005FDA07 /* AssetFetcher.swift */; };
		4589AB1827DF3C5F005FDA07 /* PlayerHandView.swift in Sources */ = {isa = PBXBuildFile; fileRef = 4589AB1727DF3C5F005FDA07 /* PlayerHandView.swift */; };
		4589AB1A27DF3FB6005FDA07 /* PlayerHandViewModel.swift in Sources */ = {isa = PBXBuildFile; fileRef = 4589AB1927DF3FB6005FDA07 /* PlayerHandViewModel.swift */; };
		4589AB1C27E14AF3005FDA07 /* DeckView.swift in Sources */ = {isa = PBXBuildFile; fileRef = 4589AB1B27E14AF3005FDA07 /* DeckView.swift */; };
		4589AB1E27E14C00005FDA07 /* DeckViewModel.swift in Sources */ = {isa = PBXBuildFile; fileRef = 4589AB1D27E14C00005FDA07 /* DeckViewModel.swift */; };
		4589AB2427E5B179005FDA07 /* PeekCardsView.swift in Sources */ = {isa = PBXBuildFile; fileRef = 4589AB2327E5B179005FDA07 /* PeekCardsView.swift */; };
		4589AB2627E61963005FDA07 /* MainMenuView_UITests.swift in Sources */ = {isa = PBXBuildFile; fileRef = 4589AB2527E61963005FDA07 /* MainMenuView_UITests.swift */; };
		4589AB2827E61E79005FDA07 /* GameRunnerView_UITests.swift in Sources */ = {isa = PBXBuildFile; fileRef = 4589AB2727E61E79005FDA07 /* GameRunnerView_UITests.swift */; };
		4E18ED0E27E1B27300458D0A /* AdvanceNextPlayerEvent.swift in Sources */ = {isa = PBXBuildFile; fileRef = 4E18ED0D27E1B27300458D0A /* AdvanceNextPlayerEvent.swift */; };
		4E94E72027E5B80B004ED4EF /* PlayerHandPositionRequestEvent.swift in Sources */ = {isa = PBXBuildFile; fileRef = 4E94E71F27E5B80B004ED4EF /* PlayerHandPositionRequestEvent.swift */; };
		68466A8F27E5061B000387B6 /* CurrentPlayerView.swift in Sources */ = {isa = PBXBuildFile; fileRef = 68466A8E27E5061B000387B6 /* CurrentPlayerView.swift */; };
		68466A9127E506C2000387B6 /* NonCurrentPlayerView.swift in Sources */ = {isa = PBXBuildFile; fileRef = 68466A9027E506C2000387B6 /* NonCurrentPlayerView.swift */; };
		68466A9327E5076A000387B6 /* GameActionsView.swift in Sources */ = {isa = PBXBuildFile; fileRef = 68466A9227E5076A000387B6 /* GameActionsView.swift */; };
		68466A9527E50AAA000387B6 /* MenuButtonsView.swift in Sources */ = {isa = PBXBuildFile; fileRef = 68466A9427E50AAA000387B6 /* MenuButtonsView.swift */; };
		6868907627E5F410001C4C62 /* CardPreviewView.swift in Sources */ = {isa = PBXBuildFile; fileRef = 6868907527E5F410001C4C62 /* CardPreviewView.swift */; };
		6868907C27E60FAF001C4C62 /* CardTypeRequestView.swift in Sources */ = {isa = PBXBuildFile; fileRef = 6868907B27E60FAF001C4C62 /* CardTypeRequestView.swift */; };
		6868907E27E6199F001C4C62 /* CardTypeRequestEvent.swift in Sources */ = {isa = PBXBuildFile; fileRef = 6868907D27E6199F001C4C62 /* CardTypeRequestEvent.swift */; };
		688B76AB27F40A7E006AF1C0 /* JoinGameView.swift in Sources */ = {isa = PBXBuildFile; fileRef = 688B76AA27F40A7E006AF1C0 /* JoinGameView.swift */; };
		688B76AD27F40A93006AF1C0 /* HostGameView.swift in Sources */ = {isa = PBXBuildFile; fileRef = 688B76AC27F40A93006AF1C0 /* HostGameView.swift */; };
		68EEFCF727F207AD00E1D42B /* GoogleService-Info.plist in Resources */ = {isa = PBXBuildFile; fileRef = 68EEFCF627F207AD00E1D42B /* GoogleService-Info.plist */; };
		925C79F1EC714DE7F2C2A98B /* Pods_CardBox_CardBoxUITests.framework in Frameworks */ = {isa = PBXBuildFile; fileRef = EA0F0F87C4EEE06A9CA6157D /* Pods_CardBox_CardBoxUITests.framework */; };
		AEC36393AD76D36FD44900A9 /* Pods_CardBox.framework in Frameworks */ = {isa = PBXBuildFile; fileRef = 67599CAB4276C436D393E9D9 /* Pods_CardBox.framework */; };
/* End PBXBuildFile section */

/* Begin PBXContainerItemProxy section */
		2DA04F4127DADD520063D952 /* PBXContainerItemProxy */ = {
			isa = PBXContainerItemProxy;
			containerPortal = 2DA04F2727DADD500063D952 /* Project object */;
			proxyType = 1;
			remoteGlobalIDString = 2DA04F2E27DADD500063D952;
			remoteInfo = CardBox;
		};
		2DA04F4C27DADD520063D952 /* PBXContainerItemProxy */ = {
			isa = PBXContainerItemProxy;
			containerPortal = 2DA04F2727DADD500063D952 /* Project object */;
			proxyType = 1;
			remoteGlobalIDString = 2DA04F2E27DADD500063D952;
			remoteInfo = CardBox;
		};
/* End PBXContainerItemProxy section */

/* Begin PBXFileReference section */
		12073A79BE52CF1BC710C7DC /* Pods-CardBoxTests.release.xcconfig */ = {isa = PBXFileReference; includeInIndex = 1; lastKnownFileType = text.xcconfig; name = "Pods-CardBoxTests.release.xcconfig"; path = "Target Support Files/Pods-CardBoxTests/Pods-CardBoxTests.release.xcconfig"; sourceTree = "<group>"; };
		1FAAEEC580A7C2A0A6797B1E /* Pods-CardBox.release.xcconfig */ = {isa = PBXFileReference; includeInIndex = 1; lastKnownFileType = text.xcconfig; name = "Pods-CardBox.release.xcconfig"; path = "Target Support Files/Pods-CardBox/Pods-CardBox.release.xcconfig"; sourceTree = "<group>"; };
		208172121A1ABB64563C7D3D /* Pods-CardBox-CardBoxUITests.release.xcconfig */ = {isa = PBXFileReference; includeInIndex = 1; lastKnownFileType = text.xcconfig; name = "Pods-CardBox-CardBoxUITests.release.xcconfig"; path = "Target Support Files/Pods-CardBox-CardBoxUITests/Pods-CardBox-CardBoxUITests.release.xcconfig"; sourceTree = "<group>"; };
		2D007F3527E24CF700F0E359 /* PositionRequestView.swift */ = {isa = PBXFileReference; lastKnownFileType = sourcecode.swift; path = PositionRequestView.swift; sourceTree = "<group>"; };
		2D007F6627E34C7000F0E359 /* ExplodingKittensConstants.swift */ = {isa = PBXFileReference; lastKnownFileType = sourcecode.swift; path = ExplodingKittensConstants.swift; sourceTree = "<group>"; };
		2D00814F27E6253200F0E359 /* PlayerCollectionTests.swift */ = {isa = PBXFileReference; lastKnownFileType = sourcecode.swift; path = PlayerCollectionTests.swift; sourceTree = "<group>"; };
		2D00816A27E64C8A00F0E359 /* WinMessageView.swift */ = {isa = PBXFileReference; lastKnownFileType = sourcecode.swift; path = WinMessageView.swift; sourceTree = "<group>"; };
		2D00817827E6D1CA00F0E359 /* CardCollectionTests.swift */ = {isa = PBXFileReference; lastKnownFileType = sourcecode.swift; path = CardCollectionTests.swift; sourceTree = "<group>"; };
		2D0081ED27EE945600F0E359 /* EndTurnAction.swift */ = {isa = PBXFileReference; lastKnownFileType = sourcecode.swift; path = EndTurnAction.swift; sourceTree = "<group>"; };
		2D0081F727EE95F900F0E359 /* ExplodingKittensGameRunner.swift */ = {isa = PBXFileReference; lastKnownFileType = sourcecode.swift; path = ExplodingKittensGameRunner.swift; sourceTree = "<group>"; };
		2D00820927EE97EA00F0E359 /* ExplodingKittensCard.swift */ = {isa = PBXFileReference; lastKnownFileType = sourcecode.swift; path = ExplodingKittensCard.swift; sourceTree = "<group>"; };
		2D00821127EE98BA00F0E359 /* AttackCard.swift */ = {isa = PBXFileReference; lastKnownFileType = sourcecode.swift; path = AttackCard.swift; sourceTree = "<group>"; };
		2D00821627EE991200F0E359 /* ExplodingKittensPlayer.swift */ = {isa = PBXFileReference; lastKnownFileType = sourcecode.swift; path = ExplodingKittensPlayer.swift; sourceTree = "<group>"; };
		2D00821E27EE9CF500F0E359 /* DefuseCard.swift */ = {isa = PBXFileReference; lastKnownFileType = sourcecode.swift; path = DefuseCard.swift; sourceTree = "<group>"; };
		2D00822327EE9D2A00F0E359 /* SeeTheFutureCard.swift */ = {isa = PBXFileReference; lastKnownFileType = sourcecode.swift; path = SeeTheFutureCard.swift; sourceTree = "<group>"; };
		2D00822827EE9D9A00F0E359 /* ShuffleCard.swift */ = {isa = PBXFileReference; lastKnownFileType = sourcecode.swift; path = ShuffleCard.swift; sourceTree = "<group>"; };
		2D00824227EF5A2700F0E359 /* GameRunnerProtocol.swift */ = {isa = PBXFileReference; lastKnownFileType = sourcecode.swift; path = GameRunnerProtocol.swift; sourceTree = "<group>"; };
		2D00825027EF8FFB00F0E359 /* MoveCardDeckToDeckEvent.swift */ = {isa = PBXFileReference; lastKnownFileType = sourcecode.swift; path = MoveCardDeckToDeckEvent.swift; sourceTree = "<group>"; };
		2D9364D927EFA863008C1E53 /* SkipCard.swift */ = {isa = PBXFileReference; lastKnownFileType = sourcecode.swift; path = SkipCard.swift; sourceTree = "<group>"; };
		2D9364DE27EFB04B008C1E53 /* FavorCard.swift */ = {isa = PBXFileReference; lastKnownFileType = sourcecode.swift; path = FavorCard.swift; sourceTree = "<group>"; };
		2D9364E327F010E6008C1E53 /* ExplodingKittensGameRunnerProtocol.swift */ = {isa = PBXFileReference; lastKnownFileType = sourcecode.swift; path = ExplodingKittensGameRunnerProtocol.swift; sourceTree = "<group>"; };
		2D9364F427F0205B008C1E53 /* RandomCard.swift */ = {isa = PBXFileReference; lastKnownFileType = sourcecode.swift; path = RandomCard.swift; sourceTree = "<group>"; };
		2D9364F927F02398008C1E53 /* BombCard.swift */ = {isa = PBXFileReference; lastKnownFileType = sourcecode.swift; path = BombCard.swift; sourceTree = "<group>"; };
		2D9364FF27F10C41008C1E53 /* CardPositionRequest.swift */ = {isa = PBXFileReference; lastKnownFileType = sourcecode.swift; path = CardPositionRequest.swift; sourceTree = "<group>"; };
		2DA04F2F27DADD500063D952 /* CardBox.app */ = {isa = PBXFileReference; explicitFileType = wrapper.application; includeInIndex = 0; path = CardBox.app; sourceTree = BUILT_PRODUCTS_DIR; };
		2DA04F3227DADD500063D952 /* CardBoxApp.swift */ = {isa = PBXFileReference; lastKnownFileType = sourcecode.swift; path = CardBoxApp.swift; sourceTree = "<group>"; };
		2DA04F3427DADD500063D952 /* ContentView.swift */ = {isa = PBXFileReference; lastKnownFileType = sourcecode.swift; path = ContentView.swift; sourceTree = "<group>"; };
		2DA04F3627DADD520063D952 /* Assets.xcassets */ = {isa = PBXFileReference; lastKnownFileType = folder.assetcatalog; path = Assets.xcassets; sourceTree = "<group>"; };
		2DA04F3927DADD520063D952 /* Preview Assets.xcassets */ = {isa = PBXFileReference; lastKnownFileType = folder.assetcatalog; path = "Preview Assets.xcassets"; sourceTree = "<group>"; };
		2DA04F3B27DADD520063D952 /* Info.plist */ = {isa = PBXFileReference; lastKnownFileType = text.plist.xml; path = Info.plist; sourceTree = "<group>"; };
		2DA04F4027DADD520063D952 /* CardBoxTests.xctest */ = {isa = PBXFileReference; explicitFileType = wrapper.cfbundle; includeInIndex = 0; path = CardBoxTests.xctest; sourceTree = BUILT_PRODUCTS_DIR; };
		2DA04F4427DADD520063D952 /* CardBoxTests.swift */ = {isa = PBXFileReference; lastKnownFileType = sourcecode.swift; path = CardBoxTests.swift; sourceTree = "<group>"; };
		2DA04F4627DADD520063D952 /* Info.plist */ = {isa = PBXFileReference; lastKnownFileType = text.plist.xml; path = Info.plist; sourceTree = "<group>"; };
		2DA04F4B27DADD520063D952 /* CardBoxUITests.xctest */ = {isa = PBXFileReference; explicitFileType = wrapper.cfbundle; includeInIndex = 0; path = CardBoxUITests.xctest; sourceTree = BUILT_PRODUCTS_DIR; };
		2DA04F4F27DADD520063D952 /* CardBoxUITests.swift */ = {isa = PBXFileReference; lastKnownFileType = sourcecode.swift; path = CardBoxUITests.swift; sourceTree = "<group>"; };
		2DA04F5127DADD520063D952 /* Info.plist */ = {isa = PBXFileReference; lastKnownFileType = text.plist.xml; path = Info.plist; sourceTree = "<group>"; };
		2DA04F6E27DAE6320063D952 /* Action.swift */ = {isa = PBXFileReference; lastKnownFileType = sourcecode.swift; path = Action.swift; sourceTree = "<group>"; };
		2DA04F7827DAE9540063D952 /* CardCollection.swift */ = {isa = PBXFileReference; lastKnownFileType = sourcecode.swift; path = CardCollection.swift; sourceTree = "<group>"; };
		2DA04F7D27DAE9930063D952 /* Card.swift */ = {isa = PBXFileReference; fileEncoding = 4; lastKnownFileType = sourcecode.swift; path = Card.swift; sourceTree = "<group>"; };
		2DA04F8227DAFF690063D952 /* GameState.swift */ = {isa = PBXFileReference; lastKnownFileType = sourcecode.swift; path = GameState.swift; sourceTree = "<group>"; };
		2DA04F9427DAFFC30063D952 /* Player.swift */ = {isa = PBXFileReference; lastKnownFileType = sourcecode.swift; path = Player.swift; sourceTree = "<group>"; };
		2DA0503E27DC4B130063D952 /* AddPlayerEvent.swift */ = {isa = PBXFileReference; fileEncoding = 4; lastKnownFileType = sourcecode.swift; path = AddPlayerEvent.swift; sourceTree = "<group>"; };
		2DA0504027DC4B130063D952 /* ShuffleDeckEvent.swift */ = {isa = PBXFileReference; fileEncoding = 4; lastKnownFileType = sourcecode.swift; path = ShuffleDeckEvent.swift; sourceTree = "<group>"; };
		2DA0504127DC4B130063D952 /* AddCardToDeckEvent.swift */ = {isa = PBXFileReference; fileEncoding = 4; lastKnownFileType = sourcecode.swift; path = AddCardToDeckEvent.swift; sourceTree = "<group>"; };
		2DA0504327DC4B130063D952 /* SetCurrentPlayerEvent.swift */ = {isa = PBXFileReference; fileEncoding = 4; lastKnownFileType = sourcecode.swift; path = SetCurrentPlayerEvent.swift; sourceTree = "<group>"; };
		2DA0505227DC4B460063D952 /* GameEvent.swift */ = {isa = PBXFileReference; fileEncoding = 4; lastKnownFileType = sourcecode.swift; path = GameEvent.swift; sourceTree = "<group>"; };
		2DA0506127DC4CF50063D952 /* SetPlayerOutOfGameEvent.swift */ = {isa = PBXFileReference; lastKnownFileType = sourcecode.swift; path = SetPlayerOutOfGameEvent.swift; sourceTree = "<group>"; };
		2DA0508727DC9CAB0063D952 /* SetupEvent.swift */ = {isa = PBXFileReference; lastKnownFileType = sourcecode.swift; path = SetupEvent.swift; sourceTree = "<group>"; };
		2DA0508C27DC9D100063D952 /* StartTurnEvent.swift */ = {isa = PBXFileReference; lastKnownFileType = sourcecode.swift; path = StartTurnEvent.swift; sourceTree = "<group>"; };
		2DA0509127DC9D4A0063D952 /* EndTurnEvent.swift */ = {isa = PBXFileReference; lastKnownFileType = sourcecode.swift; path = EndTurnEvent.swift; sourceTree = "<group>"; };
		2DA0509D27DC9F780063D952 /* ExplodingKittensGameRunnerView.swift */ = {isa = PBXFileReference; lastKnownFileType = sourcecode.swift; path = ExplodingKittensGameRunnerView.swift; sourceTree = "<group>"; };
		2DA050A227DE58250063D952 /* ActionDispatcher.swift */ = {isa = PBXFileReference; lastKnownFileType = sourcecode.swift; path = ActionDispatcher.swift; sourceTree = "<group>"; };
		2DA050AC27DE5D570063D952 /* CardView.swift */ = {isa = PBXFileReference; lastKnownFileType = sourcecode.swift; path = CardView.swift; sourceTree = "<group>"; };
		2DA050B127DE5D760063D952 /* CardViewModel.swift */ = {isa = PBXFileReference; lastKnownFileType = sourcecode.swift; path = CardViewModel.swift; sourceTree = "<group>"; };
		2DA050B627DE5EC70063D952 /* PlayerView.swift */ = {isa = PBXFileReference; lastKnownFileType = sourcecode.swift; path = PlayerView.swift; sourceTree = "<group>"; };
		2DA050BB27DE5ED90063D952 /* PlayerViewModel.swift */ = {isa = PBXFileReference; lastKnownFileType = sourcecode.swift; path = PlayerViewModel.swift; sourceTree = "<group>"; };
		2DA050C027DEEB180063D952 /* PlayerCollection.swift */ = {isa = PBXFileReference; fileEncoding = 4; lastKnownFileType = sourcecode.swift; path = PlayerCollection.swift; sourceTree = "<group>"; };
		2DA050FB27DF41FD0063D952 /* ExplodingKittensCardType.swift */ = {isa = PBXFileReference; lastKnownFileType = sourcecode.swift; path = ExplodingKittensCardType.swift; sourceTree = "<group>"; };
		2DA0514B27E23E7A0063D952 /* DeckPositionRequestEvent.swift */ = {isa = PBXFileReference; lastKnownFileType = sourcecode.swift; path = DeckPositionRequestEvent.swift; sourceTree = "<group>"; };
		3B82B8DA0FD79EA1B32C0EC0 /* Pods-CardBoxTests.debug.xcconfig */ = {isa = PBXFileReference; includeInIndex = 1; lastKnownFileType = text.xcconfig; name = "Pods-CardBoxTests.debug.xcconfig"; path = "Target Support Files/Pods-CardBoxTests/Pods-CardBoxTests.debug.xcconfig"; sourceTree = "<group>"; };
		4004E7D82C66A48F3141D73A /* Pods_CardBoxTests.framework */ = {isa = PBXFileReference; explicitFileType = wrapper.framework; includeInIndex = 0; path = Pods_CardBoxTests.framework; sourceTree = BUILT_PRODUCTS_DIR; };
		4589AB1327DF2946005FDA07 /* MainMenuView.swift */ = {isa = PBXFileReference; lastKnownFileType = sourcecode.swift; path = MainMenuView.swift; sourceTree = "<group>"; };
		4589AB1527DF2EC2005FDA07 /* AssetFetcher.swift */ = {isa = PBXFileReference; lastKnownFileType = sourcecode.swift; path = AssetFetcher.swift; sourceTree = "<group>"; };
		4589AB1727DF3C5F005FDA07 /* PlayerHandView.swift */ = {isa = PBXFileReference; lastKnownFileType = sourcecode.swift; path = PlayerHandView.swift; sourceTree = "<group>"; };
		4589AB1927DF3FB6005FDA07 /* PlayerHandViewModel.swift */ = {isa = PBXFileReference; lastKnownFileType = sourcecode.swift; path = PlayerHandViewModel.swift; sourceTree = "<group>"; };
		4589AB1B27E14AF3005FDA07 /* DeckView.swift */ = {isa = PBXFileReference; lastKnownFileType = sourcecode.swift; path = DeckView.swift; sourceTree = "<group>"; };
		4589AB1D27E14C00005FDA07 /* DeckViewModel.swift */ = {isa = PBXFileReference; lastKnownFileType = sourcecode.swift; path = DeckViewModel.swift; sourceTree = "<group>"; };
		4589AB2327E5B179005FDA07 /* PeekCardsView.swift */ = {isa = PBXFileReference; lastKnownFileType = sourcecode.swift; path = PeekCardsView.swift; sourceTree = "<group>"; };
		4589AB2527E61963005FDA07 /* MainMenuView_UITests.swift */ = {isa = PBXFileReference; lastKnownFileType = sourcecode.swift; path = MainMenuView_UITests.swift; sourceTree = "<group>"; };
		4589AB2727E61E79005FDA07 /* GameRunnerView_UITests.swift */ = {isa = PBXFileReference; lastKnownFileType = sourcecode.swift; path = GameRunnerView_UITests.swift; sourceTree = "<group>"; };
		4E18ED0D27E1B27300458D0A /* AdvanceNextPlayerEvent.swift */ = {isa = PBXFileReference; lastKnownFileType = sourcecode.swift; path = AdvanceNextPlayerEvent.swift; sourceTree = "<group>"; };
		4E94E71F27E5B80B004ED4EF /* PlayerHandPositionRequestEvent.swift */ = {isa = PBXFileReference; lastKnownFileType = sourcecode.swift; path = PlayerHandPositionRequestEvent.swift; sourceTree = "<group>"; };
		5E26B9AD18C2EFE0525DBE16 /* Pods-CardBox.debug.xcconfig */ = {isa = PBXFileReference; includeInIndex = 1; lastKnownFileType = text.xcconfig; name = "Pods-CardBox.debug.xcconfig"; path = "Target Support Files/Pods-CardBox/Pods-CardBox.debug.xcconfig"; sourceTree = "<group>"; };
		67599CAB4276C436D393E9D9 /* Pods_CardBox.framework */ = {isa = PBXFileReference; explicitFileType = wrapper.framework; includeInIndex = 0; path = Pods_CardBox.framework; sourceTree = BUILT_PRODUCTS_DIR; };
		68466A8E27E5061B000387B6 /* CurrentPlayerView.swift */ = {isa = PBXFileReference; lastKnownFileType = sourcecode.swift; path = CurrentPlayerView.swift; sourceTree = "<group>"; };
		68466A9027E506C2000387B6 /* NonCurrentPlayerView.swift */ = {isa = PBXFileReference; lastKnownFileType = sourcecode.swift; path = NonCurrentPlayerView.swift; sourceTree = "<group>"; };
		68466A9227E5076A000387B6 /* GameActionsView.swift */ = {isa = PBXFileReference; lastKnownFileType = sourcecode.swift; path = GameActionsView.swift; sourceTree = "<group>"; };
		68466A9427E50AAA000387B6 /* MenuButtonsView.swift */ = {isa = PBXFileReference; lastKnownFileType = sourcecode.swift; path = MenuButtonsView.swift; sourceTree = "<group>"; };
		6868907527E5F410001C4C62 /* CardPreviewView.swift */ = {isa = PBXFileReference; lastKnownFileType = sourcecode.swift; path = CardPreviewView.swift; sourceTree = "<group>"; };
		6868907B27E60FAF001C4C62 /* CardTypeRequestView.swift */ = {isa = PBXFileReference; lastKnownFileType = sourcecode.swift; path = CardTypeRequestView.swift; sourceTree = "<group>"; };
		6868907D27E6199F001C4C62 /* CardTypeRequestEvent.swift */ = {isa = PBXFileReference; lastKnownFileType = sourcecode.swift; path = CardTypeRequestEvent.swift; sourceTree = "<group>"; };
		688B76AA27F40A7E006AF1C0 /* JoinGameView.swift */ = {isa = PBXFileReference; lastKnownFileType = sourcecode.swift; path = JoinGameView.swift; sourceTree = "<group>"; };
		688B76AC27F40A93006AF1C0 /* HostGameView.swift */ = {isa = PBXFileReference; lastKnownFileType = sourcecode.swift; path = HostGameView.swift; sourceTree = "<group>"; };
		68EEFCF627F207AD00E1D42B /* GoogleService-Info.plist */ = {isa = PBXFileReference; fileEncoding = 4; lastKnownFileType = text.plist.xml; path = "GoogleService-Info.plist"; sourceTree = "<group>"; };
		8DBAB5BE1220E950FA491CFF /* Pods-CardBox-CardBoxUITests.debug.xcconfig */ = {isa = PBXFileReference; includeInIndex = 1; lastKnownFileType = text.xcconfig; name = "Pods-CardBox-CardBoxUITests.debug.xcconfig"; path = "Target Support Files/Pods-CardBox-CardBoxUITests/Pods-CardBox-CardBoxUITests.debug.xcconfig"; sourceTree = "<group>"; };
		EA0F0F87C4EEE06A9CA6157D /* Pods_CardBox_CardBoxUITests.framework */ = {isa = PBXFileReference; explicitFileType = wrapper.framework; includeInIndex = 0; path = Pods_CardBox_CardBoxUITests.framework; sourceTree = BUILT_PRODUCTS_DIR; };
/* End PBXFileReference section */

/* Begin PBXFrameworksBuildPhase section */
		2DA04F2C27DADD500063D952 /* Frameworks */ = {
			isa = PBXFrameworksBuildPhase;
			buildActionMask = 2147483647;
			files = (
				AEC36393AD76D36FD44900A9 /* Pods_CardBox.framework in Frameworks */,
			);
			runOnlyForDeploymentPostprocessing = 0;
		};
		2DA04F3D27DADD520063D952 /* Frameworks */ = {
			isa = PBXFrameworksBuildPhase;
			buildActionMask = 2147483647;
			files = (
				35024E1D41A9BC348D7C2ACD /* Pods_CardBoxTests.framework in Frameworks */,
			);
			runOnlyForDeploymentPostprocessing = 0;
		};
		2DA04F4827DADD520063D952 /* Frameworks */ = {
			isa = PBXFrameworksBuildPhase;
			buildActionMask = 2147483647;
			files = (
				925C79F1EC714DE7F2C2A98B /* Pods_CardBox_CardBoxUITests.framework in Frameworks */,
			);
			runOnlyForDeploymentPostprocessing = 0;
		};
/* End PBXFrameworksBuildPhase section */

/* Begin PBXGroup section */
		06DFBB7482FFDCCF985B02E2 /* Frameworks */ = {
			isa = PBXGroup;
			children = (
				67599CAB4276C436D393E9D9 /* Pods_CardBox.framework */,
				EA0F0F87C4EEE06A9CA6157D /* Pods_CardBox_CardBoxUITests.framework */,
				4004E7D82C66A48F3141D73A /* Pods_CardBoxTests.framework */,
			);
			name = Frameworks;
			sourceTree = "<group>";
		};
		2D007FF027E4E13E00F0E359 /* Recovered References */ = {
			isa = PBXGroup;
			children = (
			);
			name = "Recovered References";
			sourceTree = "<group>";
		};
		2D00814327E623C700F0E359 /* CardGameEngine */ = {
			isa = PBXGroup;
			children = (
				2D00814F27E6253200F0E359 /* PlayerCollectionTests.swift */,
				2D00817827E6D1CA00F0E359 /* CardCollectionTests.swift */,
			);
			path = CardGameEngine;
			sourceTree = "<group>";
		};
		2D00816627E64C3600F0E359 /* RequestViews */ = {
			isa = PBXGroup;
			children = (
				2D007F3527E24CF700F0E359 /* PositionRequestView.swift */,
				6868907B27E60FAF001C4C62 /* CardTypeRequestView.swift */,
			);
			path = RequestViews;
			sourceTree = "<group>";
		};
		2D00820827EE97D500F0E359 /* Cards */ = {
			isa = PBXGroup;
			children = (
				2D00820927EE97EA00F0E359 /* ExplodingKittensCard.swift */,
				2D00821127EE98BA00F0E359 /* AttackCard.swift */,
				2D00821E27EE9CF500F0E359 /* DefuseCard.swift */,
				2D00822327EE9D2A00F0E359 /* SeeTheFutureCard.swift */,
				2D00822827EE9D9A00F0E359 /* ShuffleCard.swift */,
				2D9364D927EFA863008C1E53 /* SkipCard.swift */,
				2D9364DE27EFB04B008C1E53 /* FavorCard.swift */,
				2D9364F427F0205B008C1E53 /* RandomCard.swift */,
				2D9364F927F02398008C1E53 /* BombCard.swift */,
			);
			path = Cards;
			sourceTree = "<group>";
		};
		2D00823627EF516500F0E359 /* ExplodingKittens */ = {
			isa = PBXGroup;
			children = (
				2D0081F727EE95F900F0E359 /* ExplodingKittensGameRunner.swift */,
				2D9364E327F010E6008C1E53 /* ExplodingKittensGameRunnerProtocol.swift */,
			);
			path = ExplodingKittens;
			sourceTree = "<group>";
		};
		2D9364FE27F10C2A008C1E53 /* Requests */ = {
			isa = PBXGroup;
			children = (
				2D9364FF27F10C41008C1E53 /* CardPositionRequest.swift */,
			);
			path = Requests;
			sourceTree = "<group>";
		};
		2DA04F2627DADD500063D952 = {
			isa = PBXGroup;
			children = (
				2DA04F3127DADD500063D952 /* CardBox */,
				2DA04F4327DADD520063D952 /* CardBoxTests */,
				2DA04F4E27DADD520063D952 /* CardBoxUITests */,
				2DA04F3027DADD500063D952 /* Products */,
				2D007FF027E4E13E00F0E359 /* Recovered References */,
				C1372015279839E3BFFDF289 /* Pods */,
				06DFBB7482FFDCCF985B02E2 /* Frameworks */,
			);
			sourceTree = "<group>";
		};
		2DA04F3027DADD500063D952 /* Products */ = {
			isa = PBXGroup;
			children = (
				2DA04F2F27DADD500063D952 /* CardBox.app */,
				2DA04F4027DADD520063D952 /* CardBoxTests.xctest */,
				2DA04F4B27DADD520063D952 /* CardBoxUITests.xctest */,
			);
			name = Products;
			sourceTree = "<group>";
		};
		2DA04F3127DADD500063D952 /* CardBox */ = {
			isa = PBXGroup;
			children = (
				2DA04F6927DAE3B00063D952 /* CardGameEngine */,
				2DA04F6027DAE38A0063D952 /* Models */,
				2DA0509627DC9E740063D952 /* ViewModels */,
				2DA0509727DC9EA50063D952 /* Views */,
				2DA04F3227DADD500063D952 /* CardBoxApp.swift */,
				2DA04F3427DADD500063D952 /* ContentView.swift */,
				2DA04F3627DADD520063D952 /* Assets.xcassets */,
				2DA04F3B27DADD520063D952 /* Info.plist */,
				68EEFCF627F207AD00E1D42B /* GoogleService-Info.plist */,
				2DA04F3827DADD520063D952 /* Preview Content */,
			);
			path = CardBox;
			sourceTree = "<group>";
		};
		2DA04F3827DADD520063D952 /* Preview Content */ = {
			isa = PBXGroup;
			children = (
				2DA04F3927DADD520063D952 /* Preview Assets.xcassets */,
			);
			path = "Preview Content";
			sourceTree = "<group>";
		};
		2DA04F4327DADD520063D952 /* CardBoxTests */ = {
			isa = PBXGroup;
			children = (
				2D00814327E623C700F0E359 /* CardGameEngine */,
				2DA04F4427DADD520063D952 /* CardBoxTests.swift */,
				2DA04F4627DADD520063D952 /* Info.plist */,
			);
			path = CardBoxTests;
			sourceTree = "<group>";
		};
		2DA04F4E27DADD520063D952 /* CardBoxUITests */ = {
			isa = PBXGroup;
			children = (
				2DA04F4F27DADD520063D952 /* CardBoxUITests.swift */,
				4589AB2527E61963005FDA07 /* MainMenuView_UITests.swift */,
				4589AB2727E61E79005FDA07 /* GameRunnerView_UITests.swift */,
				2DA04F5127DADD520063D952 /* Info.plist */,
			);
			path = CardBoxUITests;
			sourceTree = "<group>";
		};
		2DA04F6027DAE38A0063D952 /* Models */ = {
			isa = PBXGroup;
			children = (
				2DA0502527DC41A40063D952 /* ExplodingKittens */,
			);
			path = Models;
			sourceTree = "<group>";
		};
		2DA04F6927DAE3B00063D952 /* CardGameEngine */ = {
			isa = PBXGroup;
			children = (
				2D9364FE27F10C2A008C1E53 /* Requests */,
				2DA04F9927DB3ED70063D952 /* GameEvents */,
				2DA04F6D27DAE61E0063D952 /* Actions */,
				2DA04F7827DAE9540063D952 /* CardCollection.swift */,
				2DA04F7D27DAE9930063D952 /* Card.swift */,
				2DA04F8227DAFF690063D952 /* GameState.swift */,
				2DA050C027DEEB180063D952 /* PlayerCollection.swift */,
				2DA04F9427DAFFC30063D952 /* Player.swift */,
				2DA050A227DE58250063D952 /* ActionDispatcher.swift */,
			);
			path = CardGameEngine;
			sourceTree = "<group>";
		};
		2DA04F6D27DAE61E0063D952 /* Actions */ = {
			isa = PBXGroup;
			children = (
				2DA04F6E27DAE6320063D952 /* Action.swift */,
				2D0081ED27EE945600F0E359 /* EndTurnAction.swift */,
			);
			path = Actions;
			sourceTree = "<group>";
		};
		2DA04F9927DB3ED70063D952 /* GameEvents */ = {
			isa = PBXGroup;
			children = (
				2DA0504127DC4B130063D952 /* AddCardToDeckEvent.swift */,
				2DA0503E27DC4B130063D952 /* AddPlayerEvent.swift */,
				2DA0504327DC4B130063D952 /* SetCurrentPlayerEvent.swift */,
				2DA0504027DC4B130063D952 /* ShuffleDeckEvent.swift */,
				2DA0505227DC4B460063D952 /* GameEvent.swift */,
				2DA0506127DC4CF50063D952 /* SetPlayerOutOfGameEvent.swift */,
				2DA0508727DC9CAB0063D952 /* SetupEvent.swift */,
				2DA0508C27DC9D100063D952 /* StartTurnEvent.swift */,
				2DA0509127DC9D4A0063D952 /* EndTurnEvent.swift */,
				4E18ED0D27E1B27300458D0A /* AdvanceNextPlayerEvent.swift */,
				2D00825027EF8FFB00F0E359 /* MoveCardDeckToDeckEvent.swift */,
			);
			path = GameEvents;
			sourceTree = "<group>";
		};
		2DA0502527DC41A40063D952 /* ExplodingKittens */ = {
			isa = PBXGroup;
			children = (
				2D00820827EE97D500F0E359 /* Cards */,
				2DA0515327E23E8C0063D952 /* GameEvents */,
				2DA050FB27DF41FD0063D952 /* ExplodingKittensCardType.swift */,
				2D007F6627E34C7000F0E359 /* ExplodingKittensConstants.swift */,
				2D00821627EE991200F0E359 /* ExplodingKittensPlayer.swift */,
			);
			path = ExplodingKittens;
			sourceTree = "<group>";
		};
		2DA0509627DC9E740063D952 /* ViewModels */ = {
			isa = PBXGroup;
			children = (
				2D00823627EF516500F0E359 /* ExplodingKittens */,
				2DA050B127DE5D760063D952 /* CardViewModel.swift */,
				4589AB1927DF3FB6005FDA07 /* PlayerHandViewModel.swift */,
				4589AB1D27E14C00005FDA07 /* DeckViewModel.swift */,
				2DA050BB27DE5ED90063D952 /* PlayerViewModel.swift */,
				4589AB1527DF2EC2005FDA07 /* AssetFetcher.swift */,
				2D00824227EF5A2700F0E359 /* GameRunnerProtocol.swift */,
			);
			path = ViewModels;
			sourceTree = "<group>";
		};
		2DA0509727DC9EA50063D952 /* Views */ = {
			isa = PBXGroup;
			children = (
				688B76A927F40708006AF1C0 /* JoinGameViews */,
				688B76A727F406BE006AF1C0 /* GameViews */,
				688B76A627F40689006AF1C0 /* HostGameViews */,
				4589AB1327DF2946005FDA07 /* MainMenuView.swift */,
				68466A9427E50AAA000387B6 /* MenuButtonsView.swift */,
			);
			path = Views;
			sourceTree = "<group>";
		};
		2DA0515327E23E8C0063D952 /* GameEvents */ = {
			isa = PBXGroup;
			children = (
				2DA0514B27E23E7A0063D952 /* DeckPositionRequestEvent.swift */,
				4E94E71F27E5B80B004ED4EF /* PlayerHandPositionRequestEvent.swift */,
				6868907D27E6199F001C4C62 /* CardTypeRequestEvent.swift */,
			);
			path = GameEvents;
			sourceTree = "<group>";
		};
		688B76A627F40689006AF1C0 /* HostGameViews */ = {
			isa = PBXGroup;
			children = (
				688B76AC27F40A93006AF1C0 /* HostGameView.swift */,
			);
			path = HostGameViews;
			sourceTree = "<group>";
		};
		688B76A727F406BE006AF1C0 /* GameViews */ = {
			isa = PBXGroup;
			children = (
				2D00816627E64C3600F0E359 /* RequestViews */,
				2DA0509D27DC9F780063D952 /* ExplodingKittensGameRunnerView.swift */,
				2DA050AC27DE5D570063D952 /* CardView.swift */,
				4589AB1B27E14AF3005FDA07 /* DeckView.swift */,
				4589AB1727DF3C5F005FDA07 /* PlayerHandView.swift */,
				2DA050B627DE5EC70063D952 /* PlayerView.swift */,
				4589AB2327E5B179005FDA07 /* PeekCardsView.swift */,
				68466A8E27E5061B000387B6 /* CurrentPlayerView.swift */,
				68466A9027E506C2000387B6 /* NonCurrentPlayerView.swift */,
				68466A9227E5076A000387B6 /* GameActionsView.swift */,
				6868907527E5F410001C4C62 /* CardPreviewView.swift */,
				2D00816A27E64C8A00F0E359 /* WinMessageView.swift */,
			);
			path = GameViews;
			sourceTree = "<group>";
		};
		688B76A927F40708006AF1C0 /* JoinGameViews */ = {
			isa = PBXGroup;
			children = (
				688B76AA27F40A7E006AF1C0 /* JoinGameView.swift */,
			);
			path = JoinGameViews;
			sourceTree = "<group>";
		};
		C1372015279839E3BFFDF289 /* Pods */ = {
			isa = PBXGroup;
			children = (
				5E26B9AD18C2EFE0525DBE16 /* Pods-CardBox.debug.xcconfig */,
				1FAAEEC580A7C2A0A6797B1E /* Pods-CardBox.release.xcconfig */,
				8DBAB5BE1220E950FA491CFF /* Pods-CardBox-CardBoxUITests.debug.xcconfig */,
				208172121A1ABB64563C7D3D /* Pods-CardBox-CardBoxUITests.release.xcconfig */,
				3B82B8DA0FD79EA1B32C0EC0 /* Pods-CardBoxTests.debug.xcconfig */,
				12073A79BE52CF1BC710C7DC /* Pods-CardBoxTests.release.xcconfig */,
			);
			path = Pods;
			sourceTree = "<group>";
		};
/* End PBXGroup section */

/* Begin PBXNativeTarget section */
		2DA04F2E27DADD500063D952 /* CardBox */ = {
			isa = PBXNativeTarget;
			buildConfigurationList = 2DA04F5427DADD520063D952 /* Build configuration list for PBXNativeTarget "CardBox" */;
			buildPhases = (
				957E5BE19CE1039C7EA1962D /* [CP] Check Pods Manifest.lock */,
				2DA04FC927DB46160063D952 /* ShellScript */,
				2DA04F2B27DADD500063D952 /* Sources */,
				2DA04F2C27DADD500063D952 /* Frameworks */,
				2DA04F2D27DADD500063D952 /* Resources */,
				EC371BE98D416631A9A073AB /* [CP] Embed Pods Frameworks */,
			);
			buildRules = (
			);
			dependencies = (
			);
			name = CardBox;
			productName = CardBox;
			productReference = 2DA04F2F27DADD500063D952 /* CardBox.app */;
			productType = "com.apple.product-type.application";
		};
		2DA04F3F27DADD520063D952 /* CardBoxTests */ = {
			isa = PBXNativeTarget;
			buildConfigurationList = 2DA04F5727DADD520063D952 /* Build configuration list for PBXNativeTarget "CardBoxTests" */;
			buildPhases = (
				80C024E7BB8390456B479CE7 /* [CP] Check Pods Manifest.lock */,
				2DA04F3C27DADD520063D952 /* Sources */,
				2DA04F3D27DADD520063D952 /* Frameworks */,
				2DA04F3E27DADD520063D952 /* Resources */,
			);
			buildRules = (
			);
			dependencies = (
				2DA04F4227DADD520063D952 /* PBXTargetDependency */,
			);
			name = CardBoxTests;
			productName = CardBoxTests;
			productReference = 2DA04F4027DADD520063D952 /* CardBoxTests.xctest */;
			productType = "com.apple.product-type.bundle.unit-test";
		};
		2DA04F4A27DADD520063D952 /* CardBoxUITests */ = {
			isa = PBXNativeTarget;
			buildConfigurationList = 2DA04F5A27DADD520063D952 /* Build configuration list for PBXNativeTarget "CardBoxUITests" */;
			buildPhases = (
				2120A2144619C7FB308ED61E /* [CP] Check Pods Manifest.lock */,
				2DA04F4727DADD520063D952 /* Sources */,
				2DA04F4827DADD520063D952 /* Frameworks */,
				2DA04F4927DADD520063D952 /* Resources */,
				D650D110EB9137408E14397E /* [CP] Embed Pods Frameworks */,
			);
			buildRules = (
			);
			dependencies = (
				2DA04F4D27DADD520063D952 /* PBXTargetDependency */,
			);
			name = CardBoxUITests;
			productName = CardBoxUITests;
			productReference = 2DA04F4B27DADD520063D952 /* CardBoxUITests.xctest */;
			productType = "com.apple.product-type.bundle.ui-testing";
		};
/* End PBXNativeTarget section */

/* Begin PBXProject section */
		2DA04F2727DADD500063D952 /* Project object */ = {
			isa = PBXProject;
			attributes = {
				LastSwiftUpdateCheck = 1240;
				LastUpgradeCheck = 1240;
				TargetAttributes = {
					2DA04F2E27DADD500063D952 = {
						CreatedOnToolsVersion = 12.4;
					};
					2DA04F3F27DADD520063D952 = {
						CreatedOnToolsVersion = 12.4;
						TestTargetID = 2DA04F2E27DADD500063D952;
					};
					2DA04F4A27DADD520063D952 = {
						CreatedOnToolsVersion = 12.4;
						TestTargetID = 2DA04F2E27DADD500063D952;
					};
				};
			};
			buildConfigurationList = 2DA04F2A27DADD500063D952 /* Build configuration list for PBXProject "CardBox" */;
			compatibilityVersion = "Xcode 9.3";
			developmentRegion = en;
			hasScannedForEncodings = 0;
			knownRegions = (
				en,
				Base,
			);
			mainGroup = 2DA04F2627DADD500063D952;
			productRefGroup = 2DA04F3027DADD500063D952 /* Products */;
			projectDirPath = "";
			projectRoot = "";
			targets = (
				2DA04F2E27DADD500063D952 /* CardBox */,
				2DA04F3F27DADD520063D952 /* CardBoxTests */,
				2DA04F4A27DADD520063D952 /* CardBoxUITests */,
			);
		};
/* End PBXProject section */

/* Begin PBXResourcesBuildPhase section */
		2DA04F2D27DADD500063D952 /* Resources */ = {
			isa = PBXResourcesBuildPhase;
			buildActionMask = 2147483647;
			files = (
				2DA04F3A27DADD520063D952 /* Preview Assets.xcassets in Resources */,
				2DA04F3727DADD520063D952 /* Assets.xcassets in Resources */,
				68EEFCF727F207AD00E1D42B /* GoogleService-Info.plist in Resources */,
			);
			runOnlyForDeploymentPostprocessing = 0;
		};
		2DA04F3E27DADD520063D952 /* Resources */ = {
			isa = PBXResourcesBuildPhase;
			buildActionMask = 2147483647;
			files = (
			);
			runOnlyForDeploymentPostprocessing = 0;
		};
		2DA04F4927DADD520063D952 /* Resources */ = {
			isa = PBXResourcesBuildPhase;
			buildActionMask = 2147483647;
			files = (
			);
			runOnlyForDeploymentPostprocessing = 0;
		};
/* End PBXResourcesBuildPhase section */

/* Begin PBXShellScriptBuildPhase section */
		2120A2144619C7FB308ED61E /* [CP] Check Pods Manifest.lock */ = {
			isa = PBXShellScriptBuildPhase;
			buildActionMask = 2147483647;
			files = (
			);
			inputFileListPaths = (
			);
			inputPaths = (
				"${PODS_PODFILE_DIR_PATH}/Podfile.lock",
				"${PODS_ROOT}/Manifest.lock",
			);
			name = "[CP] Check Pods Manifest.lock";
			outputFileListPaths = (
			);
			outputPaths = (
				"$(DERIVED_FILE_DIR)/Pods-CardBox-CardBoxUITests-checkManifestLockResult.txt",
			);
			runOnlyForDeploymentPostprocessing = 0;
			shellPath = /bin/sh;
			shellScript = "diff \"${PODS_PODFILE_DIR_PATH}/Podfile.lock\" \"${PODS_ROOT}/Manifest.lock\" > /dev/null\nif [ $? != 0 ] ; then\n    # print error to STDERR\n    echo \"error: The sandbox is not in sync with the Podfile.lock. Run 'pod install' or update your CocoaPods installation.\" >&2\n    exit 1\nfi\n# This output is used by Xcode 'outputs' to avoid re-running this script phase.\necho \"SUCCESS\" > \"${SCRIPT_OUTPUT_FILE_0}\"\n";
			showEnvVarsInLog = 0;
		};
		2DA04FC927DB46160063D952 /* ShellScript */ = {
			isa = PBXShellScriptBuildPhase;
			buildActionMask = 2147483647;
			files = (
			);
			inputFileListPaths = (
			);
			inputPaths = (
			);
			outputFileListPaths = (
			);
			outputPaths = (
			);
			runOnlyForDeploymentPostprocessing = 0;
			shellPath = /bin/sh;
			shellScript = "# Type a script or drag a script file from your workspace to insert its path.\nexport PATH=\"$PATH:/opt/homebrew/bin\"\nif which swiftlint >/dev/null; then\n  swiftlint autocorrect --config .swiftlint.yml && swiftlint --config .swiftlint.yml\nelse\n  echo \\\"warning: SwiftLint not installed, download from https://github.com/realm/SwiftLint\\\"\nfi\n";
		};
		80C024E7BB8390456B479CE7 /* [CP] Check Pods Manifest.lock */ = {
			isa = PBXShellScriptBuildPhase;
			buildActionMask = 2147483647;
			files = (
			);
			inputFileListPaths = (
			);
			inputPaths = (
				"${PODS_PODFILE_DIR_PATH}/Podfile.lock",
				"${PODS_ROOT}/Manifest.lock",
			);
			name = "[CP] Check Pods Manifest.lock";
			outputFileListPaths = (
			);
			outputPaths = (
				"$(DERIVED_FILE_DIR)/Pods-CardBoxTests-checkManifestLockResult.txt",
			);
			runOnlyForDeploymentPostprocessing = 0;
			shellPath = /bin/sh;
			shellScript = "diff \"${PODS_PODFILE_DIR_PATH}/Podfile.lock\" \"${PODS_ROOT}/Manifest.lock\" > /dev/null\nif [ $? != 0 ] ; then\n    # print error to STDERR\n    echo \"error: The sandbox is not in sync with the Podfile.lock. Run 'pod install' or update your CocoaPods installation.\" >&2\n    exit 1\nfi\n# This output is used by Xcode 'outputs' to avoid re-running this script phase.\necho \"SUCCESS\" > \"${SCRIPT_OUTPUT_FILE_0}\"\n";
			showEnvVarsInLog = 0;
		};
		957E5BE19CE1039C7EA1962D /* [CP] Check Pods Manifest.lock */ = {
			isa = PBXShellScriptBuildPhase;
			buildActionMask = 2147483647;
			files = (
			);
			inputFileListPaths = (
			);
			inputPaths = (
				"${PODS_PODFILE_DIR_PATH}/Podfile.lock",
				"${PODS_ROOT}/Manifest.lock",
			);
			name = "[CP] Check Pods Manifest.lock";
			outputFileListPaths = (
			);
			outputPaths = (
				"$(DERIVED_FILE_DIR)/Pods-CardBox-checkManifestLockResult.txt",
			);
			runOnlyForDeploymentPostprocessing = 0;
			shellPath = /bin/sh;
			shellScript = "diff \"${PODS_PODFILE_DIR_PATH}/Podfile.lock\" \"${PODS_ROOT}/Manifest.lock\" > /dev/null\nif [ $? != 0 ] ; then\n    # print error to STDERR\n    echo \"error: The sandbox is not in sync with the Podfile.lock. Run 'pod install' or update your CocoaPods installation.\" >&2\n    exit 1\nfi\n# This output is used by Xcode 'outputs' to avoid re-running this script phase.\necho \"SUCCESS\" > \"${SCRIPT_OUTPUT_FILE_0}\"\n";
			showEnvVarsInLog = 0;
		};
		D650D110EB9137408E14397E /* [CP] Embed Pods Frameworks */ = {
			isa = PBXShellScriptBuildPhase;
			buildActionMask = 2147483647;
			files = (
			);
			inputFileListPaths = (
				"${PODS_ROOT}/Target Support Files/Pods-CardBox-CardBoxUITests/Pods-CardBox-CardBoxUITests-frameworks-${CONFIGURATION}-input-files.xcfilelist",
			);
			name = "[CP] Embed Pods Frameworks";
			outputFileListPaths = (
				"${PODS_ROOT}/Target Support Files/Pods-CardBox-CardBoxUITests/Pods-CardBox-CardBoxUITests-frameworks-${CONFIGURATION}-output-files.xcfilelist",
			);
			runOnlyForDeploymentPostprocessing = 0;
			shellPath = /bin/sh;
			shellScript = "\"${PODS_ROOT}/Target Support Files/Pods-CardBox-CardBoxUITests/Pods-CardBox-CardBoxUITests-frameworks.sh\"\n";
			showEnvVarsInLog = 0;
		};
		EC371BE98D416631A9A073AB /* [CP] Embed Pods Frameworks */ = {
			isa = PBXShellScriptBuildPhase;
			buildActionMask = 2147483647;
			files = (
			);
			inputFileListPaths = (
				"${PODS_ROOT}/Target Support Files/Pods-CardBox/Pods-CardBox-frameworks-${CONFIGURATION}-input-files.xcfilelist",
			);
			name = "[CP] Embed Pods Frameworks";
			outputFileListPaths = (
				"${PODS_ROOT}/Target Support Files/Pods-CardBox/Pods-CardBox-frameworks-${CONFIGURATION}-output-files.xcfilelist",
			);
			runOnlyForDeploymentPostprocessing = 0;
			shellPath = /bin/sh;
			shellScript = "\"${PODS_ROOT}/Target Support Files/Pods-CardBox/Pods-CardBox-frameworks.sh\"\n";
			showEnvVarsInLog = 0;
		};
/* End PBXShellScriptBuildPhase section */

/* Begin PBXSourcesBuildPhase section */
		2DA04F2B27DADD500063D952 /* Sources */ = {
			isa = PBXSourcesBuildPhase;
			buildActionMask = 2147483647;
			files = (
				2DA050B727DE5EC70063D952 /* PlayerView.swift in Sources */,
				2D9364DA27EFA864008C1E53 /* SkipCard.swift in Sources */,
				688B76AD27F40A93006AF1C0 /* HostGameView.swift in Sources */,
				2DA0509227DC9D4A0063D952 /* EndTurnEvent.swift in Sources */,
				4589AB1C27E14AF3005FDA07 /* DeckView.swift in Sources */,
				4589AB1A27DF3FB6005FDA07 /* PlayerHandViewModel.swift in Sources */,
				4589AB1E27E14C00005FDA07 /* DeckViewModel.swift in Sources */,
				4589AB1627DF2EC2005FDA07 /* AssetFetcher.swift in Sources */,
				2D00821227EE98BA00F0E359 /* AttackCard.swift in Sources */,
				6868907E27E6199F001C4C62 /* CardTypeRequestEvent.swift in Sources */,
				4E18ED0E27E1B27300458D0A /* AdvanceNextPlayerEvent.swift in Sources */,
				2D0081EE27EE945600F0E359 /* EndTurnAction.swift in Sources */,
				2D93650027F10C41008C1E53 /* CardPositionRequest.swift in Sources */,
				2DA0504927DC4B130063D952 /* AddCardToDeckEvent.swift in Sources */,
				2DA04F6F27DAE6320063D952 /* Action.swift in Sources */,
				2D9364E427F010E6008C1E53 /* ExplodingKittensGameRunnerProtocol.swift in Sources */,
				4E94E72027E5B80B004ED4EF /* PlayerHandPositionRequestEvent.swift in Sources */,
				2DA0504627DC4B130063D952 /* AddPlayerEvent.swift in Sources */,
				2DA04F7E27DAE9930063D952 /* Card.swift in Sources */,
				2DA04F3527DADD500063D952 /* ContentView.swift in Sources */,
				2DA050A327DE58250063D952 /* ActionDispatcher.swift in Sources */,
				2DA050FC27DF41FD0063D952 /* ExplodingKittensCardType.swift in Sources */,
				2DA04F7927DAE9540063D952 /* CardCollection.swift in Sources */,
				2D9364F527F0205B008C1E53 /* RandomCard.swift in Sources */,
				68466A8F27E5061B000387B6 /* CurrentPlayerView.swift in Sources */,
				2D00820A27EE97EA00F0E359 /* ExplodingKittensCard.swift in Sources */,
				2D00821F27EE9CF500F0E359 /* DefuseCard.swift in Sources */,
				2D00821727EE991200F0E359 /* ExplodingKittensPlayer.swift in Sources */,
				2DA050BC27DE5ED90063D952 /* PlayerViewModel.swift in Sources */,
				2D00825127EF8FFB00F0E359 /* MoveCardDeckToDeckEvent.swift in Sources */,
				2D00824327EF5A2700F0E359 /* GameRunnerProtocol.swift in Sources */,
				2DA050AD27DE5D570063D952 /* CardView.swift in Sources */,
				68466A9527E50AAA000387B6 /* MenuButtonsView.swift in Sources */,
				2DA0508D27DC9D100063D952 /* StartTurnEvent.swift in Sources */,
				2D0081F827EE95F900F0E359 /* ExplodingKittensGameRunner.swift in Sources */,
				4589AB2427E5B179005FDA07 /* PeekCardsView.swift in Sources */,
				2DA0508827DC9CAB0063D952 /* SetupEvent.swift in Sources */,
				2DA0504B27DC4B130063D952 /* SetCurrentPlayerEvent.swift in Sources */,
				2D00822427EE9D2A00F0E359 /* SeeTheFutureCard.swift in Sources */,
				2DA04F8327DAFF690063D952 /* GameState.swift in Sources */,
				4589AB1827DF3C5F005FDA07 /* PlayerHandView.swift in Sources */,
				2DA0504827DC4B130063D952 /* ShuffleDeckEvent.swift in Sources */,
				2DA050B227DE5D760063D952 /* CardViewModel.swift in Sources */,
				2D9364FA27F02398008C1E53 /* BombCard.swift in Sources */,
				4589AB1427DF2946005FDA07 /* MainMenuView.swift in Sources */,
				2D007F6727E34C7000F0E359 /* ExplodingKittensConstants.swift in Sources */,
				68466A9127E506C2000387B6 /* NonCurrentPlayerView.swift in Sources */,
				68466A9327E5076A000387B6 /* GameActionsView.swift in Sources */,
				2DA04F3327DADD500063D952 /* CardBoxApp.swift in Sources */,
				2D9364DF27EFB04B008C1E53 /* FavorCard.swift in Sources */,
				2DA0505327DC4B460063D952 /* GameEvent.swift in Sources */,
				6868907C27E60FAF001C4C62 /* CardTypeRequestView.swift in Sources */,
				2D00822927EE9D9A00F0E359 /* ShuffleCard.swift in Sources */,
				2D007F3627E24CF700F0E359 /* PositionRequestView.swift in Sources */,
				2DA0514C27E23E7A0063D952 /* DeckPositionRequestEvent.swift in Sources */,
				2DA04F9527DAFFC30063D952 /* Player.swift in Sources */,
				2DA0509E27DC9F780063D952 /* ExplodingKittensGameRunnerView.swift in Sources */,
				2DA0506227DC4CF50063D952 /* SetPlayerOutOfGameEvent.swift in Sources */,
				2DA050C127DEEB180063D952 /* PlayerCollection.swift in Sources */,
				6868907627E5F410001C4C62 /* CardPreviewView.swift in Sources */,
				2D00816B27E64C8A00F0E359 /* WinMessageView.swift in Sources */,
				688B76AB27F40A7E006AF1C0 /* JoinGameView.swift in Sources */,
			);
			runOnlyForDeploymentPostprocessing = 0;
		};
		2DA04F3C27DADD520063D952 /* Sources */ = {
			isa = PBXSourcesBuildPhase;
			buildActionMask = 2147483647;
			files = (
				2D00815027E6253200F0E359 /* PlayerCollectionTests.swift in Sources */,
				2D00817927E6D1CA00F0E359 /* CardCollectionTests.swift in Sources */,
				2DA04F4527DADD520063D952 /* CardBoxTests.swift in Sources */,
			);
			runOnlyForDeploymentPostprocessing = 0;
		};
		2DA04F4727DADD520063D952 /* Sources */ = {
			isa = PBXSourcesBuildPhase;
			buildActionMask = 2147483647;
			files = (
				4589AB2627E61963005FDA07 /* MainMenuView_UITests.swift in Sources */,
				4589AB2827E61E79005FDA07 /* GameRunnerView_UITests.swift in Sources */,
				2DA04F5027DADD520063D952 /* CardBoxUITests.swift in Sources */,
			);
			runOnlyForDeploymentPostprocessing = 0;
		};
/* End PBXSourcesBuildPhase section */

/* Begin PBXTargetDependency section */
		2DA04F4227DADD520063D952 /* PBXTargetDependency */ = {
			isa = PBXTargetDependency;
			target = 2DA04F2E27DADD500063D952 /* CardBox */;
			targetProxy = 2DA04F4127DADD520063D952 /* PBXContainerItemProxy */;
		};
		2DA04F4D27DADD520063D952 /* PBXTargetDependency */ = {
			isa = PBXTargetDependency;
			target = 2DA04F2E27DADD500063D952 /* CardBox */;
			targetProxy = 2DA04F4C27DADD520063D952 /* PBXContainerItemProxy */;
		};
/* End PBXTargetDependency section */

/* Begin XCBuildConfiguration section */
		2DA04F5227DADD520063D952 /* Debug */ = {
			isa = XCBuildConfiguration;
			buildSettings = {
				ALWAYS_SEARCH_USER_PATHS = NO;
				CLANG_ANALYZER_NONNULL = YES;
				CLANG_ANALYZER_NUMBER_OBJECT_CONVERSION = YES_AGGRESSIVE;
				CLANG_CXX_LANGUAGE_STANDARD = "gnu++14";
				CLANG_CXX_LIBRARY = "libc++";
				CLANG_ENABLE_MODULES = YES;
				CLANG_ENABLE_OBJC_ARC = YES;
				CLANG_ENABLE_OBJC_WEAK = YES;
				CLANG_WARN_BLOCK_CAPTURE_AUTORELEASING = YES;
				CLANG_WARN_BOOL_CONVERSION = YES;
				CLANG_WARN_COMMA = YES;
				CLANG_WARN_CONSTANT_CONVERSION = YES;
				CLANG_WARN_DEPRECATED_OBJC_IMPLEMENTATIONS = YES;
				CLANG_WARN_DIRECT_OBJC_ISA_USAGE = YES_ERROR;
				CLANG_WARN_DOCUMENTATION_COMMENTS = YES;
				CLANG_WARN_EMPTY_BODY = YES;
				CLANG_WARN_ENUM_CONVERSION = YES;
				CLANG_WARN_INFINITE_RECURSION = YES;
				CLANG_WARN_INT_CONVERSION = YES;
				CLANG_WARN_NON_LITERAL_NULL_CONVERSION = YES;
				CLANG_WARN_OBJC_IMPLICIT_RETAIN_SELF = YES;
				CLANG_WARN_OBJC_LITERAL_CONVERSION = YES;
				CLANG_WARN_OBJC_ROOT_CLASS = YES_ERROR;
				CLANG_WARN_QUOTED_INCLUDE_IN_FRAMEWORK_HEADER = YES;
				CLANG_WARN_RANGE_LOOP_ANALYSIS = YES;
				CLANG_WARN_STRICT_PROTOTYPES = YES;
				CLANG_WARN_SUSPICIOUS_MOVE = YES;
				CLANG_WARN_UNGUARDED_AVAILABILITY = YES_AGGRESSIVE;
				CLANG_WARN_UNREACHABLE_CODE = YES;
				CLANG_WARN__DUPLICATE_METHOD_MATCH = YES;
				COPY_PHASE_STRIP = NO;
				DEBUG_INFORMATION_FORMAT = dwarf;
				ENABLE_STRICT_OBJC_MSGSEND = YES;
				ENABLE_TESTABILITY = YES;
				GCC_C_LANGUAGE_STANDARD = gnu11;
				GCC_DYNAMIC_NO_PIC = NO;
				GCC_NO_COMMON_BLOCKS = YES;
				GCC_OPTIMIZATION_LEVEL = 0;
				GCC_PREPROCESSOR_DEFINITIONS = (
					"DEBUG=1",
					"$(inherited)",
				);
				GCC_WARN_64_TO_32_BIT_CONVERSION = YES;
				GCC_WARN_ABOUT_RETURN_TYPE = YES_ERROR;
				GCC_WARN_UNDECLARED_SELECTOR = YES;
				GCC_WARN_UNINITIALIZED_AUTOS = YES_AGGRESSIVE;
				GCC_WARN_UNUSED_FUNCTION = YES;
				GCC_WARN_UNUSED_VARIABLE = YES;
				IPHONEOS_DEPLOYMENT_TARGET = 14.4;
				MTL_ENABLE_DEBUG_INFO = INCLUDE_SOURCE;
				MTL_FAST_MATH = YES;
				ONLY_ACTIVE_ARCH = YES;
				SDKROOT = iphoneos;
				SWIFT_ACTIVE_COMPILATION_CONDITIONS = DEBUG;
				SWIFT_OPTIMIZATION_LEVEL = "-Onone";
			};
			name = Debug;
		};
		2DA04F5327DADD520063D952 /* Release */ = {
			isa = XCBuildConfiguration;
			buildSettings = {
				ALWAYS_SEARCH_USER_PATHS = NO;
				CLANG_ANALYZER_NONNULL = YES;
				CLANG_ANALYZER_NUMBER_OBJECT_CONVERSION = YES_AGGRESSIVE;
				CLANG_CXX_LANGUAGE_STANDARD = "gnu++14";
				CLANG_CXX_LIBRARY = "libc++";
				CLANG_ENABLE_MODULES = YES;
				CLANG_ENABLE_OBJC_ARC = YES;
				CLANG_ENABLE_OBJC_WEAK = YES;
				CLANG_WARN_BLOCK_CAPTURE_AUTORELEASING = YES;
				CLANG_WARN_BOOL_CONVERSION = YES;
				CLANG_WARN_COMMA = YES;
				CLANG_WARN_CONSTANT_CONVERSION = YES;
				CLANG_WARN_DEPRECATED_OBJC_IMPLEMENTATIONS = YES;
				CLANG_WARN_DIRECT_OBJC_ISA_USAGE = YES_ERROR;
				CLANG_WARN_DOCUMENTATION_COMMENTS = YES;
				CLANG_WARN_EMPTY_BODY = YES;
				CLANG_WARN_ENUM_CONVERSION = YES;
				CLANG_WARN_INFINITE_RECURSION = YES;
				CLANG_WARN_INT_CONVERSION = YES;
				CLANG_WARN_NON_LITERAL_NULL_CONVERSION = YES;
				CLANG_WARN_OBJC_IMPLICIT_RETAIN_SELF = YES;
				CLANG_WARN_OBJC_LITERAL_CONVERSION = YES;
				CLANG_WARN_OBJC_ROOT_CLASS = YES_ERROR;
				CLANG_WARN_QUOTED_INCLUDE_IN_FRAMEWORK_HEADER = YES;
				CLANG_WARN_RANGE_LOOP_ANALYSIS = YES;
				CLANG_WARN_STRICT_PROTOTYPES = YES;
				CLANG_WARN_SUSPICIOUS_MOVE = YES;
				CLANG_WARN_UNGUARDED_AVAILABILITY = YES_AGGRESSIVE;
				CLANG_WARN_UNREACHABLE_CODE = YES;
				CLANG_WARN__DUPLICATE_METHOD_MATCH = YES;
				COPY_PHASE_STRIP = NO;
				DEBUG_INFORMATION_FORMAT = "dwarf-with-dsym";
				ENABLE_NS_ASSERTIONS = NO;
				ENABLE_STRICT_OBJC_MSGSEND = YES;
				GCC_C_LANGUAGE_STANDARD = gnu11;
				GCC_NO_COMMON_BLOCKS = YES;
				GCC_WARN_64_TO_32_BIT_CONVERSION = YES;
				GCC_WARN_ABOUT_RETURN_TYPE = YES_ERROR;
				GCC_WARN_UNDECLARED_SELECTOR = YES;
				GCC_WARN_UNINITIALIZED_AUTOS = YES_AGGRESSIVE;
				GCC_WARN_UNUSED_FUNCTION = YES;
				GCC_WARN_UNUSED_VARIABLE = YES;
				IPHONEOS_DEPLOYMENT_TARGET = 14.4;
				MTL_ENABLE_DEBUG_INFO = NO;
				MTL_FAST_MATH = YES;
				SDKROOT = iphoneos;
				SWIFT_COMPILATION_MODE = wholemodule;
				SWIFT_OPTIMIZATION_LEVEL = "-O";
				VALIDATE_PRODUCT = YES;
			};
			name = Release;
		};
		2DA04F5527DADD520063D952 /* Debug */ = {
			isa = XCBuildConfiguration;
			baseConfigurationReference = 5E26B9AD18C2EFE0525DBE16 /* Pods-CardBox.debug.xcconfig */;
			buildSettings = {
				ASSETCATALOG_COMPILER_APPICON_NAME = AppIcon;
				ASSETCATALOG_COMPILER_GLOBAL_ACCENT_COLOR_NAME = AccentColor;
				CODE_SIGN_STYLE = Automatic;
				DEVELOPMENT_ASSET_PATHS = "\"CardBox/Preview Content\"";
				DEVELOPMENT_TEAM = QQ75T3463Z;
				ENABLE_PREVIEWS = YES;
				INFOPLIST_FILE = CardBox/Info.plist;
				IPHONEOS_DEPLOYMENT_TARGET = 15.1;
				LD_RUNPATH_SEARCH_PATHS = (
					"$(inherited)",
					"@executable_path/Frameworks",
				);
				PRODUCT_BUNDLE_IDENTIFIER = cs3217.CardBox;
				PRODUCT_NAME = "$(TARGET_NAME)";
				SWIFT_VERSION = 5.0;
				TARGETED_DEVICE_FAMILY = "1,2";
			};
			name = Debug;
		};
		2DA04F5627DADD520063D952 /* Release */ = {
			isa = XCBuildConfiguration;
			baseConfigurationReference = 1FAAEEC580A7C2A0A6797B1E /* Pods-CardBox.release.xcconfig */;
			buildSettings = {
				ASSETCATALOG_COMPILER_APPICON_NAME = AppIcon;
				ASSETCATALOG_COMPILER_GLOBAL_ACCENT_COLOR_NAME = AccentColor;
				CODE_SIGN_STYLE = Automatic;
				DEVELOPMENT_ASSET_PATHS = "\"CardBox/Preview Content\"";
				DEVELOPMENT_TEAM = QQ75T3463Z;
				ENABLE_PREVIEWS = YES;
				INFOPLIST_FILE = CardBox/Info.plist;
				IPHONEOS_DEPLOYMENT_TARGET = 15.1;
				LD_RUNPATH_SEARCH_PATHS = (
					"$(inherited)",
					"@executable_path/Frameworks",
				);
				PRODUCT_BUNDLE_IDENTIFIER = cs3217.CardBox;
				PRODUCT_NAME = "$(TARGET_NAME)";
				SWIFT_VERSION = 5.0;
				TARGETED_DEVICE_FAMILY = "1,2";
			};
			name = Release;
		};
		2DA04F5827DADD520063D952 /* Debug */ = {
			isa = XCBuildConfiguration;
			baseConfigurationReference = 3B82B8DA0FD79EA1B32C0EC0 /* Pods-CardBoxTests.debug.xcconfig */;
			buildSettings = {
				ALWAYS_EMBED_SWIFT_STANDARD_LIBRARIES = YES;
				BUNDLE_LOADER = "$(TEST_HOST)";
				CODE_SIGN_STYLE = Automatic;
				INFOPLIST_FILE = CardBoxTests/Info.plist;
				IPHONEOS_DEPLOYMENT_TARGET = 14.0;
				LD_RUNPATH_SEARCH_PATHS = (
					"$(inherited)",
					"@executable_path/Frameworks",
					"@loader_path/Frameworks",
				);
				PRODUCT_BUNDLE_IDENTIFIER = cs3217.CardBoxTests;
				PRODUCT_NAME = "$(TARGET_NAME)";
				SWIFT_VERSION = 5.0;
				TARGETED_DEVICE_FAMILY = "1,2";
				TEST_HOST = "$(BUILT_PRODUCTS_DIR)/CardBox.app/CardBox";
			};
			name = Debug;
		};
		2DA04F5927DADD520063D952 /* Release */ = {
			isa = XCBuildConfiguration;
			baseConfigurationReference = 12073A79BE52CF1BC710C7DC /* Pods-CardBoxTests.release.xcconfig */;
			buildSettings = {
				ALWAYS_EMBED_SWIFT_STANDARD_LIBRARIES = YES;
				BUNDLE_LOADER = "$(TEST_HOST)";
				CODE_SIGN_STYLE = Automatic;
				INFOPLIST_FILE = CardBoxTests/Info.plist;
				IPHONEOS_DEPLOYMENT_TARGET = 14.0;
				LD_RUNPATH_SEARCH_PATHS = (
					"$(inherited)",
					"@executable_path/Frameworks",
					"@loader_path/Frameworks",
				);
				PRODUCT_BUNDLE_IDENTIFIER = cs3217.CardBoxTests;
				PRODUCT_NAME = "$(TARGET_NAME)";
				SWIFT_VERSION = 5.0;
				TARGETED_DEVICE_FAMILY = "1,2";
				TEST_HOST = "$(BUILT_PRODUCTS_DIR)/CardBox.app/CardBox";
			};
			name = Release;
		};
		2DA04F5B27DADD520063D952 /* Debug */ = {
			isa = XCBuildConfiguration;
			baseConfigurationReference = 8DBAB5BE1220E950FA491CFF /* Pods-CardBox-CardBoxUITests.debug.xcconfig */;
			buildSettings = {
				ALWAYS_EMBED_SWIFT_STANDARD_LIBRARIES = YES;
				CODE_SIGN_STYLE = Automatic;
				INFOPLIST_FILE = CardBoxUITests/Info.plist;
				LD_RUNPATH_SEARCH_PATHS = (
					"$(inherited)",
					"@executable_path/Frameworks",
					"@loader_path/Frameworks",
				);
				PRODUCT_BUNDLE_IDENTIFIER = cs3217.CardBoxUITests;
				PRODUCT_NAME = "$(TARGET_NAME)";
				SWIFT_VERSION = 5.0;
				TARGETED_DEVICE_FAMILY = "1,2";
				TEST_TARGET_NAME = CardBox;
			};
			name = Debug;
		};
		2DA04F5C27DADD520063D952 /* Release */ = {
			isa = XCBuildConfiguration;
			baseConfigurationReference = 208172121A1ABB64563C7D3D /* Pods-CardBox-CardBoxUITests.release.xcconfig */;
			buildSettings = {
				ALWAYS_EMBED_SWIFT_STANDARD_LIBRARIES = YES;
				CODE_SIGN_STYLE = Automatic;
				INFOPLIST_FILE = CardBoxUITests/Info.plist;
				LD_RUNPATH_SEARCH_PATHS = (
					"$(inherited)",
					"@executable_path/Frameworks",
					"@loader_path/Frameworks",
				);
				PRODUCT_BUNDLE_IDENTIFIER = cs3217.CardBoxUITests;
				PRODUCT_NAME = "$(TARGET_NAME)";
				SWIFT_VERSION = 5.0;
				TARGETED_DEVICE_FAMILY = "1,2";
				TEST_TARGET_NAME = CardBox;
			};
			name = Release;
		};
/* End XCBuildConfiguration section */

/* Begin XCConfigurationList section */
		2DA04F2A27DADD500063D952 /* Build configuration list for PBXProject "CardBox" */ = {
			isa = XCConfigurationList;
			buildConfigurations = (
				2DA04F5227DADD520063D952 /* Debug */,
				2DA04F5327DADD520063D952 /* Release */,
			);
			defaultConfigurationIsVisible = 0;
			defaultConfigurationName = Release;
		};
		2DA04F5427DADD520063D952 /* Build configuration list for PBXNativeTarget "CardBox" */ = {
			isa = XCConfigurationList;
			buildConfigurations = (
				2DA04F5527DADD520063D952 /* Debug */,
				2DA04F5627DADD520063D952 /* Release */,
			);
			defaultConfigurationIsVisible = 0;
			defaultConfigurationName = Release;
		};
		2DA04F5727DADD520063D952 /* Build configuration list for PBXNativeTarget "CardBoxTests" */ = {
			isa = XCConfigurationList;
			buildConfigurations = (
				2DA04F5827DADD520063D952 /* Debug */,
				2DA04F5927DADD520063D952 /* Release */,
			);
			defaultConfigurationIsVisible = 0;
			defaultConfigurationName = Release;
		};
		2DA04F5A27DADD520063D952 /* Build configuration list for PBXNativeTarget "CardBoxUITests" */ = {
			isa = XCConfigurationList;
			buildConfigurations = (
				2DA04F5B27DADD520063D952 /* Debug */,
				2DA04F5C27DADD520063D952 /* Release */,
			);
			defaultConfigurationIsVisible = 0;
			defaultConfigurationName = Release;
		};
/* End XCConfigurationList section */
	};
	rootObject = 2DA04F2727DADD500063D952 /* Project object */;
}
